{
  "version": 4,
  "terraform_version": "1.0.2",
  "serial": 367,
  "lineage": "d8be8c29-a2a2-1086-4b2f-ae15023330d9",
  "outputs": {},
  "resources": [
    {
      "mode": "managed",
      "type": "github_branch_protection",
      "name": "action-master",
      "provider": "provider[\"registry.terraform.io/integrations/github\"]",
      "instances": [
        {
          "index_key": "check-run-auto",
          "schema_version": 1,
          "attributes": {
            "allows_deletions": false,
            "allows_force_pushes": false,
            "enforce_admins": false,
            "id": "MDIwOkJyYW5jaFByb3RlY3Rpb25SdWxlMjE2NzI2MTE=",
            "pattern": "master",
            "push_restrictions": [],
            "repository_id": "check-run-auto",
            "require_signed_commits": false,
            "required_pull_request_reviews": [
              {
                "dismiss_stale_reviews": true,
                "dismissal_restrictions": [],
                "require_code_owner_reviews": true,
                "required_approving_review_count": 1,
                "restrict_dismissals": false
              }
            ],
            "required_status_checks": [
              {
                "contexts": [
                  "build"
                ],
                "strict": false
              }
            ]
          },
          "sensitive_attributes": [],
          "private": "eyJzY2hlbWFfdmVyc2lvbiI6IjEifQ==",
          "dependencies": [
            "github_repository.action"
          ]
        },
        {
          "index_key": "common-lint-reporter",
          "schema_version": 1,
          "attributes": {
            "allows_deletions": false,
            "allows_force_pushes": false,
            "enforce_admins": false,
            "id": "MDIwOkJyYW5jaFByb3RlY3Rpb25SdWxlMjE2NzI2MTA=",
            "pattern": "master",
            "push_restrictions": [],
            "repository_id": "common-lint-reporter",
            "require_signed_commits": false,
            "required_pull_request_reviews": [
              {
                "dismiss_stale_reviews": true,
                "dismissal_restrictions": [],
                "require_code_owner_reviews": true,
                "required_approving_review_count": 1,
                "restrict_dismissals": false
              }
            ],
            "required_status_checks": [
              {
                "contexts": [
                  "build"
                ],
                "strict": false
              }
            ]
          },
          "sensitive_attributes": [],
          "private": "eyJzY2hlbWFfdmVyc2lvbiI6IjEifQ==",
          "dependencies": [
            "github_repository.action"
          ]
        },
        {
          "index_key": "hidable-comment-action",
          "schema_version": 1,
          "attributes": {
            "allows_deletions": false,
            "allows_force_pushes": false,
            "enforce_admins": false,
            "id": "MDIwOkJyYW5jaFByb3RlY3Rpb25SdWxlMjE2NzI2MDk=",
            "pattern": "master",
            "push_restrictions": [],
            "repository_id": "hidable-comment-action",
            "require_signed_commits": false,
            "required_pull_request_reviews": [
              {
                "dismiss_stale_reviews": true,
                "dismissal_restrictions": [],
                "require_code_owner_reviews": true,
                "required_approving_review_count": 1,
                "restrict_dismissals": false
              }
            ],
            "required_status_checks": [
              {
                "contexts": [
                  "build"
                ],
                "strict": false
              }
            ]
          },
          "sensitive_attributes": [],
          "private": "eyJzY2hlbWFfdmVyc2lvbiI6IjEifQ==",
          "dependencies": [
            "github_repository.action"
          ]
        },
        {
          "index_key": "regex-match",
          "schema_version": 1,
          "attributes": {
            "allows_deletions": false,
            "allows_force_pushes": false,
            "enforce_admins": false,
            "id": "MDIwOkJyYW5jaFByb3RlY3Rpb25SdWxlMjE2NzI1NTM=",
            "pattern": "master",
            "push_restrictions": [],
            "repository_id": "regex-match",
            "require_signed_commits": false,
            "required_pull_request_reviews": [
              {
                "dismiss_stale_reviews": true,
                "dismissal_restrictions": [],
                "require_code_owner_reviews": true,
                "required_approving_review_count": 1,
                "restrict_dismissals": false
              }
            ],
            "required_status_checks": [
              {
                "contexts": [
                  "build"
                ],
                "strict": false
              }
            ]
          },
          "sensitive_attributes": [],
          "private": "eyJzY2hlbWFfdmVyc2lvbiI6IjEifQ==",
          "dependencies": [
            "github_repository.action"
          ]
        }
      ]
    },
    {
      "mode": "managed",
      "type": "github_branch_protection",
      "name": "action-template_master",
      "provider": "provider[\"registry.terraform.io/integrations/github\"]",
      "instances": [
        {
          "schema_version": 1,
          "attributes": {
            "allows_deletions": false,
            "allows_force_pushes": false,
            "enforce_admins": false,
            "id": "MDIwOkJyYW5jaFByb3RlY3Rpb25SdWxlMjE1MzM2NDA=",
            "pattern": "master",
            "push_restrictions": [],
            "repository_id": "action-template",
            "require_signed_commits": false,
            "required_pull_request_reviews": [
              {
                "dismiss_stale_reviews": true,
                "dismissal_restrictions": [],
                "require_code_owner_reviews": true,
                "required_approving_review_count": 1,
                "restrict_dismissals": false
              }
            ],
            "required_status_checks": [
              {
                "contexts": [
                  "build"
                ],
                "strict": false
              }
            ]
          },
          "sensitive_attributes": [],
          "private": "eyJzY2hlbWFfdmVyc2lvbiI6IjEifQ=="
        }
      ]
    },
    {
      "mode": "managed",
      "type": "github_branch_protection",
      "name": "action-v",
      "provider": "provider[\"registry.terraform.io/integrations/github\"]",
      "instances": [
        {
          "index_key": "check-run-auto",
          "schema_version": 1,
          "attributes": {
            "allows_deletions": false,
            "allows_force_pushes": false,
            "enforce_admins": false,
            "id": "MDIwOkJyYW5jaFByb3RlY3Rpb25SdWxlMjE2NzI2MDY=",
            "pattern": "v*",
            "push_restrictions": [],
            "repository_id": "check-run-auto",
            "require_signed_commits": false,
            "required_pull_request_reviews": [],
            "required_status_checks": []
          },
          "sensitive_attributes": [],
          "private": "eyJzY2hlbWFfdmVyc2lvbiI6IjEifQ==",
          "dependencies": [
            "github_repository.action"
          ]
        },
        {
          "index_key": "common-lint-reporter",
          "schema_version": 1,
          "attributes": {
            "allows_deletions": false,
            "allows_force_pushes": false,
            "enforce_admins": false,
            "id": "MDIwOkJyYW5jaFByb3RlY3Rpb25SdWxlMjE2NzI2MDg=",
            "pattern": "v*",
            "push_restrictions": [],
            "repository_id": "common-lint-reporter",
            "require_signed_commits": false,
            "required_pull_request_reviews": [],
            "required_status_checks": []
          },
          "sensitive_attributes": [],
          "private": "eyJzY2hlbWFfdmVyc2lvbiI6IjEifQ==",
          "dependencies": [
            "github_repository.action"
          ]
        },
        {
          "index_key": "hidable-comment-action",
          "schema_version": 1,
          "attributes": {
            "allows_deletions": false,
            "allows_force_pushes": false,
            "enforce_admins": false,
            "id": "MDIwOkJyYW5jaFByb3RlY3Rpb25SdWxlMjE2NzI2MDM=",
            "pattern": "v*",
            "push_restrictions": [],
            "repository_id": "hidable-comment-action",
            "require_signed_commits": false,
            "required_pull_request_reviews": [],
            "required_status_checks": []
          },
          "sensitive_attributes": [],
          "private": "eyJzY2hlbWFfdmVyc2lvbiI6IjEifQ==",
          "dependencies": [
            "github_repository.action"
          ]
        },
        {
          "index_key": "regex-match",
          "schema_version": 1,
          "attributes": {
            "allows_deletions": false,
            "allows_force_pushes": false,
            "enforce_admins": false,
            "id": "MDIwOkJyYW5jaFByb3RlY3Rpb25SdWxlMjE2NzI1NTI=",
            "pattern": "v*",
            "push_restrictions": [],
            "repository_id": "regex-match",
            "require_signed_commits": false,
            "required_pull_request_reviews": [],
            "required_status_checks": []
          },
          "sensitive_attributes": [],
          "private": "eyJzY2hlbWFfdmVyc2lvbiI6IjEifQ==",
          "dependencies": [
            "github_repository.action"
          ]
        }
      ]
    },
    {
      "mode": "managed",
      "type": "github_branch_protection",
      "name": "old-action-master",
      "provider": "provider[\"registry.terraform.io/integrations/github\"]",
      "instances": [
        {
          "index_key": "android-lint-statistics",
          "schema_version": 1,
          "attributes": {
            "allows_deletions": false,
            "allows_force_pushes": false,
            "enforce_admins": false,
            "id": "MDIwOkJyYW5jaFByb3RlY3Rpb25SdWxlMjE2NzIzMjQ=",
            "pattern": "master",
            "push_restrictions": [],
            "repository_id": "android-lint-statistics",
            "require_signed_commits": false,
            "required_pull_request_reviews": [
              {
                "dismiss_stale_reviews": true,
                "dismissal_restrictions": [],
                "require_code_owner_reviews": true,
                "required_approving_review_count": 1,
                "restrict_dismissals": false
              }
            ],
            "required_status_checks": [
              {
                "contexts": [
                  "build"
                ],
                "strict": false
              }
            ]
          },
          "sensitive_attributes": [],
          "private": "eyJzY2hlbWFfdmVyc2lvbiI6IjEifQ=="
        },
        {
          "index_key": "bump-release-action",
          "schema_version": 1,
          "attributes": {
            "allows_deletions": false,
            "allows_force_pushes": false,
            "enforce_admins": false,
            "id": "MDIwOkJyYW5jaFByb3RlY3Rpb25SdWxlMjE2NzIzNTA=",
            "pattern": "master",
            "push_restrictions": [],
            "repository_id": "bump-release-action",
            "require_signed_commits": false,
            "required_pull_request_reviews": [
              {
                "dismiss_stale_reviews": true,
                "dismissal_restrictions": [],
                "require_code_owner_reviews": true,
                "required_approving_review_count": 1,
                "restrict_dismissals": false
              }
            ],
            "required_status_checks": [
              {
                "contexts": [
                  "build"
                ],
                "strict": false
              }
            ]
          },
          "sensitive_attributes": [],
          "private": "eyJzY2hlbWFfdmVyc2lvbiI6IjEifQ=="
        },
        {
          "index_key": "carthage-update-check-action",
          "schema_version": 1,
          "attributes": {
            "allows_deletions": false,
            "allows_force_pushes": false,
            "enforce_admins": false,
            "id": "MDIwOkJyYW5jaFByb3RlY3Rpb25SdWxlMjE2NzI0NTQ=",
            "pattern": "master",
            "push_restrictions": [],
            "repository_id": "carthage-update-check-action",
            "require_signed_commits": false,
            "required_pull_request_reviews": [
              {
                "dismiss_stale_reviews": true,
                "dismissal_restrictions": [],
                "require_code_owner_reviews": true,
                "required_approving_review_count": 1,
                "restrict_dismissals": false
              }
            ],
            "required_status_checks": [
              {
                "contexts": [
                  "build"
                ],
                "strict": false
              }
            ]
          },
          "sensitive_attributes": [],
          "private": "eyJzY2hlbWFfdmVyc2lvbiI6IjEifQ=="
        },
        {
          "index_key": "cocoapods-update-check-action",
          "schema_version": 1,
          "attributes": {
            "allows_deletions": false,
            "allows_force_pushes": false,
            "enforce_admins": false,
            "id": "MDIwOkJyYW5jaFByb3RlY3Rpb25SdWxlMjE2NzI0NTU=",
            "pattern": "master",
            "push_restrictions": [],
            "repository_id": "cocoapods-update-check-action",
            "require_signed_commits": false,
            "required_pull_request_reviews": [
              {
                "dismiss_stale_reviews": true,
                "dismissal_restrictions": [],
                "require_code_owner_reviews": true,
                "required_approving_review_count": 1,
                "restrict_dismissals": false
              }
            ],
            "required_status_checks": [
              {
                "contexts": [
                  "build"
                ],
                "strict": false
              }
            ]
          },
          "sensitive_attributes": [],
          "private": "eyJzY2hlbWFfdmVyc2lvbiI6IjEifQ=="
        },
        {
          "index_key": "danger-action",
          "schema_version": 1,
          "attributes": {
            "allows_deletions": false,
            "allows_force_pushes": false,
            "enforce_admins": false,
            "id": "MDIwOkJyYW5jaFByb3RlY3Rpb25SdWxlMjE2NzIyNzY=",
            "pattern": "master",
            "push_restrictions": [],
            "repository_id": "danger-action",
            "require_signed_commits": false,
            "required_pull_request_reviews": [
              {
                "dismiss_stale_reviews": true,
                "dismissal_restrictions": [],
                "require_code_owner_reviews": true,
                "required_approving_review_count": 1,
                "restrict_dismissals": false
              }
            ],
            "required_status_checks": [
              {
                "contexts": [
                  "build"
                ],
                "strict": false
              }
            ]
          },
          "sensitive_attributes": [],
          "private": "eyJzY2hlbWFfdmVyc2lvbiI6IjEifQ=="
        },
        {
          "index_key": "detekt-statistics",
          "schema_version": 1,
          "attributes": {
            "allows_deletions": false,
            "allows_force_pushes": false,
            "enforce_admins": false,
            "id": "MDIwOkJyYW5jaFByb3RlY3Rpb25SdWxlMjE2NzIzMzM=",
            "pattern": "master",
            "push_restrictions": [],
            "repository_id": "detekt-statistics",
            "require_signed_commits": false,
            "required_pull_request_reviews": [
              {
                "dismiss_stale_reviews": true,
                "dismissal_restrictions": [],
                "require_code_owner_reviews": true,
                "required_approving_review_count": 1,
                "restrict_dismissals": false
              }
            ],
            "required_status_checks": [
              {
                "contexts": [
                  "build"
                ],
                "strict": false
              }
            ]
          },
          "sensitive_attributes": [],
          "private": "eyJzY2hlbWFfdmVyc2lvbiI6IjEifQ=="
        },
        {
          "index_key": "gradle-update-check-action",
          "schema_version": 1,
          "attributes": {
            "allows_deletions": false,
            "allows_force_pushes": false,
            "enforce_admins": false,
            "id": "MDIwOkJyYW5jaFByb3RlY3Rpb25SdWxlMjE2NzI0NjA=",
            "pattern": "master",
            "push_restrictions": [],
            "repository_id": "gradle-update-check-action",
            "require_signed_commits": false,
            "required_pull_request_reviews": [
              {
                "dismiss_stale_reviews": true,
                "dismissal_restrictions": [],
                "require_code_owner_reviews": true,
                "required_approving_review_count": 1,
                "restrict_dismissals": false
              }
            ],
            "required_status_checks": [
              {
                "contexts": [
                  "build"
                ],
                "strict": false
              }
            ]
          },
          "sensitive_attributes": [],
          "private": "eyJzY2hlbWFfdmVyc2lvbiI6IjEifQ=="
        },
        {
          "index_key": "npm-update-check-action",
          "schema_version": 1,
          "attributes": {
            "allows_deletions": false,
            "allows_force_pushes": false,
            "enforce_admins": false,
            "id": "MDIwOkJyYW5jaFByb3RlY3Rpb25SdWxlMjE2NzI0NDk=",
            "pattern": "master",
            "push_restrictions": [],
            "repository_id": "npm-update-check-action",
            "require_signed_commits": false,
            "required_pull_request_reviews": [
              {
                "dismiss_stale_reviews": true,
                "dismissal_restrictions": [],
                "require_code_owner_reviews": true,
                "required_approving_review_count": 1,
                "restrict_dismissals": false
              }
            ],
            "required_status_checks": [
              {
                "contexts": [
                  "build"
                ],
                "strict": false
              }
            ]
          },
          "sensitive_attributes": [],
          "private": "eyJzY2hlbWFfdmVyc2lvbiI6IjEifQ=="
        },
        {
          "index_key": "nuget-update-check-action",
          "schema_version": 1,
          "attributes": {
            "allows_deletions": false,
            "allows_force_pushes": false,
            "enforce_admins": false,
            "id": "MDIwOkJyYW5jaFByb3RlY3Rpb25SdWxlMjE2NzI0NTI=",
            "pattern": "master",
            "push_restrictions": [],
            "repository_id": "nuget-update-check-action",
            "require_signed_commits": false,
            "required_pull_request_reviews": [
              {
                "dismiss_stale_reviews": true,
                "dismissal_restrictions": [],
                "require_code_owner_reviews": true,
                "required_approving_review_count": 1,
                "restrict_dismissals": false
              }
            ],
            "required_status_checks": [
              {
                "contexts": [
                  "build"
                ],
                "strict": false
              }
            ]
          },
          "sensitive_attributes": [],
          "private": "eyJzY2hlbWFfdmVyc2lvbiI6IjEifQ=="
        },
        {
          "index_key": "setup-crystal-action",
          "schema_version": 1,
          "attributes": {
            "allows_deletions": false,
            "allows_force_pushes": false,
            "enforce_admins": false,
            "id": "MDIwOkJyYW5jaFByb3RlY3Rpb25SdWxlMjE2NzIyNDA=",
            "pattern": "master",
            "push_restrictions": [],
            "repository_id": "setup-crystal-action",
            "require_signed_commits": false,
            "required_pull_request_reviews": [
              {
                "dismiss_stale_reviews": true,
                "dismissal_restrictions": [],
                "require_code_owner_reviews": true,
                "required_approving_review_count": 1,
                "restrict_dismissals": false
              }
            ],
            "required_status_checks": [
              {
                "contexts": [
                  "build"
                ],
                "strict": false
              }
            ]
          },
          "sensitive_attributes": [],
          "private": "eyJzY2hlbWFfdmVyc2lvbiI6IjEifQ=="
        },
        {
          "index_key": "slack-upload-file",
          "schema_version": 1,
          "attributes": {
            "allows_deletions": false,
            "allows_force_pushes": false,
            "enforce_admins": false,
            "id": "MDIwOkJyYW5jaFByb3RlY3Rpb25SdWxlMjE2NzIyOTc=",
            "pattern": "master",
            "push_restrictions": [],
            "repository_id": "slack-upload-file",
            "require_signed_commits": false,
            "required_pull_request_reviews": [
              {
                "dismiss_stale_reviews": true,
                "dismissal_restrictions": [],
                "require_code_owner_reviews": true,
                "required_approving_review_count": 1,
                "restrict_dismissals": false
              }
            ],
            "required_status_checks": [
              {
                "contexts": [
                  "build"
                ],
                "strict": false
              }
            ]
          },
          "sensitive_attributes": [],
          "private": "eyJzY2hlbWFfdmVyc2lvbiI6IjEifQ=="
        },
        {
          "index_key": "swiftpm-update-check-action",
          "schema_version": 1,
          "attributes": {
            "allows_deletions": false,
            "allows_force_pushes": false,
            "enforce_admins": false,
            "id": "MDIwOkJyYW5jaFByb3RlY3Rpb25SdWxlMjE2NzI0NTY=",
            "pattern": "master",
            "push_restrictions": [],
            "repository_id": "swiftpm-update-check-action",
            "require_signed_commits": false,
            "required_pull_request_reviews": [
              {
                "dismiss_stale_reviews": true,
                "dismissal_restrictions": [],
                "require_code_owner_reviews": true,
                "required_approving_review_count": 1,
                "restrict_dismissals": false
              }
            ],
            "required_status_checks": [
              {
                "contexts": [
                  "build"
                ],
                "strict": false
              }
            ]
          },
          "sensitive_attributes": [],
          "private": "eyJzY2hlbWFfdmVyc2lvbiI6IjEifQ=="
        },
        {
          "index_key": "test-command-action",
          "schema_version": 1,
          "attributes": {
            "allows_deletions": false,
            "allows_force_pushes": false,
            "enforce_admins": false,
            "id": "MDIwOkJyYW5jaFByb3RlY3Rpb25SdWxlMjE2NzI0ODA=",
            "pattern": "master",
            "push_restrictions": [],
            "repository_id": "test-command-action",
            "require_signed_commits": false,
            "required_pull_request_reviews": [
              {
                "dismiss_stale_reviews": true,
                "dismissal_restrictions": [],
                "require_code_owner_reviews": true,
                "required_approving_review_count": 1,
                "restrict_dismissals": false
              }
            ],
            "required_status_checks": [
              {
                "contexts": [
                  "build"
                ],
                "strict": false
              }
            ]
          },
          "sensitive_attributes": [],
          "private": "eyJzY2hlbWFfdmVyc2lvbiI6IjEifQ=="
        }
      ]
    },
    {
      "mode": "managed",
      "type": "github_branch_protection",
      "name": "old-action-v",
      "provider": "provider[\"registry.terraform.io/integrations/github\"]",
      "instances": [
        {
          "index_key": "android-lint-statistics",
          "schema_version": 1,
          "attributes": {
            "allows_deletions": false,
            "allows_force_pushes": false,
            "enforce_admins": false,
            "id": "MDIwOkJyYW5jaFByb3RlY3Rpb25SdWxlMjE2NzIzMjM=",
            "pattern": "v*",
            "push_restrictions": [],
            "repository_id": "android-lint-statistics",
            "require_signed_commits": false,
            "required_pull_request_reviews": [],
            "required_status_checks": []
          },
          "sensitive_attributes": [],
          "private": "eyJzY2hlbWFfdmVyc2lvbiI6IjEifQ=="
        },
        {
          "index_key": "bump-release-action",
          "schema_version": 1,
          "attributes": {
            "allows_deletions": false,
            "allows_force_pushes": false,
            "enforce_admins": false,
            "id": "MDIwOkJyYW5jaFByb3RlY3Rpb25SdWxlMjE2NzIzNDk=",
            "pattern": "v*",
            "push_restrictions": [],
            "repository_id": "bump-release-action",
            "require_signed_commits": false,
            "required_pull_request_reviews": [],
            "required_status_checks": []
          },
          "sensitive_attributes": [],
          "private": "eyJzY2hlbWFfdmVyc2lvbiI6IjEifQ=="
        },
        {
          "index_key": "carthage-update-check-action",
          "schema_version": 1,
          "attributes": {
            "allows_deletions": false,
            "allows_force_pushes": false,
            "enforce_admins": false,
            "id": "MDIwOkJyYW5jaFByb3RlY3Rpb25SdWxlMjE2NzI0NTA=",
            "pattern": "v*",
            "push_restrictions": [],
            "repository_id": "carthage-update-check-action",
            "require_signed_commits": false,
            "required_pull_request_reviews": [],
            "required_status_checks": []
          },
          "sensitive_attributes": [],
          "private": "eyJzY2hlbWFfdmVyc2lvbiI6IjEifQ=="
        },
        {
          "index_key": "cocoapods-update-check-action",
          "schema_version": 1,
          "attributes": {
            "allows_deletions": false,
            "allows_force_pushes": false,
            "enforce_admins": false,
            "id": "MDIwOkJyYW5jaFByb3RlY3Rpb25SdWxlMjE2NzI0NTE=",
            "pattern": "v*",
            "push_restrictions": [],
            "repository_id": "cocoapods-update-check-action",
            "require_signed_commits": false,
            "required_pull_request_reviews": [],
            "required_status_checks": []
          },
          "sensitive_attributes": [],
          "private": "eyJzY2hlbWFfdmVyc2lvbiI6IjEifQ=="
        },
        {
          "index_key": "danger-action",
          "schema_version": 1,
          "attributes": {
            "allows_deletions": false,
            "allows_force_pushes": false,
            "enforce_admins": false,
            "id": "MDIwOkJyYW5jaFByb3RlY3Rpb25SdWxlMjE2NzIyNzU=",
            "pattern": "v*",
            "push_restrictions": [],
            "repository_id": "danger-action",
            "require_signed_commits": false,
            "required_pull_request_reviews": [],
            "required_status_checks": []
          },
          "sensitive_attributes": [],
          "private": "eyJzY2hlbWFfdmVyc2lvbiI6IjEifQ=="
        },
        {
          "index_key": "detekt-statistics",
          "schema_version": 1,
          "attributes": {
            "allows_deletions": false,
            "allows_force_pushes": false,
            "enforce_admins": false,
            "id": "MDIwOkJyYW5jaFByb3RlY3Rpb25SdWxlMjE2NzIzMzI=",
            "pattern": "v*",
            "push_restrictions": [],
            "repository_id": "detekt-statistics",
            "require_signed_commits": false,
            "required_pull_request_reviews": [],
            "required_status_checks": []
          },
          "sensitive_attributes": [],
          "private": "eyJzY2hlbWFfdmVyc2lvbiI6IjEifQ=="
        },
        {
          "index_key": "gradle-update-check-action",
          "schema_version": 1,
          "attributes": {
            "allows_deletions": false,
            "allows_force_pushes": false,
            "enforce_admins": false,
            "id": "MDIwOkJyYW5jaFByb3RlY3Rpb25SdWxlMjE2NzI0NDc=",
            "pattern": "v*",
            "push_restrictions": [],
            "repository_id": "gradle-update-check-action",
            "require_signed_commits": false,
            "required_pull_request_reviews": [],
            "required_status_checks": []
          },
          "sensitive_attributes": [],
          "private": "eyJzY2hlbWFfdmVyc2lvbiI6IjEifQ=="
        },
        {
          "index_key": "npm-update-check-action",
          "schema_version": 1,
          "attributes": {
            "allows_deletions": false,
            "allows_force_pushes": false,
            "enforce_admins": false,
            "id": "MDIwOkJyYW5jaFByb3RlY3Rpb25SdWxlMjE2NzI0NDg=",
            "pattern": "v*",
            "push_restrictions": [],
            "repository_id": "npm-update-check-action",
            "require_signed_commits": false,
            "required_pull_request_reviews": [],
            "required_status_checks": []
          },
          "sensitive_attributes": [],
          "private": "eyJzY2hlbWFfdmVyc2lvbiI6IjEifQ=="
        },
        {
          "index_key": "nuget-update-check-action",
          "schema_version": 1,
          "attributes": {
            "allows_deletions": false,
            "allows_force_pushes": false,
            "enforce_admins": false,
            "id": "MDIwOkJyYW5jaFByb3RlY3Rpb25SdWxlMjE2NzI0NTM=",
            "pattern": "v*",
            "push_restrictions": [],
            "repository_id": "nuget-update-check-action",
            "require_signed_commits": false,
            "required_pull_request_reviews": [],
            "required_status_checks": []
          },
          "sensitive_attributes": [],
          "private": "eyJzY2hlbWFfdmVyc2lvbiI6IjEifQ=="
        },
        {
          "index_key": "setup-crystal-action",
          "schema_version": 1,
          "attributes": {
            "allows_deletions": false,
            "allows_force_pushes": false,
            "enforce_admins": false,
            "id": "MDIwOkJyYW5jaFByb3RlY3Rpb25SdWxlMjE2NzIyNDE=",
            "pattern": "v*",
            "push_restrictions": [],
            "repository_id": "setup-crystal-action",
            "require_signed_commits": false,
            "required_pull_request_reviews": [],
            "required_status_checks": []
          },
          "sensitive_attributes": [],
          "private": "eyJzY2hlbWFfdmVyc2lvbiI6IjEifQ=="
        },
        {
          "index_key": "slack-upload-file",
          "schema_version": 1,
          "attributes": {
            "allows_deletions": false,
            "allows_force_pushes": false,
            "enforce_admins": false,
            "id": "MDIwOkJyYW5jaFByb3RlY3Rpb25SdWxlMjE2NzIyOTY=",
            "pattern": "v*",
            "push_restrictions": [],
            "repository_id": "slack-upload-file",
            "require_signed_commits": false,
            "required_pull_request_reviews": [],
            "required_status_checks": []
          },
          "sensitive_attributes": [],
          "private": "eyJzY2hlbWFfdmVyc2lvbiI6IjEifQ=="
        },
        {
          "index_key": "swiftpm-update-check-action",
          "schema_version": 1,
          "attributes": {
            "allows_deletions": false,
            "allows_force_pushes": false,
            "enforce_admins": false,
            "id": "MDIwOkJyYW5jaFByb3RlY3Rpb25SdWxlMjE2NzI0NTk=",
            "pattern": "v*",
            "push_restrictions": [],
            "repository_id": "swiftpm-update-check-action",
            "require_signed_commits": false,
            "required_pull_request_reviews": [],
            "required_status_checks": []
          },
          "sensitive_attributes": [],
          "private": "eyJzY2hlbWFfdmVyc2lvbiI6IjEifQ=="
        },
        {
          "index_key": "test-command-action",
          "schema_version": 1,
          "attributes": {
            "allows_deletions": false,
            "allows_force_pushes": false,
            "enforce_admins": false,
            "id": "MDIwOkJyYW5jaFByb3RlY3Rpb25SdWxlMjE2NzI0Nzg=",
            "pattern": "v*",
            "push_restrictions": [],
            "repository_id": "test-command-action",
            "require_signed_commits": false,
            "required_pull_request_reviews": [],
            "required_status_checks": []
          },
          "sensitive_attributes": [],
          "private": "eyJzY2hlbWFfdmVyc2lvbiI6IjEifQ=="
        }
      ]
    },
    {
      "mode": "managed",
      "type": "github_issue_label",
      "name": "action-Action",
      "provider": "provider[\"registry.terraform.io/integrations/github\"]",
      "instances": [
        {
          "index_key": "check-run-auto",
          "schema_version": 0,
          "attributes": {
            "color": "92efb4",
            "description": "",
            "etag": "W/\"2d912807f0d780dc214ab7b828ec895428ad39a2219e2fffd5740a08e1389f22\"",
            "id": "check-run-auto:Action",
            "name": "Action",
            "repository": "check-run-auto",
            "url": "https://api.github.com/repos/MeilCli/check-run-auto/labels/Action"
          },
          "sensitive_attributes": [],
          "private": "eyJzY2hlbWFfdmVyc2lvbiI6IjAifQ==",
          "dependencies": [
            "github_repository.action"
          ]
        },
        {
          "index_key": "common-lint-reporter",
          "schema_version": 0,
          "attributes": {
            "color": "92efb4",
            "description": "",
            "etag": "W/\"2c0bb7d953ad823b546846ba189d6caeeb5a96a422bf995b3329e5df7d8192a9\"",
            "id": "common-lint-reporter:Action",
            "name": "Action",
            "repository": "common-lint-reporter",
            "url": "https://api.github.com/repos/MeilCli/common-lint-reporter/labels/Action"
          },
          "sensitive_attributes": [],
          "private": "eyJzY2hlbWFfdmVyc2lvbiI6IjAifQ==",
          "dependencies": [
            "github_repository.action"
          ]
        },
        {
          "index_key": "hidable-comment-action",
          "schema_version": 0,
          "attributes": {
            "color": "92efb4",
            "description": "",
            "etag": "W/\"2a7c4f0f57bba66d77be1237be622e8cc53e07842a03b6cd0330341c60701ee8\"",
            "id": "hidable-comment-action:Action",
            "name": "Action",
            "repository": "hidable-comment-action",
            "url": "https://api.github.com/repos/MeilCli/hidable-comment-action/labels/Action"
          },
          "sensitive_attributes": [],
          "private": "eyJzY2hlbWFfdmVyc2lvbiI6IjAifQ==",
          "dependencies": [
            "github_repository.action"
          ]
        },
        {
          "index_key": "regex-match",
          "schema_version": 0,
          "attributes": {
            "color": "92efb4",
            "description": "",
            "etag": "W/\"e30732093b22a01fbc611a52d936b30ebc6ff1cd3a06fb16dfbd660c83773ab2\"",
            "id": "regex-match:Action",
            "name": "Action",
            "repository": "regex-match",
            "url": "https://api.github.com/repos/MeilCli/regex-match/labels/Action"
          },
          "sensitive_attributes": [],
          "private": "eyJzY2hlbWFfdmVyc2lvbiI6IjAifQ==",
          "dependencies": [
            "github_repository.action"
          ]
        }
      ]
    },
    {
      "mode": "managed",
      "type": "github_issue_label",
      "name": "action-BreakingChange",
      "provider": "provider[\"registry.terraform.io/integrations/github\"]",
      "instances": [
        {
          "index_key": "check-run-auto",
          "schema_version": 0,
          "attributes": {
            "color": "db3b4d",
            "description": "",
            "etag": "W/\"c910dd1ea18cea5709f5365fd19e6e4827beb4fe3aba0927c9ecf08801eae3ec\"",
            "id": "check-run-auto:BreakingChange",
            "name": "BreakingChange",
            "repository": "check-run-auto",
            "url": "https://api.github.com/repos/MeilCli/check-run-auto/labels/BreakingChange"
          },
          "sensitive_attributes": [],
          "private": "eyJzY2hlbWFfdmVyc2lvbiI6IjAifQ==",
          "dependencies": [
            "github_repository.action"
          ]
        },
        {
          "index_key": "common-lint-reporter",
          "schema_version": 0,
          "attributes": {
            "color": "db3b4d",
            "description": "",
            "etag": "W/\"9097cab1e14b11b21550e23120960f27e80728aec96409e4ee56a55429d3779b\"",
            "id": "common-lint-reporter:BreakingChange",
            "name": "BreakingChange",
            "repository": "common-lint-reporter",
            "url": "https://api.github.com/repos/MeilCli/common-lint-reporter/labels/BreakingChange"
          },
          "sensitive_attributes": [],
          "private": "eyJzY2hlbWFfdmVyc2lvbiI6IjAifQ==",
          "dependencies": [
            "github_repository.action"
          ]
        },
        {
          "index_key": "hidable-comment-action",
          "schema_version": 0,
          "attributes": {
            "color": "db3b4d",
            "description": "",
            "etag": "W/\"f16d768a04e66299c42f81dc24542d02d3a0157d815ac1d6b76cca73861a1723\"",
            "id": "hidable-comment-action:BreakingChange",
            "name": "BreakingChange",
            "repository": "hidable-comment-action",
            "url": "https://api.github.com/repos/MeilCli/hidable-comment-action/labels/BreakingChange"
          },
          "sensitive_attributes": [],
          "private": "eyJzY2hlbWFfdmVyc2lvbiI6IjAifQ==",
          "dependencies": [
            "github_repository.action"
          ]
        },
        {
          "index_key": "regex-match",
          "schema_version": 0,
          "attributes": {
            "color": "db3b4d",
            "description": "",
            "etag": "W/\"7bf1e14c16cc302299ee4b3da9986f2b32bdc0debaebd15570dc89cfe619cea8\"",
            "id": "regex-match:BreakingChange",
            "name": "BreakingChange",
            "repository": "regex-match",
            "url": "https://api.github.com/repos/MeilCli/regex-match/labels/BreakingChange"
          },
          "sensitive_attributes": [],
          "private": "eyJzY2hlbWFfdmVyc2lvbiI6IjAifQ==",
          "dependencies": [
            "github_repository.action"
          ]
        }
      ]
    },
    {
      "mode": "managed",
      "type": "github_issue_label",
      "name": "action-Bug",
      "provider": "provider[\"registry.terraform.io/integrations/github\"]",
      "instances": [
        {
          "index_key": "check-run-auto",
          "schema_version": 0,
          "attributes": {
            "color": "d73a4a",
            "description": "Something isn't working",
            "etag": "W/\"b5559ed1d3ece39c68f85ff191bda07fead647cac167be42f981ec9a26a65d72\"",
            "id": "check-run-auto:Bug",
            "name": "Bug",
            "repository": "check-run-auto",
            "url": "https://api.github.com/repos/MeilCli/check-run-auto/labels/Bug"
          },
          "sensitive_attributes": [],
          "private": "eyJzY2hlbWFfdmVyc2lvbiI6IjAifQ==",
          "dependencies": [
            "github_repository.action"
          ]
        },
        {
          "index_key": "common-lint-reporter",
          "schema_version": 0,
          "attributes": {
            "color": "d73a4a",
            "description": "Something isn't working",
            "etag": "W/\"3416da267b6fd8a6ad7d4a32de32921876c64c55e154639f84e69600e4ddc1df\"",
            "id": "common-lint-reporter:Bug",
            "name": "Bug",
            "repository": "common-lint-reporter",
            "url": "https://api.github.com/repos/MeilCli/common-lint-reporter/labels/Bug"
          },
          "sensitive_attributes": [],
          "private": "eyJzY2hlbWFfdmVyc2lvbiI6IjAifQ==",
          "dependencies": [
            "github_repository.action"
          ]
        },
        {
          "index_key": "hidable-comment-action",
          "schema_version": 0,
          "attributes": {
            "color": "d73a4a",
            "description": "Something isn't working",
            "etag": "W/\"bdce19b78e08b55b93556a886550078cbfb2e7c6911b9c965b7858cf9b42893b\"",
            "id": "hidable-comment-action:Bug",
            "name": "Bug",
            "repository": "hidable-comment-action",
            "url": "https://api.github.com/repos/MeilCli/hidable-comment-action/labels/Bug"
          },
          "sensitive_attributes": [],
          "private": "eyJzY2hlbWFfdmVyc2lvbiI6IjAifQ==",
          "dependencies": [
            "github_repository.action"
          ]
        },
        {
          "index_key": "regex-match",
          "schema_version": 0,
          "attributes": {
            "color": "d73a4a",
            "description": "Something isn't working",
            "etag": "W/\"cd9e5af3b34dcd437bc163000d1024e058dc8204dd1805661b13bb3f7121b340\"",
            "id": "regex-match:Bug",
            "name": "Bug",
            "repository": "regex-match",
            "url": "https://api.github.com/repos/MeilCli/regex-match/labels/Bug"
          },
          "sensitive_attributes": [],
          "private": "eyJzY2hlbWFfdmVyc2lvbiI6IjAifQ==",
          "dependencies": [
            "github_repository.action"
          ]
        }
      ]
    },
    {
      "mode": "managed",
      "type": "github_issue_label",
      "name": "action-Dependencies",
      "provider": "provider[\"registry.terraform.io/integrations/github\"]",
      "instances": [
        {
          "index_key": "check-run-auto",
          "schema_version": 0,
          "attributes": {
            "color": "abc43e",
            "description": "",
            "etag": "W/\"a25e5aa9289f2b7962bd7be0e78f0eee2511d46de711dd6af4a55b326f0e4da0\"",
            "id": "check-run-auto:Dependencies",
            "name": "Dependencies",
            "repository": "check-run-auto",
            "url": "https://api.github.com/repos/MeilCli/check-run-auto/labels/Dependencies"
          },
          "sensitive_attributes": [],
          "private": "eyJzY2hlbWFfdmVyc2lvbiI6IjAifQ==",
          "dependencies": [
            "github_repository.action"
          ]
        },
        {
          "index_key": "common-lint-reporter",
          "schema_version": 0,
          "attributes": {
            "color": "abc43e",
            "description": "",
            "etag": "W/\"038c9c82a9e2aac963b0154b85b5cf41c364c0c818ab91c3e883fe5cc6a9c99c\"",
            "id": "common-lint-reporter:Dependencies",
            "name": "Dependencies",
            "repository": "common-lint-reporter",
            "url": "https://api.github.com/repos/MeilCli/common-lint-reporter/labels/Dependencies"
          },
          "sensitive_attributes": [],
          "private": "eyJzY2hlbWFfdmVyc2lvbiI6IjAifQ==",
          "dependencies": [
            "github_repository.action"
          ]
        },
        {
          "index_key": "hidable-comment-action",
          "schema_version": 0,
          "attributes": {
            "color": "abc43e",
            "description": "",
            "etag": "W/\"d2c2d1ecd4904759267f92f66ecc05c10faaf8ed11da2d232a635b5e5af698df\"",
            "id": "hidable-comment-action:Dependencies",
            "name": "Dependencies",
            "repository": "hidable-comment-action",
            "url": "https://api.github.com/repos/MeilCli/hidable-comment-action/labels/Dependencies"
          },
          "sensitive_attributes": [],
          "private": "eyJzY2hlbWFfdmVyc2lvbiI6IjAifQ==",
          "dependencies": [
            "github_repository.action"
          ]
        },
        {
          "index_key": "regex-match",
          "schema_version": 0,
          "attributes": {
            "color": "abc43e",
            "description": "",
            "etag": "W/\"0a73bf240c05d6f0da806fae627ebb25c91a21bbf16b9cef11c5780c86e185c7\"",
            "id": "regex-match:Dependencies",
            "name": "Dependencies",
            "repository": "regex-match",
            "url": "https://api.github.com/repos/MeilCli/regex-match/labels/Dependencies"
          },
          "sensitive_attributes": [],
          "private": "eyJzY2hlbWFfdmVyc2lvbiI6IjAifQ==",
          "dependencies": [
            "github_repository.action"
          ]
        }
      ]
    },
    {
      "mode": "managed",
      "type": "github_issue_label",
      "name": "action-Development",
      "provider": "provider[\"registry.terraform.io/integrations/github\"]",
      "instances": [
        {
          "index_key": "check-run-auto",
          "schema_version": 0,
          "attributes": {
            "color": "fef2c0",
            "description": "",
            "etag": "W/\"44193b4ffa440f727b4fbd9be109bcaa14098eb3ab9ee66a0653391da9a8ff6d\"",
            "id": "check-run-auto:Development",
            "name": "Development",
            "repository": "check-run-auto",
            "url": "https://api.github.com/repos/MeilCli/check-run-auto/labels/Development"
          },
          "sensitive_attributes": [],
          "private": "eyJzY2hlbWFfdmVyc2lvbiI6IjAifQ==",
          "dependencies": [
            "github_repository.action"
          ]
        },
        {
          "index_key": "common-lint-reporter",
          "schema_version": 0,
          "attributes": {
            "color": "fef2c0",
            "description": "",
            "etag": "W/\"f59be5afb7a0759f9e4b32bd9e8a546a18f9d69c39c0c5ced7ac2f2b9b7c5ac8\"",
            "id": "common-lint-reporter:Development",
            "name": "Development",
            "repository": "common-lint-reporter",
            "url": "https://api.github.com/repos/MeilCli/common-lint-reporter/labels/Development"
          },
          "sensitive_attributes": [],
          "private": "eyJzY2hlbWFfdmVyc2lvbiI6IjAifQ==",
          "dependencies": [
            "github_repository.action"
          ]
        },
        {
          "index_key": "hidable-comment-action",
          "schema_version": 0,
          "attributes": {
            "color": "fef2c0",
            "description": "",
            "etag": "W/\"1f14af00d67c574917d6048bb0ae2d57d50d8e1af8f21784fe9ae86953cdc45d\"",
            "id": "hidable-comment-action:Development",
            "name": "Development",
            "repository": "hidable-comment-action",
            "url": "https://api.github.com/repos/MeilCli/hidable-comment-action/labels/Development"
          },
          "sensitive_attributes": [],
          "private": "eyJzY2hlbWFfdmVyc2lvbiI6IjAifQ==",
          "dependencies": [
            "github_repository.action"
          ]
        },
        {
          "index_key": "regex-match",
          "schema_version": 0,
          "attributes": {
            "color": "fef2c0",
            "description": "",
            "etag": "W/\"475d929b02f07164c5f0b946f21aa693c9381250c98e735486e154275f081b77\"",
            "id": "regex-match:Development",
            "name": "Development",
            "repository": "regex-match",
            "url": "https://api.github.com/repos/MeilCli/regex-match/labels/Development"
          },
          "sensitive_attributes": [],
          "private": "eyJzY2hlbWFfdmVyc2lvbiI6IjAifQ==",
          "dependencies": [
            "github_repository.action"
          ]
        }
      ]
    },
    {
      "mode": "managed",
      "type": "github_issue_label",
      "name": "action-Documentation",
      "provider": "provider[\"registry.terraform.io/integrations/github\"]",
      "instances": [
        {
          "index_key": "check-run-auto",
          "schema_version": 0,
          "attributes": {
            "color": "1d76db",
            "description": "",
            "etag": "W/\"4ea2b76e714a2d0d8bbd093839a22f1ef25205c265045a87c941b493a9422633\"",
            "id": "check-run-auto:Documentation",
            "name": "Documentation",
            "repository": "check-run-auto",
            "url": "https://api.github.com/repos/MeilCli/check-run-auto/labels/Documentation"
          },
          "sensitive_attributes": [],
          "private": "eyJzY2hlbWFfdmVyc2lvbiI6IjAifQ==",
          "dependencies": [
            "github_repository.action"
          ]
        },
        {
          "index_key": "common-lint-reporter",
          "schema_version": 0,
          "attributes": {
            "color": "1d76db",
            "description": "",
            "etag": "W/\"51f3e05a756925f5b58be00ed7c3944348bac05c9e5dd7d187a1236d0c752d9e\"",
            "id": "common-lint-reporter:Documentation",
            "name": "Documentation",
            "repository": "common-lint-reporter",
            "url": "https://api.github.com/repos/MeilCli/common-lint-reporter/labels/Documentation"
          },
          "sensitive_attributes": [],
          "private": "eyJzY2hlbWFfdmVyc2lvbiI6IjAifQ==",
          "dependencies": [
            "github_repository.action"
          ]
        },
        {
          "index_key": "hidable-comment-action",
          "schema_version": 0,
          "attributes": {
            "color": "1d76db",
            "description": "",
            "etag": "W/\"368009686f1a927d4e02d46ee4ce4ce8734be12af7567208019e9a8434256ecc\"",
            "id": "hidable-comment-action:Documentation",
            "name": "Documentation",
            "repository": "hidable-comment-action",
            "url": "https://api.github.com/repos/MeilCli/hidable-comment-action/labels/Documentation"
          },
          "sensitive_attributes": [],
          "private": "eyJzY2hlbWFfdmVyc2lvbiI6IjAifQ==",
          "dependencies": [
            "github_repository.action"
          ]
        },
        {
          "index_key": "regex-match",
          "schema_version": 0,
          "attributes": {
            "color": "1d76db",
            "description": "",
            "etag": "W/\"f4ac759e258d3381e0d5e14728f6b8a9fbd6e15175ea68b576144527ee7bf041\"",
            "id": "regex-match:Documentation",
            "name": "Documentation",
            "repository": "regex-match",
            "url": "https://api.github.com/repos/MeilCli/regex-match/labels/Documentation"
          },
          "sensitive_attributes": [],
          "private": "eyJzY2hlbWFfdmVyc2lvbiI6IjAifQ==",
          "dependencies": [
            "github_repository.action"
          ]
        }
      ]
    },
    {
      "mode": "managed",
      "type": "github_issue_label",
      "name": "action-Feature",
      "provider": "provider[\"registry.terraform.io/integrations/github\"]",
      "instances": [
        {
          "index_key": "check-run-auto",
          "schema_version": 0,
          "attributes": {
            "color": "a2eeef",
            "description": "New feature or request",
            "etag": "W/\"aba5b185c3258526b06dd2c46a1a8cd5d1568a540c67af9dcbf48b6edc189ec5\"",
            "id": "check-run-auto:Feature",
            "name": "Feature",
            "repository": "check-run-auto",
            "url": "https://api.github.com/repos/MeilCli/check-run-auto/labels/Feature"
          },
          "sensitive_attributes": [],
          "private": "eyJzY2hlbWFfdmVyc2lvbiI6IjAifQ==",
          "dependencies": [
            "github_repository.action"
          ]
        },
        {
          "index_key": "common-lint-reporter",
          "schema_version": 0,
          "attributes": {
            "color": "a2eeef",
            "description": "New feature or request",
            "etag": "W/\"b061fefc7a2f70d320d6dfd5a16a566cbe306eda69c9d0081ac9e2c1a5f47d72\"",
            "id": "common-lint-reporter:Feature",
            "name": "Feature",
            "repository": "common-lint-reporter",
            "url": "https://api.github.com/repos/MeilCli/common-lint-reporter/labels/Feature"
          },
          "sensitive_attributes": [],
          "private": "eyJzY2hlbWFfdmVyc2lvbiI6IjAifQ==",
          "dependencies": [
            "github_repository.action"
          ]
        },
        {
          "index_key": "hidable-comment-action",
          "schema_version": 0,
          "attributes": {
            "color": "a2eeef",
            "description": "New feature or request",
            "etag": "W/\"efda7ca348df94927f482278618245bdd2879ea9e8822b3bcecd03ac91365f93\"",
            "id": "hidable-comment-action:Feature",
            "name": "Feature",
            "repository": "hidable-comment-action",
            "url": "https://api.github.com/repos/MeilCli/hidable-comment-action/labels/Feature"
          },
          "sensitive_attributes": [],
          "private": "eyJzY2hlbWFfdmVyc2lvbiI6IjAifQ==",
          "dependencies": [
            "github_repository.action"
          ]
        },
        {
          "index_key": "regex-match",
          "schema_version": 0,
          "attributes": {
            "color": "a2eeef",
            "description": "New feature or request",
            "etag": "W/\"f25e0d912e4162dc838bcfba536a2391528a736fa1a253713fc6d87638a6db57\"",
            "id": "regex-match:Feature",
            "name": "Feature",
            "repository": "regex-match",
            "url": "https://api.github.com/repos/MeilCli/regex-match/labels/Feature"
          },
          "sensitive_attributes": [],
          "private": "eyJzY2hlbWFfdmVyc2lvbiI6IjAifQ==",
          "dependencies": [
            "github_repository.action"
          ]
        }
      ]
    },
    {
      "mode": "managed",
      "type": "github_issue_label",
      "name": "action-Maintenance",
      "provider": "provider[\"registry.terraform.io/integrations/github\"]",
      "instances": [
        {
          "index_key": "check-run-auto",
          "schema_version": 0,
          "attributes": {
            "color": "4d6eb7",
            "description": "",
            "etag": "W/\"c861a4e8683456c956131bae0790b80dd54d498374da2b28bbc978429df6fb98\"",
            "id": "check-run-auto:Maintenance",
            "name": "Maintenance",
            "repository": "check-run-auto",
            "url": "https://api.github.com/repos/MeilCli/check-run-auto/labels/Maintenance"
          },
          "sensitive_attributes": [],
          "private": "eyJzY2hlbWFfdmVyc2lvbiI6IjAifQ==",
          "dependencies": [
            "github_repository.action"
          ]
        },
        {
          "index_key": "common-lint-reporter",
          "schema_version": 0,
          "attributes": {
            "color": "4d6eb7",
            "description": "",
            "etag": "W/\"a7494d96c3e8a8d63112275fad83a32ead43cb16e4ad265930a2bedd5ef70f7c\"",
            "id": "common-lint-reporter:Maintenance",
            "name": "Maintenance",
            "repository": "common-lint-reporter",
            "url": "https://api.github.com/repos/MeilCli/common-lint-reporter/labels/Maintenance"
          },
          "sensitive_attributes": [],
          "private": "eyJzY2hlbWFfdmVyc2lvbiI6IjAifQ==",
          "dependencies": [
            "github_repository.action"
          ]
        },
        {
          "index_key": "hidable-comment-action",
          "schema_version": 0,
          "attributes": {
            "color": "4d6eb7",
            "description": "",
            "etag": "W/\"e8a2cd4c4e87a3d805594d4aacbf79652bc20f1948b532e5173016a9d818cc76\"",
            "id": "hidable-comment-action:Maintenance",
            "name": "Maintenance",
            "repository": "hidable-comment-action",
            "url": "https://api.github.com/repos/MeilCli/hidable-comment-action/labels/Maintenance"
          },
          "sensitive_attributes": [],
          "private": "eyJzY2hlbWFfdmVyc2lvbiI6IjAifQ==",
          "dependencies": [
            "github_repository.action"
          ]
        },
        {
          "index_key": "regex-match",
          "schema_version": 0,
          "attributes": {
            "color": "4d6eb7",
            "description": "",
            "etag": "W/\"119187bc994718d36b46eec8a53c667bafb089b0161a8734c06f9cee4c5ebfe8\"",
            "id": "regex-match:Maintenance",
            "name": "Maintenance",
            "repository": "regex-match",
            "url": "https://api.github.com/repos/MeilCli/regex-match/labels/Maintenance"
          },
          "sensitive_attributes": [],
          "private": "eyJzY2hlbWFfdmVyc2lvbiI6IjAifQ==",
          "dependencies": [
            "github_repository.action"
          ]
        }
      ]
    },
    {
      "mode": "managed",
      "type": "github_issue_label",
      "name": "action-Question",
      "provider": "provider[\"registry.terraform.io/integrations/github\"]",
      "instances": [
        {
          "index_key": "check-run-auto",
          "schema_version": 0,
          "attributes": {
            "color": "d876e3",
            "description": "Further information is requested",
            "etag": "W/\"88c12832ec7082e457960246d966cfe2f2f9a92de6fa54d1ec71a24fc75ac5b0\"",
            "id": "check-run-auto:Question",
            "name": "Question",
            "repository": "check-run-auto",
            "url": "https://api.github.com/repos/MeilCli/check-run-auto/labels/Question"
          },
          "sensitive_attributes": [],
          "private": "eyJzY2hlbWFfdmVyc2lvbiI6IjAifQ==",
          "dependencies": [
            "github_repository.action"
          ]
        },
        {
          "index_key": "common-lint-reporter",
          "schema_version": 0,
          "attributes": {
            "color": "d876e3",
            "description": "Further information is requested",
            "etag": "W/\"7f336412219748dab96d32bcb4783d6b353572ed8c1bccf369a8ccbec6f2083a\"",
            "id": "common-lint-reporter:Question",
            "name": "Question",
            "repository": "common-lint-reporter",
            "url": "https://api.github.com/repos/MeilCli/common-lint-reporter/labels/Question"
          },
          "sensitive_attributes": [],
          "private": "eyJzY2hlbWFfdmVyc2lvbiI6IjAifQ==",
          "dependencies": [
            "github_repository.action"
          ]
        },
        {
          "index_key": "hidable-comment-action",
          "schema_version": 0,
          "attributes": {
            "color": "d876e3",
            "description": "Further information is requested",
            "etag": "W/\"5e900aeaa13dadb41bca1757957534483dd3ded9c28bf44d4949e2f764f6a2e0\"",
            "id": "hidable-comment-action:Question",
            "name": "Question",
            "repository": "hidable-comment-action",
            "url": "https://api.github.com/repos/MeilCli/hidable-comment-action/labels/Question"
          },
          "sensitive_attributes": [],
          "private": "eyJzY2hlbWFfdmVyc2lvbiI6IjAifQ==",
          "dependencies": [
            "github_repository.action"
          ]
        },
        {
          "index_key": "regex-match",
          "schema_version": 0,
          "attributes": {
            "color": "d876e3",
            "description": "Further information is requested",
            "etag": "W/\"25c169e8c0299f12a3c966c09a2d40c3b0e9736c78bc456f1cca591ee9815020\"",
            "id": "regex-match:Question",
            "name": "Question",
            "repository": "regex-match",
            "url": "https://api.github.com/repos/MeilCli/regex-match/labels/Question"
          },
          "sensitive_attributes": [],
          "private": "eyJzY2hlbWFfdmVyc2lvbiI6IjAifQ==",
          "dependencies": [
            "github_repository.action"
          ]
        }
      ]
    },
    {
      "mode": "managed",
      "type": "github_issue_label",
      "name": "action-template",
      "provider": "provider[\"registry.terraform.io/integrations/github\"]",
      "instances": [
        {
          "index_key": "Action",
          "schema_version": 0,
          "attributes": {
            "color": "92efb4",
            "description": "",
            "etag": "W/\"f56e8d800bbc002e190609efe261103f91c7c68320928f4cc765109cf0731a50\"",
            "id": "action-template:Action",
            "name": "Action",
            "repository": "action-template",
            "url": "https://api.github.com/repos/MeilCli/action-template/labels/Action"
          },
          "sensitive_attributes": [],
          "private": "eyJzY2hlbWFfdmVyc2lvbiI6IjAifQ=="
        },
        {
          "index_key": "BreakingChange",
          "schema_version": 0,
          "attributes": {
            "color": "db3b4d",
            "description": "",
            "etag": "W/\"97f4503b6948d7dfadca80b13bdc0c39c29859e579ce6a8e85e156efe9b1f204\"",
            "id": "action-template:BreakingChange",
            "name": "BreakingChange",
            "repository": "action-template",
            "url": "https://api.github.com/repos/MeilCli/action-template/labels/BreakingChange"
          },
          "sensitive_attributes": [],
          "private": "eyJzY2hlbWFfdmVyc2lvbiI6IjAifQ=="
        },
        {
          "index_key": "Bug",
          "schema_version": 0,
          "attributes": {
            "color": "d73a4a",
            "description": "Something isn't working",
            "etag": "W/\"40e17fd508c1ec11a10a8da71303875c483a9062a5c49beffc95574c22cf9be6\"",
            "id": "action-template:Bug",
            "name": "Bug",
            "repository": "action-template",
            "url": "https://api.github.com/repos/MeilCli/action-template/labels/Bug"
          },
          "sensitive_attributes": [],
          "private": "eyJzY2hlbWFfdmVyc2lvbiI6IjAifQ=="
        },
        {
          "index_key": "Dependencies",
          "schema_version": 0,
          "attributes": {
            "color": "abc43e",
            "description": "",
            "etag": "W/\"dddcac210aa3ae73fc627b7411d20d67c75334cf04d1b6ca26922960c04091f3\"",
            "id": "action-template:Dependencies",
            "name": "Dependencies",
            "repository": "action-template",
            "url": "https://api.github.com/repos/MeilCli/action-template/labels/Dependencies"
          },
          "sensitive_attributes": [],
          "private": "eyJzY2hlbWFfdmVyc2lvbiI6IjAifQ=="
        },
        {
          "index_key": "Development",
          "schema_version": 0,
          "attributes": {
            "color": "fef2c0",
            "description": "",
            "etag": "W/\"b0d24e742a18b86258d9939b6481b3ba33836c69f399cc59fd77c62aa34633fd\"",
            "id": "action-template:Development",
            "name": "Development",
            "repository": "action-template",
            "url": "https://api.github.com/repos/MeilCli/action-template/labels/Development"
          },
          "sensitive_attributes": [],
          "private": "eyJzY2hlbWFfdmVyc2lvbiI6IjAifQ=="
        },
        {
          "index_key": "Documentation",
          "schema_version": 0,
          "attributes": {
            "color": "1d76db",
            "description": "",
            "etag": "W/\"9874248d7521e19d0d5f7c374865bf9ed1b9b6bfa25389606d4787a73005adf7\"",
            "id": "action-template:Documentation",
            "name": "Documentation",
            "repository": "action-template",
            "url": "https://api.github.com/repos/MeilCli/action-template/labels/Documentation"
          },
          "sensitive_attributes": [],
          "private": "eyJzY2hlbWFfdmVyc2lvbiI6IjAifQ=="
        },
        {
          "index_key": "Feature",
          "schema_version": 0,
          "attributes": {
            "color": "a2eeef",
            "description": "New feature or request",
            "etag": "W/\"6a7fcb41ec3cafc716d2a938664f295aa2925808025ce3960ca4f1d0e40c3e47\"",
            "id": "action-template:Feature",
            "name": "Feature",
            "repository": "action-template",
            "url": "https://api.github.com/repos/MeilCli/action-template/labels/Feature"
          },
          "sensitive_attributes": [],
          "private": "eyJzY2hlbWFfdmVyc2lvbiI6IjAifQ=="
        },
        {
          "index_key": "Maintenance",
          "schema_version": 0,
          "attributes": {
            "color": "4d6eb7",
            "description": "",
            "etag": "W/\"7e8e7cd7241d435a8977769544d5578c5dbcda2b31e707d5e185935f4fdba26e\"",
            "id": "action-template:Maintenance",
            "name": "Maintenance",
            "repository": "action-template",
            "url": "https://api.github.com/repos/MeilCli/action-template/labels/Maintenance"
          },
          "sensitive_attributes": [],
          "private": "eyJzY2hlbWFfdmVyc2lvbiI6IjAifQ=="
        },
        {
          "index_key": "Question",
          "schema_version": 0,
          "attributes": {
            "color": "d876e3",
            "description": "Further information is requested",
            "etag": "W/\"4652db9432d4a318a75845c664fe7e0a3226a3d270de0ad46ccef6307452d08c\"",
            "id": "action-template:Question",
            "name": "Question",
            "repository": "action-template",
            "url": "https://api.github.com/repos/MeilCli/action-template/labels/Question"
          },
          "sensitive_attributes": [],
          "private": "eyJzY2hlbWFfdmVyc2lvbiI6IjAifQ=="
        }
      ]
    },
    {
      "mode": "managed",
      "type": "github_issue_label",
      "name": "old-action-Action",
      "provider": "provider[\"registry.terraform.io/integrations/github\"]",
      "instances": [
        {
          "index_key": "android-lint-statistics",
          "schema_version": 0,
          "attributes": {
            "color": "92efb4",
            "description": "",
            "etag": "W/\"c7b1f51f0ae4f31e447b06e576b61b970458dc615d854697d6b06cda9c0ea1f5\"",
            "id": "android-lint-statistics:Action",
            "name": "Action",
            "repository": "android-lint-statistics",
            "url": "https://api.github.com/repos/MeilCli/android-lint-statistics/labels/Action"
          },
          "sensitive_attributes": [],
          "private": "eyJzY2hlbWFfdmVyc2lvbiI6IjAifQ=="
        },
        {
          "index_key": "bump-release-action",
          "schema_version": 0,
          "attributes": {
            "color": "92efb4",
            "description": "",
            "etag": "W/\"5e696d0f65c4237c90c31cdfb3b2b67989158fe92f2573f64b530cd443ae581e\"",
            "id": "bump-release-action:Action",
            "name": "Action",
            "repository": "bump-release-action",
            "url": "https://api.github.com/repos/MeilCli/bump-release-action/labels/Action"
          },
          "sensitive_attributes": [],
          "private": "eyJzY2hlbWFfdmVyc2lvbiI6IjAifQ=="
        },
        {
          "index_key": "carthage-update-check-action",
          "schema_version": 0,
          "attributes": {
            "color": "92efb4",
            "description": "",
            "etag": "W/\"fd6732c6bac9894fd4b4efc7cbfed8b0029ae3a08b1fa9229408f404ab87b0db\"",
            "id": "carthage-update-check-action:Action",
            "name": "Action",
            "repository": "carthage-update-check-action",
            "url": "https://api.github.com/repos/MeilCli/carthage-update-check-action/labels/Action"
          },
          "sensitive_attributes": [],
          "private": "eyJzY2hlbWFfdmVyc2lvbiI6IjAifQ=="
        },
        {
          "index_key": "cocoapods-update-check-action",
          "schema_version": 0,
          "attributes": {
            "color": "92efb4",
            "description": "",
            "etag": "W/\"870a1d7f913de06ee162e45a4838abb3cf031c927f39d0ed3d9c611e6c464dd5\"",
            "id": "cocoapods-update-check-action:Action",
            "name": "Action",
            "repository": "cocoapods-update-check-action",
            "url": "https://api.github.com/repos/MeilCli/cocoapods-update-check-action/labels/Action"
          },
          "sensitive_attributes": [],
          "private": "eyJzY2hlbWFfdmVyc2lvbiI6IjAifQ=="
        },
        {
          "index_key": "danger-action",
          "schema_version": 0,
          "attributes": {
            "color": "92efb4",
            "description": "",
            "etag": "W/\"2852da1b4abf94ffce972471e247290fc8e96a20c650706536bad4fb8d27b64e\"",
            "id": "danger-action:Action",
            "name": "Action",
            "repository": "danger-action",
            "url": "https://api.github.com/repos/MeilCli/danger-action/labels/Action"
          },
          "sensitive_attributes": [],
          "private": "eyJzY2hlbWFfdmVyc2lvbiI6IjAifQ=="
        },
        {
          "index_key": "detekt-statistics",
          "schema_version": 0,
          "attributes": {
            "color": "92efb4",
            "description": "",
            "etag": "W/\"bbf449b597cdf98b89a0b3c888c66afb42f0f8ea889d2014d7cfa3f0e17575c6\"",
            "id": "detekt-statistics:Action",
            "name": "Action",
            "repository": "detekt-statistics",
            "url": "https://api.github.com/repos/MeilCli/detekt-statistics/labels/Action"
          },
          "sensitive_attributes": [],
          "private": "eyJzY2hlbWFfdmVyc2lvbiI6IjAifQ=="
        },
        {
          "index_key": "gradle-update-check-action",
          "schema_version": 0,
          "attributes": {
            "color": "92efb4",
            "description": "",
            "etag": "W/\"ae20e6099b3ffccae5ee0a1757e56d2c6c32e26ff4bced640f728b8302a3aa5b\"",
            "id": "gradle-update-check-action:Action",
            "name": "Action",
            "repository": "gradle-update-check-action",
            "url": "https://api.github.com/repos/MeilCli/gradle-update-check-action/labels/Action"
          },
          "sensitive_attributes": [],
          "private": "eyJzY2hlbWFfdmVyc2lvbiI6IjAifQ=="
        },
        {
          "index_key": "npm-update-check-action",
          "schema_version": 0,
          "attributes": {
            "color": "92efb4",
            "description": "",
            "etag": "W/\"09f8320622ab74c89d34cc006fc5aee66c50e1115172eb8f3c1ba2e2cf72c58d\"",
            "id": "npm-update-check-action:Action",
            "name": "Action",
            "repository": "npm-update-check-action",
            "url": "https://api.github.com/repos/MeilCli/npm-update-check-action/labels/Action"
          },
          "sensitive_attributes": [],
          "private": "eyJzY2hlbWFfdmVyc2lvbiI6IjAifQ=="
        },
        {
          "index_key": "nuget-update-check-action",
          "schema_version": 0,
          "attributes": {
            "color": "92efb4",
            "description": "",
            "etag": "W/\"c0e9646194343cc6f234908c8d531a26337e963e0bd0d29775b2d403948d60e1\"",
            "id": "nuget-update-check-action:Action",
            "name": "Action",
            "repository": "nuget-update-check-action",
            "url": "https://api.github.com/repos/MeilCli/nuget-update-check-action/labels/Action"
          },
          "sensitive_attributes": [],
          "private": "eyJzY2hlbWFfdmVyc2lvbiI6IjAifQ=="
        },
        {
          "index_key": "setup-crystal-action",
          "schema_version": 0,
          "attributes": {
            "color": "92efb4",
            "description": "",
            "etag": "W/\"f48cc51330686158791b82a9fa619ab0f0c0d5baf9c1ee6e96b8f25fd48c94d9\"",
            "id": "setup-crystal-action:Action",
            "name": "Action",
            "repository": "setup-crystal-action",
            "url": "https://api.github.com/repos/MeilCli/setup-crystal-action/labels/Action"
          },
          "sensitive_attributes": [],
          "private": "eyJzY2hlbWFfdmVyc2lvbiI6IjAifQ=="
        },
        {
          "index_key": "slack-upload-file",
          "schema_version": 0,
          "attributes": {
            "color": "92efb4",
            "description": "",
            "etag": "W/\"014f28fa9541bc67d6b584b35e6d36971ac582e172ef15fcfb8c59aafbb3b67f\"",
            "id": "slack-upload-file:Action",
            "name": "Action",
            "repository": "slack-upload-file",
            "url": "https://api.github.com/repos/MeilCli/slack-upload-file/labels/Action"
          },
          "sensitive_attributes": [],
          "private": "eyJzY2hlbWFfdmVyc2lvbiI6IjAifQ=="
        },
        {
          "index_key": "swiftpm-update-check-action",
          "schema_version": 0,
          "attributes": {
            "color": "92efb4",
            "description": "",
            "etag": "W/\"f936bff62cacd492b4a19a0c16eb94b9669ee3fce3059083aaeaf95c3e07a7d8\"",
            "id": "swiftpm-update-check-action:Action",
            "name": "Action",
            "repository": "swiftpm-update-check-action",
            "url": "https://api.github.com/repos/MeilCli/swiftpm-update-check-action/labels/Action"
          },
          "sensitive_attributes": [],
          "private": "eyJzY2hlbWFfdmVyc2lvbiI6IjAifQ=="
        },
        {
          "index_key": "test-command-action",
          "schema_version": 0,
          "attributes": {
            "color": "92efb4",
            "description": "",
            "etag": "W/\"7059486894ffd4492b7f7edebd0a8bcf89a6ea91a9c3a769128a837c2ec8a5cb\"",
            "id": "test-command-action:Action",
            "name": "Action",
            "repository": "test-command-action",
            "url": "https://api.github.com/repos/MeilCli/test-command-action/labels/Action"
          },
          "sensitive_attributes": [],
          "private": "eyJzY2hlbWFfdmVyc2lvbiI6IjAifQ=="
        }
      ]
    },
    {
      "mode": "managed",
      "type": "github_issue_label",
      "name": "old-action-BreakingChange",
      "provider": "provider[\"registry.terraform.io/integrations/github\"]",
      "instances": [
        {
          "index_key": "android-lint-statistics",
          "schema_version": 0,
          "attributes": {
            "color": "db3b4d",
            "description": "",
            "etag": "W/\"ead6a6efa282d1b7a50e8aa49efb5526aab5ec77d54edf49d58747f39079ca90\"",
            "id": "android-lint-statistics:BreakingChange",
            "name": "BreakingChange",
            "repository": "android-lint-statistics",
            "url": "https://api.github.com/repos/MeilCli/android-lint-statistics/labels/BreakingChange"
          },
          "sensitive_attributes": [],
          "private": "eyJzY2hlbWFfdmVyc2lvbiI6IjAifQ=="
        },
        {
          "index_key": "bump-release-action",
          "schema_version": 0,
          "attributes": {
            "color": "db3b4d",
            "description": "",
            "etag": "W/\"5e85b4a3451a5745cb06eca1a8b70be3e93129681bf3a4e07dc9f06a4065baf2\"",
            "id": "bump-release-action:BreakingChange",
            "name": "BreakingChange",
            "repository": "bump-release-action",
            "url": "https://api.github.com/repos/MeilCli/bump-release-action/labels/BreakingChange"
          },
          "sensitive_attributes": [],
          "private": "eyJzY2hlbWFfdmVyc2lvbiI6IjAifQ=="
        },
        {
          "index_key": "carthage-update-check-action",
          "schema_version": 0,
          "attributes": {
            "color": "db3b4d",
            "description": "",
            "etag": "W/\"50b42160ddc20d13bd4f5b7d1e514d71e5eb219bd5796572a730a9e5723e3d66\"",
            "id": "carthage-update-check-action:BreakingChange",
            "name": "BreakingChange",
            "repository": "carthage-update-check-action",
            "url": "https://api.github.com/repos/MeilCli/carthage-update-check-action/labels/BreakingChange"
          },
          "sensitive_attributes": [],
          "private": "eyJzY2hlbWFfdmVyc2lvbiI6IjAifQ=="
        },
        {
          "index_key": "cocoapods-update-check-action",
          "schema_version": 0,
          "attributes": {
            "color": "db3b4d",
            "description": "",
            "etag": "W/\"c44bbf9d9a8be4867421003fa38f9374a46cfc05cca9a708f469f72b160c6597\"",
            "id": "cocoapods-update-check-action:BreakingChange",
            "name": "BreakingChange",
            "repository": "cocoapods-update-check-action",
            "url": "https://api.github.com/repos/MeilCli/cocoapods-update-check-action/labels/BreakingChange"
          },
          "sensitive_attributes": [],
          "private": "eyJzY2hlbWFfdmVyc2lvbiI6IjAifQ=="
        },
        {
          "index_key": "danger-action",
          "schema_version": 0,
          "attributes": {
            "color": "db3b4d",
            "description": "",
            "etag": "W/\"ddccbb00b5c0a0c2bccf3566a0dedeccb30946362f46adbcd6083f2d9d5629a4\"",
            "id": "danger-action:BreakingChange",
            "name": "BreakingChange",
            "repository": "danger-action",
            "url": "https://api.github.com/repos/MeilCli/danger-action/labels/BreakingChange"
          },
          "sensitive_attributes": [],
          "private": "eyJzY2hlbWFfdmVyc2lvbiI6IjAifQ=="
        },
        {
          "index_key": "detekt-statistics",
          "schema_version": 0,
          "attributes": {
            "color": "db3b4d",
            "description": "",
            "etag": "W/\"f4170c64b2a2bbf3598832f83a24ab10a2d05853c5173f1629adb0e26a5d597c\"",
            "id": "detekt-statistics:BreakingChange",
            "name": "BreakingChange",
            "repository": "detekt-statistics",
            "url": "https://api.github.com/repos/MeilCli/detekt-statistics/labels/BreakingChange"
          },
          "sensitive_attributes": [],
          "private": "eyJzY2hlbWFfdmVyc2lvbiI6IjAifQ=="
        },
        {
          "index_key": "gradle-update-check-action",
          "schema_version": 0,
          "attributes": {
            "color": "db3b4d",
            "description": "",
            "etag": "W/\"47a5bedac4b29c999ec02881fab87f594621f192fbfd9ad2fadae45d62cbd3ba\"",
            "id": "gradle-update-check-action:BreakingChange",
            "name": "BreakingChange",
            "repository": "gradle-update-check-action",
            "url": "https://api.github.com/repos/MeilCli/gradle-update-check-action/labels/BreakingChange"
          },
          "sensitive_attributes": [],
          "private": "eyJzY2hlbWFfdmVyc2lvbiI6IjAifQ=="
        },
        {
          "index_key": "npm-update-check-action",
          "schema_version": 0,
          "attributes": {
            "color": "db3b4d",
            "description": "",
            "etag": "W/\"55e8d20585bb8dc25ae343c178403c8ff8c4848ab1f900b4d0144daee789e233\"",
            "id": "npm-update-check-action:BreakingChange",
            "name": "BreakingChange",
            "repository": "npm-update-check-action",
            "url": "https://api.github.com/repos/MeilCli/npm-update-check-action/labels/BreakingChange"
          },
          "sensitive_attributes": [],
          "private": "eyJzY2hlbWFfdmVyc2lvbiI6IjAifQ=="
        },
        {
          "index_key": "nuget-update-check-action",
          "schema_version": 0,
          "attributes": {
            "color": "db3b4d",
            "description": "",
            "etag": "W/\"0f3d9c5306d742e22b6df8038fa1e10aaca21ee3a31677e91e5fe94f4566a167\"",
            "id": "nuget-update-check-action:BreakingChange",
            "name": "BreakingChange",
            "repository": "nuget-update-check-action",
            "url": "https://api.github.com/repos/MeilCli/nuget-update-check-action/labels/BreakingChange"
          },
          "sensitive_attributes": [],
          "private": "eyJzY2hlbWFfdmVyc2lvbiI6IjAifQ=="
        },
        {
          "index_key": "setup-crystal-action",
          "schema_version": 0,
          "attributes": {
            "color": "db3b4d",
            "description": "",
            "etag": "W/\"8f915610db22c373dcaf2113a396739438c30fb51f3e812cd1de22c9ddba553c\"",
            "id": "setup-crystal-action:BreakingChange",
            "name": "BreakingChange",
            "repository": "setup-crystal-action",
            "url": "https://api.github.com/repos/MeilCli/setup-crystal-action/labels/BreakingChange"
          },
          "sensitive_attributes": [],
          "private": "eyJzY2hlbWFfdmVyc2lvbiI6IjAifQ=="
        },
        {
          "index_key": "slack-upload-file",
          "schema_version": 0,
          "attributes": {
            "color": "db3b4d",
            "description": "",
            "etag": "W/\"125df9c8c987d80a4a90005a5557a1914f2e3f66a7592cf743bc770da76fc6ac\"",
            "id": "slack-upload-file:BreakingChange",
            "name": "BreakingChange",
            "repository": "slack-upload-file",
            "url": "https://api.github.com/repos/MeilCli/slack-upload-file/labels/BreakingChange"
          },
          "sensitive_attributes": [],
          "private": "eyJzY2hlbWFfdmVyc2lvbiI6IjAifQ=="
        },
        {
          "index_key": "swiftpm-update-check-action",
          "schema_version": 0,
          "attributes": {
            "color": "db3b4d",
            "description": "",
            "etag": "W/\"e77fe7171069f124a91d52db2b5e96262c3da1f5552c440d456e3f984cea4f2f\"",
            "id": "swiftpm-update-check-action:BreakingChange",
            "name": "BreakingChange",
            "repository": "swiftpm-update-check-action",
            "url": "https://api.github.com/repos/MeilCli/swiftpm-update-check-action/labels/BreakingChange"
          },
          "sensitive_attributes": [],
          "private": "eyJzY2hlbWFfdmVyc2lvbiI6IjAifQ=="
        },
        {
          "index_key": "test-command-action",
          "schema_version": 0,
          "attributes": {
            "color": "db3b4d",
            "description": "",
            "etag": "W/\"af38c1bdff7e6a37d485ad8b06507dfff5046396885dfb1d6ddffbc44215c696\"",
            "id": "test-command-action:BreakingChange",
            "name": "BreakingChange",
            "repository": "test-command-action",
            "url": "https://api.github.com/repos/MeilCli/test-command-action/labels/BreakingChange"
          },
          "sensitive_attributes": [],
          "private": "eyJzY2hlbWFfdmVyc2lvbiI6IjAifQ=="
        }
      ]
    },
    {
      "mode": "managed",
      "type": "github_issue_label",
      "name": "old-action-Bug",
      "provider": "provider[\"registry.terraform.io/integrations/github\"]",
      "instances": [
        {
          "index_key": "android-lint-statistics",
          "schema_version": 0,
          "attributes": {
            "color": "d73a4a",
            "description": "Something isn't working",
            "etag": "W/\"827a31038775b9e6167bb113d0e6c92090e72e9dcc48dafcb7f44bf874b58f4f\"",
            "id": "android-lint-statistics:Bug",
            "name": "Bug",
            "repository": "android-lint-statistics",
            "url": "https://api.github.com/repos/MeilCli/android-lint-statistics/labels/Bug"
          },
          "sensitive_attributes": [],
          "private": "eyJzY2hlbWFfdmVyc2lvbiI6IjAifQ=="
        },
        {
          "index_key": "bump-release-action",
          "schema_version": 0,
          "attributes": {
            "color": "d73a4a",
            "description": "Something isn't working",
            "etag": "W/\"0415d5ca80ade962b88bca9fab88abaf274cd87ea84c74dbe49d31f5ce78b5ac\"",
            "id": "bump-release-action:Bug",
            "name": "Bug",
            "repository": "bump-release-action",
            "url": "https://api.github.com/repos/MeilCli/bump-release-action/labels/Bug"
          },
          "sensitive_attributes": [],
          "private": "eyJzY2hlbWFfdmVyc2lvbiI6IjAifQ=="
        },
        {
          "index_key": "carthage-update-check-action",
          "schema_version": 0,
          "attributes": {
            "color": "d73a4a",
            "description": "Something isn't working",
            "etag": "W/\"8a378c48d1040c000c4ed7207ab81f8a3f05bba36f33452bcca3976badc0e0ed\"",
            "id": "carthage-update-check-action:Bug",
            "name": "Bug",
            "repository": "carthage-update-check-action",
            "url": "https://api.github.com/repos/MeilCli/carthage-update-check-action/labels/Bug"
          },
          "sensitive_attributes": [],
          "private": "eyJzY2hlbWFfdmVyc2lvbiI6IjAifQ=="
        },
        {
          "index_key": "cocoapods-update-check-action",
          "schema_version": 0,
          "attributes": {
            "color": "d73a4a",
            "description": "Something isn't working",
            "etag": "W/\"370164f3fa37a5ec7cc373ef0393d255748051a89919e3e7f67d16438417bf3b\"",
            "id": "cocoapods-update-check-action:Bug",
            "name": "Bug",
            "repository": "cocoapods-update-check-action",
            "url": "https://api.github.com/repos/MeilCli/cocoapods-update-check-action/labels/Bug"
          },
          "sensitive_attributes": [],
          "private": "eyJzY2hlbWFfdmVyc2lvbiI6IjAifQ=="
        },
        {
          "index_key": "danger-action",
          "schema_version": 0,
          "attributes": {
            "color": "d73a4a",
            "description": "Something isn't working",
            "etag": "W/\"90006ffe5e353c099caedc02c48f8a3efdf972fcd5b24ba9dad6d174cfbcead7\"",
            "id": "danger-action:Bug",
            "name": "Bug",
            "repository": "danger-action",
            "url": "https://api.github.com/repos/MeilCli/danger-action/labels/Bug"
          },
          "sensitive_attributes": [],
          "private": "eyJzY2hlbWFfdmVyc2lvbiI6IjAifQ=="
        },
        {
          "index_key": "detekt-statistics",
          "schema_version": 0,
          "attributes": {
            "color": "d73a4a",
            "description": "Something isn't working",
            "etag": "W/\"deafc19d1af83519554acd428caf57b66f16252504e52bbd9203516738753457\"",
            "id": "detekt-statistics:Bug",
            "name": "Bug",
            "repository": "detekt-statistics",
            "url": "https://api.github.com/repos/MeilCli/detekt-statistics/labels/Bug"
          },
          "sensitive_attributes": [],
          "private": "eyJzY2hlbWFfdmVyc2lvbiI6IjAifQ=="
        },
        {
          "index_key": "gradle-update-check-action",
          "schema_version": 0,
          "attributes": {
            "color": "d73a4a",
            "description": "Something isn't working",
            "etag": "W/\"159b0dbf355ef0990a99f7afd6a3a165deec55bc2c48ce1324b8bcf69e43e8ad\"",
            "id": "gradle-update-check-action:Bug",
            "name": "Bug",
            "repository": "gradle-update-check-action",
            "url": "https://api.github.com/repos/MeilCli/gradle-update-check-action/labels/Bug"
          },
          "sensitive_attributes": [],
          "private": "eyJzY2hlbWFfdmVyc2lvbiI6IjAifQ=="
        },
        {
          "index_key": "npm-update-check-action",
          "schema_version": 0,
          "attributes": {
            "color": "d73a4a",
            "description": "Something isn't working",
            "etag": "W/\"ac20de6e830d76ecc63dfb0d62ddac6ed695026eb209e02e440c20ebb7ddf92a\"",
            "id": "npm-update-check-action:Bug",
            "name": "Bug",
            "repository": "npm-update-check-action",
            "url": "https://api.github.com/repos/MeilCli/npm-update-check-action/labels/Bug"
          },
          "sensitive_attributes": [],
          "private": "eyJzY2hlbWFfdmVyc2lvbiI6IjAifQ=="
        },
        {
          "index_key": "nuget-update-check-action",
          "schema_version": 0,
          "attributes": {
            "color": "d73a4a",
            "description": "Something isn't working",
            "etag": "W/\"84055c41ab7c220bbb509fdbc380c5667de82f7eff73cdfcf4ea2521a4fda83a\"",
            "id": "nuget-update-check-action:Bug",
            "name": "Bug",
            "repository": "nuget-update-check-action",
            "url": "https://api.github.com/repos/MeilCli/nuget-update-check-action/labels/Bug"
          },
          "sensitive_attributes": [],
          "private": "eyJzY2hlbWFfdmVyc2lvbiI6IjAifQ=="
        },
        {
          "index_key": "setup-crystal-action",
          "schema_version": 0,
          "attributes": {
            "color": "d73a4a",
            "description": "Something isn't working",
            "etag": "W/\"6b7c49922d32066f793917403650773727b63deb602c898f51a7651f5f3bf273\"",
            "id": "setup-crystal-action:Bug",
            "name": "Bug",
            "repository": "setup-crystal-action",
            "url": "https://api.github.com/repos/MeilCli/setup-crystal-action/labels/Bug"
          },
          "sensitive_attributes": [],
          "private": "eyJzY2hlbWFfdmVyc2lvbiI6IjAifQ=="
        },
        {
          "index_key": "slack-upload-file",
          "schema_version": 0,
          "attributes": {
            "color": "d73a4a",
            "description": "Something isn't working",
            "etag": "W/\"5bd79b6d534e8da1e47c4c84b6a0a7f72334ce6367392cf6fedb267884f161de\"",
            "id": "slack-upload-file:Bug",
            "name": "Bug",
            "repository": "slack-upload-file",
            "url": "https://api.github.com/repos/MeilCli/slack-upload-file/labels/Bug"
          },
          "sensitive_attributes": [],
          "private": "eyJzY2hlbWFfdmVyc2lvbiI6IjAifQ=="
        },
        {
          "index_key": "swiftpm-update-check-action",
          "schema_version": 0,
          "attributes": {
            "color": "d73a4a",
            "description": "Something isn't working",
            "etag": "W/\"037594eca3584cf18dfccb04699a9d9c330b55ce4f006dc2dfb8cc7756071f85\"",
            "id": "swiftpm-update-check-action:Bug",
            "name": "Bug",
            "repository": "swiftpm-update-check-action",
            "url": "https://api.github.com/repos/MeilCli/swiftpm-update-check-action/labels/Bug"
          },
          "sensitive_attributes": [],
          "private": "eyJzY2hlbWFfdmVyc2lvbiI6IjAifQ=="
        },
        {
          "index_key": "test-command-action",
          "schema_version": 0,
          "attributes": {
            "color": "d73a4a",
            "description": "Something isn't working",
            "etag": "W/\"e838be1e381739914ace0a0a306d8a262e3cf39762d4db3a373aefb3adc7ffdb\"",
            "id": "test-command-action:Bug",
            "name": "Bug",
            "repository": "test-command-action",
            "url": "https://api.github.com/repos/MeilCli/test-command-action/labels/Bug"
          },
          "sensitive_attributes": [],
          "private": "eyJzY2hlbWFfdmVyc2lvbiI6IjAifQ=="
        }
      ]
    },
    {
      "mode": "managed",
      "type": "github_issue_label",
      "name": "old-action-Dependencies",
      "provider": "provider[\"registry.terraform.io/integrations/github\"]",
      "instances": [
        {
          "index_key": "android-lint-statistics",
          "schema_version": 0,
          "attributes": {
            "color": "abc43e",
            "description": "",
            "etag": "W/\"e51da895486d23955f8586417e77494eaccbcb4bd7377bd6e0a5078987433dbb\"",
            "id": "android-lint-statistics:Dependencies",
            "name": "Dependencies",
            "repository": "android-lint-statistics",
            "url": "https://api.github.com/repos/MeilCli/android-lint-statistics/labels/Dependencies"
          },
          "sensitive_attributes": [],
          "private": "eyJzY2hlbWFfdmVyc2lvbiI6IjAifQ=="
        },
        {
          "index_key": "bump-release-action",
          "schema_version": 0,
          "attributes": {
            "color": "abc43e",
            "description": "",
            "etag": "W/\"7946336c82af6e38b1955bb5548a394ad65e23efcb7afd9158441e9fa41c4353\"",
            "id": "bump-release-action:Dependencies",
            "name": "Dependencies",
            "repository": "bump-release-action",
            "url": "https://api.github.com/repos/MeilCli/bump-release-action/labels/Dependencies"
          },
          "sensitive_attributes": [],
          "private": "eyJzY2hlbWFfdmVyc2lvbiI6IjAifQ=="
        },
        {
          "index_key": "carthage-update-check-action",
          "schema_version": 0,
          "attributes": {
            "color": "abc43e",
            "description": "",
            "etag": "W/\"1ddbaf438107112aa1d88a6b31b37a74729d250919ecced427f70131df3b2a1c\"",
            "id": "carthage-update-check-action:Dependencies",
            "name": "Dependencies",
            "repository": "carthage-update-check-action",
            "url": "https://api.github.com/repos/MeilCli/carthage-update-check-action/labels/Dependencies"
          },
          "sensitive_attributes": [],
          "private": "eyJzY2hlbWFfdmVyc2lvbiI6IjAifQ=="
        },
        {
          "index_key": "cocoapods-update-check-action",
          "schema_version": 0,
          "attributes": {
            "color": "abc43e",
            "description": "",
            "etag": "W/\"2a0030bcccb9f8021d14c293dff771fe786c5bf294dfe6ba37ac5827e6f19ad6\"",
            "id": "cocoapods-update-check-action:Dependencies",
            "name": "Dependencies",
            "repository": "cocoapods-update-check-action",
            "url": "https://api.github.com/repos/MeilCli/cocoapods-update-check-action/labels/Dependencies"
          },
          "sensitive_attributes": [],
          "private": "eyJzY2hlbWFfdmVyc2lvbiI6IjAifQ=="
        },
        {
          "index_key": "danger-action",
          "schema_version": 0,
          "attributes": {
            "color": "abc43e",
            "description": "",
            "etag": "W/\"609eaa92e426d098ecd533e39ced90d57206868ccafa8e968bd3a69849ba61fe\"",
            "id": "danger-action:Dependencies",
            "name": "Dependencies",
            "repository": "danger-action",
            "url": "https://api.github.com/repos/MeilCli/danger-action/labels/Dependencies"
          },
          "sensitive_attributes": [],
          "private": "eyJzY2hlbWFfdmVyc2lvbiI6IjAifQ=="
        },
        {
          "index_key": "detekt-statistics",
          "schema_version": 0,
          "attributes": {
            "color": "abc43e",
            "description": "",
            "etag": "W/\"e8446c1bb23c21492ce1328b670cc5606f913a1e454efe0be4cb527661b718c8\"",
            "id": "detekt-statistics:Dependencies",
            "name": "Dependencies",
            "repository": "detekt-statistics",
            "url": "https://api.github.com/repos/MeilCli/detekt-statistics/labels/Dependencies"
          },
          "sensitive_attributes": [],
          "private": "eyJzY2hlbWFfdmVyc2lvbiI6IjAifQ=="
        },
        {
          "index_key": "gradle-update-check-action",
          "schema_version": 0,
          "attributes": {
            "color": "abc43e",
            "description": "",
            "etag": "W/\"623912048e6dba6a9aacb81550b87e607296d86c7af0e6719b2756f3584c982d\"",
            "id": "gradle-update-check-action:Dependencies",
            "name": "Dependencies",
            "repository": "gradle-update-check-action",
            "url": "https://api.github.com/repos/MeilCli/gradle-update-check-action/labels/Dependencies"
          },
          "sensitive_attributes": [],
          "private": "eyJzY2hlbWFfdmVyc2lvbiI6IjAifQ=="
        },
        {
          "index_key": "npm-update-check-action",
          "schema_version": 0,
          "attributes": {
            "color": "abc43e",
            "description": "",
            "etag": "W/\"8118e5ba5d834d22806417d2e0614266beea3172b5edc05c20a31eada7f9f89e\"",
            "id": "npm-update-check-action:Dependencies",
            "name": "Dependencies",
            "repository": "npm-update-check-action",
            "url": "https://api.github.com/repos/MeilCli/npm-update-check-action/labels/Dependencies"
          },
          "sensitive_attributes": [],
          "private": "eyJzY2hlbWFfdmVyc2lvbiI6IjAifQ=="
        },
        {
          "index_key": "nuget-update-check-action",
          "schema_version": 0,
          "attributes": {
            "color": "abc43e",
            "description": "",
            "etag": "W/\"1e8cbebe4665e2b79c13bb91dd1db86c4f1b5cd42d2f2c77335416c7064dd4ee\"",
            "id": "nuget-update-check-action:Dependencies",
            "name": "Dependencies",
            "repository": "nuget-update-check-action",
            "url": "https://api.github.com/repos/MeilCli/nuget-update-check-action/labels/Dependencies"
          },
          "sensitive_attributes": [],
          "private": "eyJzY2hlbWFfdmVyc2lvbiI6IjAifQ=="
        },
        {
          "index_key": "setup-crystal-action",
          "schema_version": 0,
          "attributes": {
            "color": "abc43e",
            "description": "",
            "etag": "W/\"28cd81810a401ffc0da9bb7867dfe843d5d0ccafd41a5cfe3fe802956301302d\"",
            "id": "setup-crystal-action:Dependencies",
            "name": "Dependencies",
            "repository": "setup-crystal-action",
            "url": "https://api.github.com/repos/MeilCli/setup-crystal-action/labels/Dependencies"
          },
          "sensitive_attributes": [],
          "private": "eyJzY2hlbWFfdmVyc2lvbiI6IjAifQ=="
        },
        {
          "index_key": "slack-upload-file",
          "schema_version": 0,
          "attributes": {
            "color": "abc43e",
            "description": "",
            "etag": "W/\"d9a3926eb78df1f74216ef15f9c09fe93bd8059024dc7fe21cc80c4bf59e3abb\"",
            "id": "slack-upload-file:Dependencies",
            "name": "Dependencies",
            "repository": "slack-upload-file",
            "url": "https://api.github.com/repos/MeilCli/slack-upload-file/labels/Dependencies"
          },
          "sensitive_attributes": [],
          "private": "eyJzY2hlbWFfdmVyc2lvbiI6IjAifQ=="
        },
        {
          "index_key": "swiftpm-update-check-action",
          "schema_version": 0,
          "attributes": {
            "color": "abc43e",
            "description": "",
            "etag": "W/\"b2c5b3c1abec1397ca6485e37e29f76544b435a19eae9191d0e570de38cc04b1\"",
            "id": "swiftpm-update-check-action:Dependencies",
            "name": "Dependencies",
            "repository": "swiftpm-update-check-action",
            "url": "https://api.github.com/repos/MeilCli/swiftpm-update-check-action/labels/Dependencies"
          },
          "sensitive_attributes": [],
          "private": "eyJzY2hlbWFfdmVyc2lvbiI6IjAifQ=="
        },
        {
          "index_key": "test-command-action",
          "schema_version": 0,
          "attributes": {
            "color": "abc43e",
            "description": "",
            "etag": "W/\"b67add9f539074dcdd727672b09787c66cfa7b428b7d2926398ca7b24133f08b\"",
            "id": "test-command-action:Dependencies",
            "name": "Dependencies",
            "repository": "test-command-action",
            "url": "https://api.github.com/repos/MeilCli/test-command-action/labels/Dependencies"
          },
          "sensitive_attributes": [],
          "private": "eyJzY2hlbWFfdmVyc2lvbiI6IjAifQ=="
        }
      ]
    },
    {
      "mode": "managed",
      "type": "github_issue_label",
      "name": "old-action-Development",
      "provider": "provider[\"registry.terraform.io/integrations/github\"]",
      "instances": [
        {
          "index_key": "android-lint-statistics",
          "schema_version": 0,
          "attributes": {
            "color": "fef2c0",
            "description": "",
            "etag": "W/\"7a152c336ef85360148cdcd7bc9aa90539e90838deeecb939ba0e93d04c9bf78\"",
            "id": "android-lint-statistics:Development",
            "name": "Development",
            "repository": "android-lint-statistics",
            "url": "https://api.github.com/repos/MeilCli/android-lint-statistics/labels/Development"
          },
          "sensitive_attributes": [],
          "private": "eyJzY2hlbWFfdmVyc2lvbiI6IjAifQ=="
        },
        {
          "index_key": "bump-release-action",
          "schema_version": 0,
          "attributes": {
            "color": "fef2c0",
            "description": "",
            "etag": "W/\"7b3772c336dd09ed147d4be97890a0116163c6b896cb9f7781910112f96de3ba\"",
            "id": "bump-release-action:Development",
            "name": "Development",
            "repository": "bump-release-action",
            "url": "https://api.github.com/repos/MeilCli/bump-release-action/labels/Development"
          },
          "sensitive_attributes": [],
          "private": "eyJzY2hlbWFfdmVyc2lvbiI6IjAifQ=="
        },
        {
          "index_key": "carthage-update-check-action",
          "schema_version": 0,
          "attributes": {
            "color": "fef2c0",
            "description": "",
            "etag": "W/\"2c121f1a4f42787244ec20d157a707105db587112e60e4fe43c4df96a8416818\"",
            "id": "carthage-update-check-action:Development",
            "name": "Development",
            "repository": "carthage-update-check-action",
            "url": "https://api.github.com/repos/MeilCli/carthage-update-check-action/labels/Development"
          },
          "sensitive_attributes": [],
          "private": "eyJzY2hlbWFfdmVyc2lvbiI6IjAifQ=="
        },
        {
          "index_key": "cocoapods-update-check-action",
          "schema_version": 0,
          "attributes": {
            "color": "fef2c0",
            "description": "",
            "etag": "W/\"52628483c6ec297cbc07c24d80d24ac0892597eaba36bde98d420b81353ea54f\"",
            "id": "cocoapods-update-check-action:Development",
            "name": "Development",
            "repository": "cocoapods-update-check-action",
            "url": "https://api.github.com/repos/MeilCli/cocoapods-update-check-action/labels/Development"
          },
          "sensitive_attributes": [],
          "private": "eyJzY2hlbWFfdmVyc2lvbiI6IjAifQ=="
        },
        {
          "index_key": "danger-action",
          "schema_version": 0,
          "attributes": {
            "color": "fef2c0",
            "description": "",
            "etag": "W/\"96c795161fa085355dc7278e5bbdbc9bf47a00d39e46f19a25945748b5ab50db\"",
            "id": "danger-action:Development",
            "name": "Development",
            "repository": "danger-action",
            "url": "https://api.github.com/repos/MeilCli/danger-action/labels/Development"
          },
          "sensitive_attributes": [],
          "private": "eyJzY2hlbWFfdmVyc2lvbiI6IjAifQ=="
        },
        {
          "index_key": "detekt-statistics",
          "schema_version": 0,
          "attributes": {
            "color": "fef2c0",
            "description": "",
            "etag": "W/\"e15224e25371f71971b394fda7642c13fe707c879feb8a568f0bfe9f2f854ebd\"",
            "id": "detekt-statistics:Development",
            "name": "Development",
            "repository": "detekt-statistics",
            "url": "https://api.github.com/repos/MeilCli/detekt-statistics/labels/Development"
          },
          "sensitive_attributes": [],
          "private": "eyJzY2hlbWFfdmVyc2lvbiI6IjAifQ=="
        },
        {
          "index_key": "gradle-update-check-action",
          "schema_version": 0,
          "attributes": {
            "color": "fef2c0",
            "description": "",
            "etag": "W/\"ed88d67d001666e5dcf9e898feb59cf8c9898c2b85f9aebbe6b908b01e15488f\"",
            "id": "gradle-update-check-action:Development",
            "name": "Development",
            "repository": "gradle-update-check-action",
            "url": "https://api.github.com/repos/MeilCli/gradle-update-check-action/labels/Development"
          },
          "sensitive_attributes": [],
          "private": "eyJzY2hlbWFfdmVyc2lvbiI6IjAifQ=="
        },
        {
          "index_key": "npm-update-check-action",
          "schema_version": 0,
          "attributes": {
            "color": "fef2c0",
            "description": "",
            "etag": "W/\"49f17fdbcf6ec6d1393ca9889dd9b9b9bae03d94d732b0ec3a3ceeb5dabeb53d\"",
            "id": "npm-update-check-action:Development",
            "name": "Development",
            "repository": "npm-update-check-action",
            "url": "https://api.github.com/repos/MeilCli/npm-update-check-action/labels/Development"
          },
          "sensitive_attributes": [],
          "private": "eyJzY2hlbWFfdmVyc2lvbiI6IjAifQ=="
        },
        {
          "index_key": "nuget-update-check-action",
          "schema_version": 0,
          "attributes": {
            "color": "fef2c0",
            "description": "",
            "etag": "W/\"375242c757751363e9a4b91ac7119c65f957743ae249517eb067c7c0053ca00f\"",
            "id": "nuget-update-check-action:Development",
            "name": "Development",
            "repository": "nuget-update-check-action",
            "url": "https://api.github.com/repos/MeilCli/nuget-update-check-action/labels/Development"
          },
          "sensitive_attributes": [],
          "private": "eyJzY2hlbWFfdmVyc2lvbiI6IjAifQ=="
        },
        {
          "index_key": "setup-crystal-action",
          "schema_version": 0,
          "attributes": {
            "color": "fef2c0",
            "description": "",
            "etag": "W/\"688b487264715dbfc94a23ff919b6058ec7313413040cce0e3f44b8fecddbe11\"",
            "id": "setup-crystal-action:Development",
            "name": "Development",
            "repository": "setup-crystal-action",
            "url": "https://api.github.com/repos/MeilCli/setup-crystal-action/labels/Development"
          },
          "sensitive_attributes": [],
          "private": "eyJzY2hlbWFfdmVyc2lvbiI6IjAifQ=="
        },
        {
          "index_key": "slack-upload-file",
          "schema_version": 0,
          "attributes": {
            "color": "fef2c0",
            "description": "",
            "etag": "W/\"18b0cfe78b08cae47e6ce9a9a4e94b072bff1c3f2fe53e687f53ef2fece0fd49\"",
            "id": "slack-upload-file:Development",
            "name": "Development",
            "repository": "slack-upload-file",
            "url": "https://api.github.com/repos/MeilCli/slack-upload-file/labels/Development"
          },
          "sensitive_attributes": [],
          "private": "eyJzY2hlbWFfdmVyc2lvbiI6IjAifQ=="
        },
        {
          "index_key": "swiftpm-update-check-action",
          "schema_version": 0,
          "attributes": {
            "color": "fef2c0",
            "description": "",
            "etag": "W/\"ca24e9afeb3d6c64789a0e691eddf18890576b18532535e8ae6d52edb1eb4813\"",
            "id": "swiftpm-update-check-action:Development",
            "name": "Development",
            "repository": "swiftpm-update-check-action",
            "url": "https://api.github.com/repos/MeilCli/swiftpm-update-check-action/labels/Development"
          },
          "sensitive_attributes": [],
          "private": "eyJzY2hlbWFfdmVyc2lvbiI6IjAifQ=="
        },
        {
          "index_key": "test-command-action",
          "schema_version": 0,
          "attributes": {
            "color": "fef2c0",
            "description": "",
            "etag": "W/\"3185e0c9673ce5daed5d5097a9646df561d7bbe0a69a2b2a4eaf248b9d073d4f\"",
            "id": "test-command-action:Development",
            "name": "Development",
            "repository": "test-command-action",
            "url": "https://api.github.com/repos/MeilCli/test-command-action/labels/Development"
          },
          "sensitive_attributes": [],
          "private": "eyJzY2hlbWFfdmVyc2lvbiI6IjAifQ=="
        }
      ]
    },
    {
      "mode": "managed",
      "type": "github_issue_label",
      "name": "old-action-Documentation",
      "provider": "provider[\"registry.terraform.io/integrations/github\"]",
      "instances": [
        {
          "index_key": "android-lint-statistics",
          "schema_version": 0,
          "attributes": {
            "color": "1d76db",
            "description": "",
            "etag": "W/\"e5d43a816564bd4a7e6a894460e317df07d0a8ae218c36e963fc252a2c9bf562\"",
            "id": "android-lint-statistics:Documentation",
            "name": "Documentation",
            "repository": "android-lint-statistics",
            "url": "https://api.github.com/repos/MeilCli/android-lint-statistics/labels/Documentation"
          },
          "sensitive_attributes": [],
          "private": "eyJzY2hlbWFfdmVyc2lvbiI6IjAifQ=="
        },
        {
          "index_key": "bump-release-action",
          "schema_version": 0,
          "attributes": {
            "color": "1d76db",
            "description": "",
            "etag": "W/\"cde1d6746715ab71b7108cee490abb3a48c6f96cb1e17fdc533d3c5308ea21fa\"",
            "id": "bump-release-action:Documentation",
            "name": "Documentation",
            "repository": "bump-release-action",
            "url": "https://api.github.com/repos/MeilCli/bump-release-action/labels/Documentation"
          },
          "sensitive_attributes": [],
          "private": "eyJzY2hlbWFfdmVyc2lvbiI6IjAifQ=="
        },
        {
          "index_key": "carthage-update-check-action",
          "schema_version": 0,
          "attributes": {
            "color": "1d76db",
            "description": "",
            "etag": "W/\"78906911200e0c8de90a9fce45f038b6c24d8e056f0fa73fe9f50c4e2196a49f\"",
            "id": "carthage-update-check-action:Documentation",
            "name": "Documentation",
            "repository": "carthage-update-check-action",
            "url": "https://api.github.com/repos/MeilCli/carthage-update-check-action/labels/Documentation"
          },
          "sensitive_attributes": [],
          "private": "eyJzY2hlbWFfdmVyc2lvbiI6IjAifQ=="
        },
        {
          "index_key": "cocoapods-update-check-action",
          "schema_version": 0,
          "attributes": {
            "color": "1d76db",
            "description": "",
            "etag": "W/\"e07b5e4d7151a2b421dec947e0dea57eec5fabc13ada343f8f68d74533289644\"",
            "id": "cocoapods-update-check-action:Documentation",
            "name": "Documentation",
            "repository": "cocoapods-update-check-action",
            "url": "https://api.github.com/repos/MeilCli/cocoapods-update-check-action/labels/Documentation"
          },
          "sensitive_attributes": [],
          "private": "eyJzY2hlbWFfdmVyc2lvbiI6IjAifQ=="
        },
        {
          "index_key": "danger-action",
          "schema_version": 0,
          "attributes": {
            "color": "1d76db",
            "description": "",
            "etag": "W/\"40f730f551c1363556d7378c2c3469a2016c2c96f8470b42c7f0cf854e7b61d0\"",
            "id": "danger-action:Documentation",
            "name": "Documentation",
            "repository": "danger-action",
            "url": "https://api.github.com/repos/MeilCli/danger-action/labels/Documentation"
          },
          "sensitive_attributes": [],
          "private": "eyJzY2hlbWFfdmVyc2lvbiI6IjAifQ=="
        },
        {
          "index_key": "detekt-statistics",
          "schema_version": 0,
          "attributes": {
            "color": "1d76db",
            "description": "",
            "etag": "W/\"1d5ed74aac54ce91d94be3d161817930e79ffa567e9e5a00fbabb3edfb0c4fe4\"",
            "id": "detekt-statistics:Documentation",
            "name": "Documentation",
            "repository": "detekt-statistics",
            "url": "https://api.github.com/repos/MeilCli/detekt-statistics/labels/Documentation"
          },
          "sensitive_attributes": [],
          "private": "eyJzY2hlbWFfdmVyc2lvbiI6IjAifQ=="
        },
        {
          "index_key": "gradle-update-check-action",
          "schema_version": 0,
          "attributes": {
            "color": "1d76db",
            "description": "",
            "etag": "W/\"f3fb7938047f110610c1ba26e35561e344f8e0c778a5ea986db1c40f96fa0675\"",
            "id": "gradle-update-check-action:Documentation",
            "name": "Documentation",
            "repository": "gradle-update-check-action",
            "url": "https://api.github.com/repos/MeilCli/gradle-update-check-action/labels/Documentation"
          },
          "sensitive_attributes": [],
          "private": "eyJzY2hlbWFfdmVyc2lvbiI6IjAifQ=="
        },
        {
          "index_key": "npm-update-check-action",
          "schema_version": 0,
          "attributes": {
            "color": "1d76db",
            "description": "",
            "etag": "W/\"3d5481c6fc4270072e5c58bbb92ffb50bf9ca3c8d21d519d428cdc15daa78917\"",
            "id": "npm-update-check-action:Documentation",
            "name": "Documentation",
            "repository": "npm-update-check-action",
            "url": "https://api.github.com/repos/MeilCli/npm-update-check-action/labels/Documentation"
          },
          "sensitive_attributes": [],
          "private": "eyJzY2hlbWFfdmVyc2lvbiI6IjAifQ=="
        },
        {
          "index_key": "nuget-update-check-action",
          "schema_version": 0,
          "attributes": {
            "color": "1d76db",
            "description": "",
            "etag": "W/\"12ab6b3c740f324ec43e5e91d6513ab4c27ac9c8b4651b68c7ad1cad3e568712\"",
            "id": "nuget-update-check-action:Documentation",
            "name": "Documentation",
            "repository": "nuget-update-check-action",
            "url": "https://api.github.com/repos/MeilCli/nuget-update-check-action/labels/Documentation"
          },
          "sensitive_attributes": [],
          "private": "eyJzY2hlbWFfdmVyc2lvbiI6IjAifQ=="
        },
        {
          "index_key": "setup-crystal-action",
          "schema_version": 0,
          "attributes": {
            "color": "1d76db",
            "description": "",
            "etag": "W/\"a597758c983ee8a1feb0687cda7d7d6af996adff1fd56cca5092fa8a693d7d9f\"",
            "id": "setup-crystal-action:Documentation",
            "name": "Documentation",
            "repository": "setup-crystal-action",
            "url": "https://api.github.com/repos/MeilCli/setup-crystal-action/labels/Documentation"
          },
          "sensitive_attributes": [],
          "private": "eyJzY2hlbWFfdmVyc2lvbiI6IjAifQ=="
        },
        {
          "index_key": "slack-upload-file",
          "schema_version": 0,
          "attributes": {
            "color": "1d76db",
            "description": "",
            "etag": "W/\"bce01a31a0814f2eacbf71bb6ddf488143a37a7bf87c2f3f74c9d8ed09dc82db\"",
            "id": "slack-upload-file:Documentation",
            "name": "Documentation",
            "repository": "slack-upload-file",
            "url": "https://api.github.com/repos/MeilCli/slack-upload-file/labels/Documentation"
          },
          "sensitive_attributes": [],
          "private": "eyJzY2hlbWFfdmVyc2lvbiI6IjAifQ=="
        },
        {
          "index_key": "swiftpm-update-check-action",
          "schema_version": 0,
          "attributes": {
            "color": "1d76db",
            "description": "",
            "etag": "W/\"deb25ce20e6602a596b1b772982589b09273f40d9a8dd862de9ef7a30d741a89\"",
            "id": "swiftpm-update-check-action:Documentation",
            "name": "Documentation",
            "repository": "swiftpm-update-check-action",
            "url": "https://api.github.com/repos/MeilCli/swiftpm-update-check-action/labels/Documentation"
          },
          "sensitive_attributes": [],
          "private": "eyJzY2hlbWFfdmVyc2lvbiI6IjAifQ=="
        },
        {
          "index_key": "test-command-action",
          "schema_version": 0,
          "attributes": {
            "color": "1d76db",
            "description": "",
            "etag": "W/\"f56c54ec8554899e9daf3dd6ed9bc4f5cb5641884a0da5c84253f3f04d48e926\"",
            "id": "test-command-action:Documentation",
            "name": "Documentation",
            "repository": "test-command-action",
            "url": "https://api.github.com/repos/MeilCli/test-command-action/labels/Documentation"
          },
          "sensitive_attributes": [],
          "private": "eyJzY2hlbWFfdmVyc2lvbiI6IjAifQ=="
        }
      ]
    },
    {
      "mode": "managed",
      "type": "github_issue_label",
      "name": "old-action-Feature",
      "provider": "provider[\"registry.terraform.io/integrations/github\"]",
      "instances": [
        {
          "index_key": "android-lint-statistics",
          "schema_version": 0,
          "attributes": {
            "color": "a2eeef",
            "description": "New feature or request",
            "etag": "W/\"a4a073fb86723829aef4b00f00300537bfeda19018c8e4e19917ccbe8d0e1460\"",
            "id": "android-lint-statistics:Feature",
            "name": "Feature",
            "repository": "android-lint-statistics",
            "url": "https://api.github.com/repos/MeilCli/android-lint-statistics/labels/Feature"
          },
          "sensitive_attributes": [],
          "private": "eyJzY2hlbWFfdmVyc2lvbiI6IjAifQ=="
        },
        {
          "index_key": "bump-release-action",
          "schema_version": 0,
          "attributes": {
            "color": "a2eeef",
            "description": "New feature or request",
            "etag": "W/\"ff6b15f11e02373f7d6e41fae051550b67195bcc7853d31295599baf31fef32f\"",
            "id": "bump-release-action:Feature",
            "name": "Feature",
            "repository": "bump-release-action",
            "url": "https://api.github.com/repos/MeilCli/bump-release-action/labels/Feature"
          },
          "sensitive_attributes": [],
          "private": "eyJzY2hlbWFfdmVyc2lvbiI6IjAifQ=="
        },
        {
          "index_key": "carthage-update-check-action",
          "schema_version": 0,
          "attributes": {
            "color": "a2eeef",
            "description": "New feature or request",
            "etag": "W/\"9402db33f71299ae11481b70609736a76fcbb34476bca2aec430e9be30971230\"",
            "id": "carthage-update-check-action:Feature",
            "name": "Feature",
            "repository": "carthage-update-check-action",
            "url": "https://api.github.com/repos/MeilCli/carthage-update-check-action/labels/Feature"
          },
          "sensitive_attributes": [],
          "private": "eyJzY2hlbWFfdmVyc2lvbiI6IjAifQ=="
        },
        {
          "index_key": "cocoapods-update-check-action",
          "schema_version": 0,
          "attributes": {
            "color": "a2eeef",
            "description": "New feature or request",
            "etag": "W/\"a17da3626e1a0c3e916fdc81e73385728d2516437d7c0e740e2d21519c53a4d3\"",
            "id": "cocoapods-update-check-action:Feature",
            "name": "Feature",
            "repository": "cocoapods-update-check-action",
            "url": "https://api.github.com/repos/MeilCli/cocoapods-update-check-action/labels/Feature"
          },
          "sensitive_attributes": [],
          "private": "eyJzY2hlbWFfdmVyc2lvbiI6IjAifQ=="
        },
        {
          "index_key": "danger-action",
          "schema_version": 0,
          "attributes": {
            "color": "a2eeef",
            "description": "New feature or request",
            "etag": "W/\"5413553b9feb08906e022787a15992fd890ec968292cb4eb9189b9a059178bae\"",
            "id": "danger-action:Feature",
            "name": "Feature",
            "repository": "danger-action",
            "url": "https://api.github.com/repos/MeilCli/danger-action/labels/Feature"
          },
          "sensitive_attributes": [],
          "private": "eyJzY2hlbWFfdmVyc2lvbiI6IjAifQ=="
        },
        {
          "index_key": "detekt-statistics",
          "schema_version": 0,
          "attributes": {
            "color": "a2eeef",
            "description": "New feature or request",
            "etag": "W/\"14d0fe0045e6a2101ba85f3aa59fa274a25f2032b3ef301459c9c95fb6f3043f\"",
            "id": "detekt-statistics:Feature",
            "name": "Feature",
            "repository": "detekt-statistics",
            "url": "https://api.github.com/repos/MeilCli/detekt-statistics/labels/Feature"
          },
          "sensitive_attributes": [],
          "private": "eyJzY2hlbWFfdmVyc2lvbiI6IjAifQ=="
        },
        {
          "index_key": "gradle-update-check-action",
          "schema_version": 0,
          "attributes": {
            "color": "a2eeef",
            "description": "New feature or request",
            "etag": "W/\"cd39730343152b08e4864de3e20389970ec33f6d3529afc713066fbfeef3ed19\"",
            "id": "gradle-update-check-action:Feature",
            "name": "Feature",
            "repository": "gradle-update-check-action",
            "url": "https://api.github.com/repos/MeilCli/gradle-update-check-action/labels/Feature"
          },
          "sensitive_attributes": [],
          "private": "eyJzY2hlbWFfdmVyc2lvbiI6IjAifQ=="
        },
        {
          "index_key": "npm-update-check-action",
          "schema_version": 0,
          "attributes": {
            "color": "a2eeef",
            "description": "New feature or request",
            "etag": "W/\"1efea2acaa0cf7009250ec5251f50ec51515ab0dad5d54126d26fabdcda1b64c\"",
            "id": "npm-update-check-action:Feature",
            "name": "Feature",
            "repository": "npm-update-check-action",
            "url": "https://api.github.com/repos/MeilCli/npm-update-check-action/labels/Feature"
          },
          "sensitive_attributes": [],
          "private": "eyJzY2hlbWFfdmVyc2lvbiI6IjAifQ=="
        },
        {
          "index_key": "nuget-update-check-action",
          "schema_version": 0,
          "attributes": {
            "color": "a2eeef",
            "description": "New feature or request",
            "etag": "W/\"09e9271b0d8762ce263c44e8575256aa39addc03223ef9e3228fbd1fa3bda707\"",
            "id": "nuget-update-check-action:Feature",
            "name": "Feature",
            "repository": "nuget-update-check-action",
            "url": "https://api.github.com/repos/MeilCli/nuget-update-check-action/labels/Feature"
          },
          "sensitive_attributes": [],
          "private": "eyJzY2hlbWFfdmVyc2lvbiI6IjAifQ=="
        },
        {
          "index_key": "setup-crystal-action",
          "schema_version": 0,
          "attributes": {
            "color": "a2eeef",
            "description": "New feature or request",
            "etag": "W/\"1993a3995e6c2f0eef069cd8f67f0742ecb3b19383d6c8ea37a9c54e9c7f4b08\"",
            "id": "setup-crystal-action:Feature",
            "name": "Feature",
            "repository": "setup-crystal-action",
            "url": "https://api.github.com/repos/MeilCli/setup-crystal-action/labels/Feature"
          },
          "sensitive_attributes": [],
          "private": "eyJzY2hlbWFfdmVyc2lvbiI6IjAifQ=="
        },
        {
          "index_key": "slack-upload-file",
          "schema_version": 0,
          "attributes": {
            "color": "a2eeef",
            "description": "New feature or request",
            "etag": "W/\"d034d9715ebeac7c0ef106ffa70b82620a6fc6be0e7e5fd42724c3fc9bca7513\"",
            "id": "slack-upload-file:Feature",
            "name": "Feature",
            "repository": "slack-upload-file",
            "url": "https://api.github.com/repos/MeilCli/slack-upload-file/labels/Feature"
          },
          "sensitive_attributes": [],
          "private": "eyJzY2hlbWFfdmVyc2lvbiI6IjAifQ=="
        },
        {
          "index_key": "swiftpm-update-check-action",
          "schema_version": 0,
          "attributes": {
            "color": "a2eeef",
            "description": "New feature or request",
            "etag": "W/\"6c457fe2ba6fec75ed69bf3e8f534f2eda2c837662daa2943e1c4dcdbcfedd4d\"",
            "id": "swiftpm-update-check-action:Feature",
            "name": "Feature",
            "repository": "swiftpm-update-check-action",
            "url": "https://api.github.com/repos/MeilCli/swiftpm-update-check-action/labels/Feature"
          },
          "sensitive_attributes": [],
          "private": "eyJzY2hlbWFfdmVyc2lvbiI6IjAifQ=="
        },
        {
          "index_key": "test-command-action",
          "schema_version": 0,
          "attributes": {
            "color": "a2eeef",
            "description": "New feature or request",
            "etag": "W/\"5270ca46bdb84d450a850c050906b3297487a27f562f38c98707fed636138e59\"",
            "id": "test-command-action:Feature",
            "name": "Feature",
            "repository": "test-command-action",
            "url": "https://api.github.com/repos/MeilCli/test-command-action/labels/Feature"
          },
          "sensitive_attributes": [],
          "private": "eyJzY2hlbWFfdmVyc2lvbiI6IjAifQ=="
        }
      ]
    },
    {
      "mode": "managed",
      "type": "github_issue_label",
      "name": "old-action-Maintenance",
      "provider": "provider[\"registry.terraform.io/integrations/github\"]",
      "instances": [
        {
          "index_key": "android-lint-statistics",
          "schema_version": 0,
          "attributes": {
            "color": "4d6eb7",
            "description": "",
            "etag": "W/\"b8594e231f89917f6a5559d60d765f7d61c2d292e7af175864fecebcb87def4c\"",
            "id": "android-lint-statistics:Maintenance",
            "name": "Maintenance",
            "repository": "android-lint-statistics",
            "url": "https://api.github.com/repos/MeilCli/android-lint-statistics/labels/Maintenance"
          },
          "sensitive_attributes": [],
          "private": "eyJzY2hlbWFfdmVyc2lvbiI6IjAifQ=="
        },
        {
          "index_key": "bump-release-action",
          "schema_version": 0,
          "attributes": {
            "color": "4d6eb7",
            "description": "",
            "etag": "W/\"25e34a6b0643d90b82f50a592ee8fa68aa8d825c86e7c53626bdb9c63dc9923c\"",
            "id": "bump-release-action:Maintenance",
            "name": "Maintenance",
            "repository": "bump-release-action",
            "url": "https://api.github.com/repos/MeilCli/bump-release-action/labels/Maintenance"
          },
          "sensitive_attributes": [],
          "private": "eyJzY2hlbWFfdmVyc2lvbiI6IjAifQ=="
        },
        {
          "index_key": "carthage-update-check-action",
          "schema_version": 0,
          "attributes": {
            "color": "4d6eb7",
            "description": "",
            "etag": "W/\"2134a0679d834e94665192ea459f50d6bb97b5146df947a0fbcf763ccc1777c3\"",
            "id": "carthage-update-check-action:Maintenance",
            "name": "Maintenance",
            "repository": "carthage-update-check-action",
            "url": "https://api.github.com/repos/MeilCli/carthage-update-check-action/labels/Maintenance"
          },
          "sensitive_attributes": [],
          "private": "eyJzY2hlbWFfdmVyc2lvbiI6IjAifQ=="
        },
        {
          "index_key": "cocoapods-update-check-action",
          "schema_version": 0,
          "attributes": {
            "color": "4d6eb7",
            "description": "",
            "etag": "W/\"945b4c3012f24da140bd7f0a3267c9899024a440fa20f371aa4b09e73fd791b6\"",
            "id": "cocoapods-update-check-action:Maintenance",
            "name": "Maintenance",
            "repository": "cocoapods-update-check-action",
            "url": "https://api.github.com/repos/MeilCli/cocoapods-update-check-action/labels/Maintenance"
          },
          "sensitive_attributes": [],
          "private": "eyJzY2hlbWFfdmVyc2lvbiI6IjAifQ=="
        },
        {
          "index_key": "danger-action",
          "schema_version": 0,
          "attributes": {
            "color": "4d6eb7",
            "description": "",
            "etag": "W/\"b47934f5650c6ee72fcaa4e6d2e0d4cab8a77a2f1d18513dd01184ca16a34d09\"",
            "id": "danger-action:Maintenance",
            "name": "Maintenance",
            "repository": "danger-action",
            "url": "https://api.github.com/repos/MeilCli/danger-action/labels/Maintenance"
          },
          "sensitive_attributes": [],
          "private": "eyJzY2hlbWFfdmVyc2lvbiI6IjAifQ=="
        },
        {
          "index_key": "detekt-statistics",
          "schema_version": 0,
          "attributes": {
            "color": "4d6eb7",
            "description": "",
            "etag": "W/\"cf79bc8ab320d4710586a1a28c7efd4cd1213f6d574acf70507a82173079a924\"",
            "id": "detekt-statistics:Maintenance",
            "name": "Maintenance",
            "repository": "detekt-statistics",
            "url": "https://api.github.com/repos/MeilCli/detekt-statistics/labels/Maintenance"
          },
          "sensitive_attributes": [],
          "private": "eyJzY2hlbWFfdmVyc2lvbiI6IjAifQ=="
        },
        {
          "index_key": "gradle-update-check-action",
          "schema_version": 0,
          "attributes": {
            "color": "4d6eb7",
            "description": "",
            "etag": "W/\"1cd9971cb65ebb172fecf6cd27e022202e204ed8ac75b2fc348ea244190d3c64\"",
            "id": "gradle-update-check-action:Maintenance",
            "name": "Maintenance",
            "repository": "gradle-update-check-action",
            "url": "https://api.github.com/repos/MeilCli/gradle-update-check-action/labels/Maintenance"
          },
          "sensitive_attributes": [],
          "private": "eyJzY2hlbWFfdmVyc2lvbiI6IjAifQ=="
        },
        {
          "index_key": "npm-update-check-action",
          "schema_version": 0,
          "attributes": {
            "color": "4d6eb7",
            "description": "",
            "etag": "W/\"c74677398ecec5f416039f745569a3e9561b5a0b0da45adb87ee03a02558e894\"",
            "id": "npm-update-check-action:Maintenance",
            "name": "Maintenance",
            "repository": "npm-update-check-action",
            "url": "https://api.github.com/repos/MeilCli/npm-update-check-action/labels/Maintenance"
          },
          "sensitive_attributes": [],
          "private": "eyJzY2hlbWFfdmVyc2lvbiI6IjAifQ=="
        },
        {
          "index_key": "nuget-update-check-action",
          "schema_version": 0,
          "attributes": {
            "color": "4d6eb7",
            "description": "",
            "etag": "W/\"ade864ea6f5acdb2aad8d674dffffbf854d7bb6675e504fe042f7528d1c6c313\"",
            "id": "nuget-update-check-action:Maintenance",
            "name": "Maintenance",
            "repository": "nuget-update-check-action",
            "url": "https://api.github.com/repos/MeilCli/nuget-update-check-action/labels/Maintenance"
          },
          "sensitive_attributes": [],
          "private": "eyJzY2hlbWFfdmVyc2lvbiI6IjAifQ=="
        },
        {
          "index_key": "setup-crystal-action",
          "schema_version": 0,
          "attributes": {
            "color": "4d6eb7",
            "description": "",
            "etag": "W/\"18238864f09711969d5baaf11ef8bbf80f5a263cf2dcade804f830108d9273f8\"",
            "id": "setup-crystal-action:Maintenance",
            "name": "Maintenance",
            "repository": "setup-crystal-action",
            "url": "https://api.github.com/repos/MeilCli/setup-crystal-action/labels/Maintenance"
          },
          "sensitive_attributes": [],
          "private": "eyJzY2hlbWFfdmVyc2lvbiI6IjAifQ=="
        },
        {
          "index_key": "slack-upload-file",
          "schema_version": 0,
          "attributes": {
            "color": "4d6eb7",
            "description": "",
            "etag": "W/\"bcf3397cead677bb0a5a186dab4de017449b043fe7400a30aae5c10e9e84796f\"",
            "id": "slack-upload-file:Maintenance",
            "name": "Maintenance",
            "repository": "slack-upload-file",
            "url": "https://api.github.com/repos/MeilCli/slack-upload-file/labels/Maintenance"
          },
          "sensitive_attributes": [],
          "private": "eyJzY2hlbWFfdmVyc2lvbiI6IjAifQ=="
        },
        {
          "index_key": "swiftpm-update-check-action",
          "schema_version": 0,
          "attributes": {
            "color": "4d6eb7",
            "description": "",
            "etag": "W/\"d491ce91eff47f390017a9a5b5406ed6a95409ab733a547cf4e75ba0058cfb30\"",
            "id": "swiftpm-update-check-action:Maintenance",
            "name": "Maintenance",
            "repository": "swiftpm-update-check-action",
            "url": "https://api.github.com/repos/MeilCli/swiftpm-update-check-action/labels/Maintenance"
          },
          "sensitive_attributes": [],
          "private": "eyJzY2hlbWFfdmVyc2lvbiI6IjAifQ=="
        },
        {
          "index_key": "test-command-action",
          "schema_version": 0,
          "attributes": {
            "color": "4d6eb7",
            "description": "",
            "etag": "W/\"c4ddc625be441b177dad0425acccd698e7d4592fb9bee4c955b6f9e92fd67675\"",
            "id": "test-command-action:Maintenance",
            "name": "Maintenance",
            "repository": "test-command-action",
            "url": "https://api.github.com/repos/MeilCli/test-command-action/labels/Maintenance"
          },
          "sensitive_attributes": [],
          "private": "eyJzY2hlbWFfdmVyc2lvbiI6IjAifQ=="
        }
      ]
    },
    {
      "mode": "managed",
      "type": "github_issue_label",
      "name": "old-action-Question",
      "provider": "provider[\"registry.terraform.io/integrations/github\"]",
      "instances": [
        {
          "index_key": "android-lint-statistics",
          "schema_version": 0,
          "attributes": {
            "color": "d876e3",
            "description": "Further information is requested",
            "etag": "W/\"4e337a04c4bfbabeb16147f0287bb52b05ddfcfdc6aaf9ce26895b34a64aa807\"",
            "id": "android-lint-statistics:Question",
            "name": "Question",
            "repository": "android-lint-statistics",
            "url": "https://api.github.com/repos/MeilCli/android-lint-statistics/labels/Question"
          },
          "sensitive_attributes": [],
          "private": "eyJzY2hlbWFfdmVyc2lvbiI6IjAifQ=="
        },
        {
          "index_key": "bump-release-action",
          "schema_version": 0,
          "attributes": {
            "color": "d876e3",
            "description": "Further information is requested",
            "etag": "W/\"a5757a44dfe86c70c88bf647e57616cdb6e17893230cddc56bc9c288a85bca44\"",
            "id": "bump-release-action:Question",
            "name": "Question",
            "repository": "bump-release-action",
            "url": "https://api.github.com/repos/MeilCli/bump-release-action/labels/Question"
          },
          "sensitive_attributes": [],
          "private": "eyJzY2hlbWFfdmVyc2lvbiI6IjAifQ=="
        },
        {
          "index_key": "carthage-update-check-action",
          "schema_version": 0,
          "attributes": {
            "color": "d876e3",
            "description": "Further information is requested",
            "etag": "W/\"644540d3b72d104a9409e973ea9492bf1ce51072a84d2b0abdaa18a6ce6cd190\"",
            "id": "carthage-update-check-action:Question",
            "name": "Question",
            "repository": "carthage-update-check-action",
            "url": "https://api.github.com/repos/MeilCli/carthage-update-check-action/labels/Question"
          },
          "sensitive_attributes": [],
          "private": "eyJzY2hlbWFfdmVyc2lvbiI6IjAifQ=="
        },
        {
          "index_key": "cocoapods-update-check-action",
          "schema_version": 0,
          "attributes": {
            "color": "d876e3",
            "description": "Further information is requested",
            "etag": "W/\"829be8d5dece8ae84bc43ad9f3927aba0eebfeccf63a33dd34acbd500ddbdc99\"",
            "id": "cocoapods-update-check-action:Question",
            "name": "Question",
            "repository": "cocoapods-update-check-action",
            "url": "https://api.github.com/repos/MeilCli/cocoapods-update-check-action/labels/Question"
          },
          "sensitive_attributes": [],
          "private": "eyJzY2hlbWFfdmVyc2lvbiI6IjAifQ=="
        },
        {
          "index_key": "danger-action",
          "schema_version": 0,
          "attributes": {
            "color": "d876e3",
            "description": "Further information is requested",
            "etag": "W/\"1a585b164c24d7b5e4fb16faca29ae08b1f4d7bb6d02b7c0ada689ebfafe6ce6\"",
            "id": "danger-action:Question",
            "name": "Question",
            "repository": "danger-action",
            "url": "https://api.github.com/repos/MeilCli/danger-action/labels/Question"
          },
          "sensitive_attributes": [],
          "private": "eyJzY2hlbWFfdmVyc2lvbiI6IjAifQ=="
        },
        {
          "index_key": "detekt-statistics",
          "schema_version": 0,
          "attributes": {
            "color": "d876e3",
            "description": "Further information is requested",
            "etag": "W/\"8e029da684e5a41bddcd062f7b993f983506b563e0cfdfacabfc4871e6ecf5e0\"",
            "id": "detekt-statistics:Question",
            "name": "Question",
            "repository": "detekt-statistics",
            "url": "https://api.github.com/repos/MeilCli/detekt-statistics/labels/Question"
          },
          "sensitive_attributes": [],
          "private": "eyJzY2hlbWFfdmVyc2lvbiI6IjAifQ=="
        },
        {
          "index_key": "gradle-update-check-action",
          "schema_version": 0,
          "attributes": {
            "color": "d876e3",
            "description": "Further information is requested",
            "etag": "W/\"c135e7f9467636b920264303e0e85e4679a19445f15bddd62c9c5b8a0eee5f5a\"",
            "id": "gradle-update-check-action:Question",
            "name": "Question",
            "repository": "gradle-update-check-action",
            "url": "https://api.github.com/repos/MeilCli/gradle-update-check-action/labels/Question"
          },
          "sensitive_attributes": [],
          "private": "eyJzY2hlbWFfdmVyc2lvbiI6IjAifQ=="
        },
        {
          "index_key": "npm-update-check-action",
          "schema_version": 0,
          "attributes": {
            "color": "d876e3",
            "description": "Further information is requested",
            "etag": "W/\"a8e0de64469ec9c0a05a8adc6fe8ddb423617490d38275592280dcee0912ee28\"",
            "id": "npm-update-check-action:Question",
            "name": "Question",
            "repository": "npm-update-check-action",
            "url": "https://api.github.com/repos/MeilCli/npm-update-check-action/labels/Question"
          },
          "sensitive_attributes": [],
          "private": "eyJzY2hlbWFfdmVyc2lvbiI6IjAifQ=="
        },
        {
          "index_key": "nuget-update-check-action",
          "schema_version": 0,
          "attributes": {
            "color": "d876e3",
            "description": "Further information is requested",
            "etag": "W/\"d2df198d02bb779bd8fbead480ab844d76fcbc8cb6b6b55d7e003a1557e2bb1c\"",
            "id": "nuget-update-check-action:Question",
            "name": "Question",
            "repository": "nuget-update-check-action",
            "url": "https://api.github.com/repos/MeilCli/nuget-update-check-action/labels/Question"
          },
          "sensitive_attributes": [],
          "private": "eyJzY2hlbWFfdmVyc2lvbiI6IjAifQ=="
        },
        {
          "index_key": "setup-crystal-action",
          "schema_version": 0,
          "attributes": {
            "color": "d876e3",
            "description": "Further information is requested",
            "etag": "W/\"3d857d9456fd4f382c54560666265f1e0c866d499b83e791d081aef2fb99090e\"",
            "id": "setup-crystal-action:Question",
            "name": "Question",
            "repository": "setup-crystal-action",
            "url": "https://api.github.com/repos/MeilCli/setup-crystal-action/labels/Question"
          },
          "sensitive_attributes": [],
          "private": "eyJzY2hlbWFfdmVyc2lvbiI6IjAifQ=="
        },
        {
          "index_key": "slack-upload-file",
          "schema_version": 0,
          "attributes": {
            "color": "d876e3",
            "description": "Further information is requested",
            "etag": "W/\"e84e5a7d8b559621f23781676f94dd500a0533cd007f008d640c92a94ca909fa\"",
            "id": "slack-upload-file:Question",
            "name": "Question",
            "repository": "slack-upload-file",
            "url": "https://api.github.com/repos/MeilCli/slack-upload-file/labels/Question"
          },
          "sensitive_attributes": [],
          "private": "eyJzY2hlbWFfdmVyc2lvbiI6IjAifQ=="
        },
        {
          "index_key": "swiftpm-update-check-action",
          "schema_version": 0,
          "attributes": {
            "color": "d876e3",
            "description": "Further information is requested",
            "etag": "W/\"d28a09b9c4f8302511a9a704b4c60862a66e4bd8dc58c7221f3e2aecf04025f1\"",
            "id": "swiftpm-update-check-action:Question",
            "name": "Question",
            "repository": "swiftpm-update-check-action",
            "url": "https://api.github.com/repos/MeilCli/swiftpm-update-check-action/labels/Question"
          },
          "sensitive_attributes": [],
          "private": "eyJzY2hlbWFfdmVyc2lvbiI6IjAifQ=="
        },
        {
          "index_key": "test-command-action",
          "schema_version": 0,
          "attributes": {
            "color": "d876e3",
            "description": "Further information is requested",
            "etag": "W/\"b9136262d71d4e0a94c6daa8dbccefdeb435e6b9c6292018bedc64054af041ef\"",
            "id": "test-command-action:Question",
            "name": "Question",
            "repository": "test-command-action",
            "url": "https://api.github.com/repos/MeilCli/test-command-action/labels/Question"
          },
          "sensitive_attributes": [],
          "private": "eyJzY2hlbWFfdmVyc2lvbiI6IjAifQ=="
        }
      ]
    },
    {
      "mode": "managed",
      "type": "github_repository",
      "name": "action",
      "provider": "provider[\"registry.terraform.io/integrations/github\"]",
      "instances": [
        {
          "index_key": "check-run-auto",
          "schema_version": 0,
          "attributes": {
            "allow_merge_commit": true,
            "allow_rebase_merge": false,
            "allow_squash_merge": true,
            "archive_on_destroy": null,
            "archived": false,
            "auto_init": false,
            "default_branch": "master",
            "delete_branch_on_merge": true,
            "description": "",
            "etag": "W/\"3c3f93cb43cd4d70075463718f40a3605af10e5ff2a34fde04babe88b427a955\"",
            "full_name": "MeilCli/check-run-auto",
            "git_clone_url": "git://github.com/MeilCli/check-run-auto.git",
            "gitignore_template": null,
            "has_downloads": true,
            "has_issues": true,
            "has_projects": false,
            "has_wiki": false,
            "homepage_url": "https://github.com/MeilCli/actions",
            "html_url": "https://github.com/MeilCli/check-run-auto",
            "http_clone_url": "https://github.com/MeilCli/check-run-auto.git",
            "id": "check-run-auto",
            "is_template": false,
            "license_template": null,
            "name": "check-run-auto",
            "node_id": "MDEwOlJlcG9zaXRvcnkyODI2NjY4OTg=",
            "pages": [],
            "private": false,
            "repo_id": 282666898,
            "ssh_clone_url": "git@github.com:MeilCli/check-run-auto.git",
            "svn_url": "https://github.com/MeilCli/check-run-auto",
            "template": [
              {
                "owner": "MeilCli",
                "repository": "action-template"
              }
            ],
            "topics": [],
            "visibility": "public",
            "vulnerability_alerts": true
          },
          "sensitive_attributes": [],
          "private": "bnVsbA=="
        },
        {
          "index_key": "common-lint-reporter",
          "schema_version": 0,
          "attributes": {
            "allow_merge_commit": true,
            "allow_rebase_merge": false,
            "allow_squash_merge": true,
            "archive_on_destroy": null,
            "archived": false,
            "auto_init": false,
            "default_branch": "master",
            "delete_branch_on_merge": true,
            "description": "generalized lint reporter action",
            "etag": "W/\"8a53aedc5b82462951ec7b1d7148d9f9d0adf9d3b3b814d1e260353ddc8fd087\"",
            "full_name": "MeilCli/common-lint-reporter",
            "git_clone_url": "git://github.com/MeilCli/common-lint-reporter.git",
            "gitignore_template": null,
            "has_downloads": true,
            "has_issues": true,
            "has_projects": false,
            "has_wiki": false,
            "homepage_url": "https://github.com/MeilCli/actions",
            "html_url": "https://github.com/MeilCli/common-lint-reporter",
            "http_clone_url": "https://github.com/MeilCli/common-lint-reporter.git",
            "id": "common-lint-reporter",
            "is_template": false,
            "license_template": null,
            "name": "common-lint-reporter",
            "node_id": "MDEwOlJlcG9zaXRvcnkzNDc2MjY2MjM=",
            "pages": [],
            "private": false,
            "repo_id": 347626623,
            "ssh_clone_url": "git@github.com:MeilCli/common-lint-reporter.git",
            "svn_url": "https://github.com/MeilCli/common-lint-reporter",
            "template": [
              {
                "owner": "MeilCli",
                "repository": "action-template"
              }
            ],
            "topics": [
              "github-actions",
              "lint",
              "reporting"
            ],
            "visibility": "public",
            "vulnerability_alerts": true
          },
          "sensitive_attributes": [],
          "private": "bnVsbA=="
        },
        {
          "index_key": "hidable-comment-action",
          "schema_version": 0,
          "attributes": {
            "allow_merge_commit": true,
            "allow_rebase_merge": false,
            "allow_squash_merge": true,
            "archive_on_destroy": null,
            "archived": false,
            "auto_init": false,
            "default_branch": "master",
            "delete_branch_on_merge": true,
            "description": "Create, update or delete comment by action argument",
            "etag": "W/\"5c6c197edba42a19e225e8789a8cbcc5b31637535618eccc6b05e39094cfce02\"",
            "full_name": "MeilCli/hidable-comment-action",
            "git_clone_url": "git://github.com/MeilCli/hidable-comment-action.git",
            "gitignore_template": null,
            "has_downloads": true,
            "has_issues": true,
            "has_projects": false,
            "has_wiki": false,
            "homepage_url": "https://github.com/MeilCli/actions",
            "html_url": "https://github.com/MeilCli/hidable-comment-action",
            "http_clone_url": "https://github.com/MeilCli/hidable-comment-action.git",
            "id": "hidable-comment-action",
            "is_template": false,
            "license_template": null,
            "name": "hidable-comment-action",
            "node_id": "MDEwOlJlcG9zaXRvcnkzNDMwODAzNzI=",
            "pages": [],
            "private": false,
            "repo_id": 343080372,
            "ssh_clone_url": "git@github.com:MeilCli/hidable-comment-action.git",
            "svn_url": "https://github.com/MeilCli/hidable-comment-action",
            "template": [
              {
                "owner": "MeilCli",
                "repository": "action-template"
              }
            ],
            "topics": [
              "actions",
              "github-actions"
            ],
            "visibility": "public",
            "vulnerability_alerts": true
          },
          "sensitive_attributes": [],
          "private": "bnVsbA=="
        },
        {
          "index_key": "regex-match",
          "schema_version": 0,
          "attributes": {
            "allow_merge_commit": true,
            "allow_rebase_merge": false,
            "allow_squash_merge": true,
            "archive_on_destroy": null,
            "archived": false,
            "auto_init": false,
            "default_branch": "master",
            "delete_branch_on_merge": true,
            "description": "regex match action",
            "etag": "W/\"365640421ee253f98e25454087d474101200284ccc116c34b117eebbd8985c68\"",
            "full_name": "MeilCli/regex-match",
            "git_clone_url": "git://github.com/MeilCli/regex-match.git",
            "gitignore_template": null,
            "has_downloads": true,
            "has_issues": true,
            "has_projects": false,
            "has_wiki": false,
            "homepage_url": "https://github.com/MeilCli/actions",
            "html_url": "https://github.com/MeilCli/regex-match",
            "http_clone_url": "https://github.com/MeilCli/regex-match.git",
            "id": "regex-match",
            "is_template": false,
            "license_template": null,
            "name": "regex-match",
            "node_id": "MDEwOlJlcG9zaXRvcnkyODI2NTkzNDk=",
            "pages": [],
            "private": false,
            "repo_id": 282659349,
            "ssh_clone_url": "git@github.com:MeilCli/regex-match.git",
            "svn_url": "https://github.com/MeilCli/regex-match",
            "template": [
              {
                "owner": "MeilCli",
                "repository": "action-template"
              }
            ],
            "topics": [
              "github-actions",
              "regex-match"
            ],
            "visibility": "public",
            "vulnerability_alerts": true
          },
          "sensitive_attributes": [],
          "private": "eyJzY2hlbWFfdmVyc2lvbiI6IjAifQ=="
        }
      ]
    },
    {
      "mode": "managed",
      "type": "github_repository",
      "name": "action-template",
      "provider": "provider[\"registry.terraform.io/integrations/github\"]",
      "instances": [
        {
          "schema_version": 0,
          "attributes": {
            "allow_merge_commit": true,
            "allow_rebase_merge": false,
            "allow_squash_merge": true,
            "archive_on_destroy": null,
            "archived": false,
            "auto_init": false,
            "default_branch": "master",
            "delete_branch_on_merge": true,
            "description": "This repository is my GitHub Action Repository template",
            "etag": "W/\"d130d8c8580c174d6685a5bc3537b33d55c8fb12c890e95ca90a31e62757881c\"",
            "full_name": "MeilCli/action-template",
            "git_clone_url": "git://github.com/MeilCli/action-template.git",
            "gitignore_template": null,
            "has_downloads": true,
            "has_issues": true,
            "has_projects": false,
            "has_wiki": false,
            "homepage_url": "",
            "html_url": "https://github.com/MeilCli/action-template",
            "http_clone_url": "https://github.com/MeilCli/action-template.git",
            "id": "action-template",
            "is_template": true,
            "license_template": null,
            "name": "action-template",
            "node_id": "MDEwOlJlcG9zaXRvcnkyODI2NTAzNjE=",
            "pages": [],
            "private": false,
            "repo_id": 282650361,
            "ssh_clone_url": "git@github.com:MeilCli/action-template.git",
            "svn_url": "https://github.com/MeilCli/action-template",
            "template": [],
            "topics": [],
            "visibility": "public",
            "vulnerability_alerts": true
          },
          "sensitive_attributes": [],
          "private": "eyJzY2hlbWFfdmVyc2lvbiI6IjAifQ=="
        }
      ]
    },
    {
      "mode": "managed",
      "type": "github_repository",
      "name": "notion-db-notification",
      "provider": "provider[\"registry.terraform.io/integrations/github\"]",
      "instances": [
        {
          "schema_version": 0,
          "attributes": {
            "allow_merge_commit": true,
            "allow_rebase_merge": false,
            "allow_squash_merge": true,
            "archive_on_destroy": null,
            "archived": false,
            "auto_init": false,
            "default_branch": "master",
            "delete_branch_on_merge": true,
            "description": "This cli tool is that notify created or updated page of notion database",
            "etag": "W/\"b802b510dbd813d6f98fbfd32a31db102e1d273b2e78aeefb78102467767b60e\"",
            "full_name": "MeilCli/notion-db-notification",
            "git_clone_url": "git://github.com/MeilCli/notion-db-notification.git",
            "gitignore_template": null,
            "has_downloads": true,
            "has_issues": true,
            "has_projects": false,
            "has_wiki": false,
            "homepage_url": "",
            "html_url": "https://github.com/MeilCli/notion-db-notification",
            "http_clone_url": "https://github.com/MeilCli/notion-db-notification.git",
            "id": "notion-db-notification",
            "is_template": false,
            "license_template": null,
            "name": "notion-db-notification",
            "node_id": "R_kgDOG1lCbw",
            "pages": [],
            "private": false,
            "repo_id": 458834543,
            "ssh_clone_url": "git@github.com:MeilCli/notion-db-notification.git",
            "svn_url": "https://github.com/MeilCli/notion-db-notification",
            "template": [],
            "topics": [],
            "visibility": "public",
            "vulnerability_alerts": true
          },
          "sensitive_attributes": [],
          "private": "eyJzY2hlbWFfdmVyc2lvbiI6IjAifQ=="
        }
      ]
    },
    {
      "mode": "managed",
      "type": "github_repository",
      "name": "old-action",
      "provider": "provider[\"registry.terraform.io/integrations/github\"]",
      "instances": [
        {
          "index_key": "android-lint-statistics",
          "schema_version": 0,
          "attributes": {
            "allow_merge_commit": true,
            "allow_rebase_merge": false,
            "allow_squash_merge": true,
            "archive_on_destroy": null,
            "archived": false,
            "auto_init": false,
            "default_branch": "master",
            "delete_branch_on_merge": true,
            "description": "Generate android lint statistics action",
            "etag": "W/\"a6f69b75d9b7532fb87585cd2f75d8cd63c0a692623cbfcf2176446831ffed81\"",
            "full_name": "MeilCli/android-lint-statistics",
            "git_clone_url": "git://github.com/MeilCli/android-lint-statistics.git",
            "gitignore_template": null,
            "has_downloads": true,
            "has_issues": true,
            "has_projects": false,
            "has_wiki": false,
            "homepage_url": "https://github.com/MeilCli/actions",
            "html_url": "https://github.com/MeilCli/android-lint-statistics",
            "http_clone_url": "https://github.com/MeilCli/android-lint-statistics.git",
            "id": "android-lint-statistics",
            "is_template": false,
            "license_template": null,
            "name": "android-lint-statistics",
            "node_id": "MDEwOlJlcG9zaXRvcnkyODA1ODU0MjY=",
            "pages": [],
            "private": false,
            "repo_id": 280585426,
            "ssh_clone_url": "git@github.com:MeilCli/android-lint-statistics.git",
            "svn_url": "https://github.com/MeilCli/android-lint-statistics",
            "template": [],
            "topics": [
              "android",
              "android-lint",
              "github-actions"
            ],
            "visibility": "public",
            "vulnerability_alerts": true
          },
          "sensitive_attributes": [],
          "private": "eyJzY2hlbWFfdmVyc2lvbiI6IjAifQ=="
        },
        {
          "index_key": "bump-release-action",
          "schema_version": 0,
          "attributes": {
            "allow_merge_commit": true,
            "allow_rebase_merge": false,
            "allow_squash_merge": true,
            "archive_on_destroy": null,
            "archived": false,
            "auto_init": false,
            "default_branch": "master",
            "delete_branch_on_merge": true,
            "description": "Bump version and publish release action",
            "etag": "W/\"d5beaa5216629737cf703ddb151c62af5b511289962bd0ad37b6102d0b927bb7\"",
            "full_name": "MeilCli/bump-release-action",
            "git_clone_url": "git://github.com/MeilCli/bump-release-action.git",
            "gitignore_template": null,
            "has_downloads": true,
            "has_issues": true,
            "has_projects": false,
            "has_wiki": false,
            "homepage_url": "https://github.com/MeilCli/actions",
            "html_url": "https://github.com/MeilCli/bump-release-action",
            "http_clone_url": "https://github.com/MeilCli/bump-release-action.git",
            "id": "bump-release-action",
            "is_template": false,
            "license_template": null,
            "name": "bump-release-action",
            "node_id": "MDEwOlJlcG9zaXRvcnkyODIwMTMxNjg=",
            "pages": [],
            "private": false,
            "repo_id": 282013168,
            "ssh_clone_url": "git@github.com:MeilCli/bump-release-action.git",
            "svn_url": "https://github.com/MeilCli/bump-release-action",
            "template": [],
            "topics": [
              "bump-version",
              "github-actions",
              "release-notes",
              "tag-manager"
            ],
            "visibility": "public",
            "vulnerability_alerts": true
          },
          "sensitive_attributes": [],
          "private": "eyJzY2hlbWFfdmVyc2lvbiI6IjAifQ=="
        },
        {
          "index_key": "carthage-update-check-action",
          "schema_version": 0,
          "attributes": {
            "allow_merge_commit": true,
            "allow_rebase_merge": false,
            "allow_squash_merge": true,
            "archive_on_destroy": null,
            "archived": false,
            "auto_init": false,
            "default_branch": "master",
            "delete_branch_on_merge": true,
            "description": "Carthage new package version check action for GitHub Actions.",
            "etag": "W/\"7c700966f8eaa044f2d89a1c67f1259838951890622e6e91721c4bc9b29390ee\"",
            "full_name": "MeilCli/carthage-update-check-action",
            "git_clone_url": "git://github.com/MeilCli/carthage-update-check-action.git",
            "gitignore_template": null,
            "has_downloads": true,
            "has_issues": true,
            "has_projects": false,
            "has_wiki": false,
            "homepage_url": "https://github.com/MeilCli/actions",
            "html_url": "https://github.com/MeilCli/carthage-update-check-action",
            "http_clone_url": "https://github.com/MeilCli/carthage-update-check-action.git",
            "id": "carthage-update-check-action",
            "is_template": false,
            "license_template": null,
            "name": "carthage-update-check-action",
            "node_id": "MDEwOlJlcG9zaXRvcnkyMTIyMzcyOTM=",
            "pages": [],
            "private": false,
            "repo_id": 212237293,
            "ssh_clone_url": "git@github.com:MeilCli/carthage-update-check-action.git",
            "svn_url": "https://github.com/MeilCli/carthage-update-check-action",
            "template": [],
            "topics": [
              "actions",
              "carthage",
              "github-actions"
            ],
            "visibility": "public",
            "vulnerability_alerts": true
          },
          "sensitive_attributes": [],
          "private": "eyJzY2hlbWFfdmVyc2lvbiI6IjAifQ=="
        },
        {
          "index_key": "cocoapods-update-check-action",
          "schema_version": 0,
          "attributes": {
            "allow_merge_commit": true,
            "allow_rebase_merge": false,
            "allow_squash_merge": true,
            "archive_on_destroy": null,
            "archived": false,
            "auto_init": false,
            "default_branch": "master",
            "delete_branch_on_merge": true,
            "description": "CocoaPods new package version check action for GitHub Actions.",
            "etag": "W/\"c30ef50b86b61d7978d1508e21a1409b2247674511868b0a09c19fcf84da3297\"",
            "full_name": "MeilCli/cocoapods-update-check-action",
            "git_clone_url": "git://github.com/MeilCli/cocoapods-update-check-action.git",
            "gitignore_template": null,
            "has_downloads": true,
            "has_issues": true,
            "has_projects": false,
            "has_wiki": false,
            "homepage_url": "https://github.com/MeilCli/actions",
            "html_url": "https://github.com/MeilCli/cocoapods-update-check-action",
            "http_clone_url": "https://github.com/MeilCli/cocoapods-update-check-action.git",
            "id": "cocoapods-update-check-action",
            "is_template": false,
            "license_template": null,
            "name": "cocoapods-update-check-action",
            "node_id": "MDEwOlJlcG9zaXRvcnkyMTE4NTQzODg=",
            "pages": [],
            "private": false,
            "repo_id": 211854388,
            "ssh_clone_url": "git@github.com:MeilCli/cocoapods-update-check-action.git",
            "svn_url": "https://github.com/MeilCli/cocoapods-update-check-action",
            "template": [],
            "topics": [
              "actions",
              "cocoapods",
              "github-actions"
            ],
            "visibility": "public",
            "vulnerability_alerts": true
          },
          "sensitive_attributes": [],
          "private": "eyJzY2hlbWFfdmVyc2lvbiI6IjAifQ=="
        },
        {
          "index_key": "danger-action",
          "schema_version": 0,
          "attributes": {
            "allow_merge_commit": true,
            "allow_rebase_merge": false,
            "allow_squash_merge": true,
            "archive_on_destroy": null,
            "archived": false,
            "auto_init": false,
            "default_branch": "master",
            "delete_branch_on_merge": true,
            "description": "Execute danger action for GitHub Actions.",
            "etag": "W/\"79bad4b44e52eda087cec6cef81be6f5fd3f8e4f607c692f63c5c6729aedcb0c\"",
            "full_name": "MeilCli/danger-action",
            "git_clone_url": "git://github.com/MeilCli/danger-action.git",
            "gitignore_template": null,
            "has_downloads": true,
            "has_issues": true,
            "has_projects": false,
            "has_wiki": false,
            "homepage_url": "https://github.com/MeilCli/actions",
            "html_url": "https://github.com/MeilCli/danger-action",
            "http_clone_url": "https://github.com/MeilCli/danger-action.git",
            "id": "danger-action",
            "is_template": false,
            "license_template": null,
            "name": "danger-action",
            "node_id": "MDEwOlJlcG9zaXRvcnkyMDg0NzA0MTk=",
            "pages": [],
            "private": false,
            "repo_id": 208470419,
            "ssh_clone_url": "git@github.com:MeilCli/danger-action.git",
            "svn_url": "https://github.com/MeilCli/danger-action",
            "template": [],
            "topics": [
              "actions",
              "danger",
              "github-actions"
            ],
            "visibility": "public",
            "vulnerability_alerts": true
          },
          "sensitive_attributes": [],
          "private": "bnVsbA=="
        },
        {
          "index_key": "detekt-statistics",
          "schema_version": 0,
          "attributes": {
            "allow_merge_commit": true,
            "allow_rebase_merge": false,
            "allow_squash_merge": true,
            "archive_on_destroy": null,
            "archived": false,
            "auto_init": false,
            "default_branch": "master",
            "delete_branch_on_merge": true,
            "description": "Generate detekt statistics action",
            "etag": "W/\"2c33835cc0e16bf9bc8c04f23b4b9d001e22cc14aef05e45f123a77d98713d09\"",
            "full_name": "MeilCli/detekt-statistics",
            "git_clone_url": "git://github.com/MeilCli/detekt-statistics.git",
            "gitignore_template": null,
            "has_downloads": true,
            "has_issues": true,
            "has_projects": false,
            "has_wiki": false,
            "homepage_url": "https://github.com/MeilCli/actions",
            "html_url": "https://github.com/MeilCli/detekt-statistics",
            "http_clone_url": "https://github.com/MeilCli/detekt-statistics.git",
            "id": "detekt-statistics",
            "is_template": false,
            "license_template": null,
            "name": "detekt-statistics",
            "node_id": "MDEwOlJlcG9zaXRvcnkyODA4Mjc1ODM=",
            "pages": [],
            "private": false,
            "repo_id": 280827583,
            "ssh_clone_url": "git@github.com:MeilCli/detekt-statistics.git",
            "svn_url": "https://github.com/MeilCli/detekt-statistics",
            "template": [],
            "topics": [
              "detekt",
              "github-actions"
            ],
            "visibility": "public",
            "vulnerability_alerts": true
          },
          "sensitive_attributes": [],
          "private": "eyJzY2hlbWFfdmVyc2lvbiI6IjAifQ=="
        },
        {
          "index_key": "gradle-update-check-action",
          "schema_version": 0,
          "attributes": {
            "allow_merge_commit": true,
            "allow_rebase_merge": false,
            "allow_squash_merge": true,
            "archive_on_destroy": null,
            "archived": false,
            "auto_init": false,
            "default_branch": "master",
            "delete_branch_on_merge": true,
            "description": "gradle maven new package version check action for GitHub Actions.",
            "etag": "W/\"b12bd59ed25649b40e24c4c0299cfa6e00ac0d787a2e3e469437e5856c6cae1f\"",
            "full_name": "MeilCli/gradle-update-check-action",
            "git_clone_url": "git://github.com/MeilCli/gradle-update-check-action.git",
            "gitignore_template": null,
            "has_downloads": true,
            "has_issues": true,
            "has_projects": false,
            "has_wiki": false,
            "homepage_url": "https://github.com/MeilCli/actions",
            "html_url": "https://github.com/MeilCli/gradle-update-check-action",
            "http_clone_url": "https://github.com/MeilCli/gradle-update-check-action.git",
            "id": "gradle-update-check-action",
            "is_template": false,
            "license_template": null,
            "name": "gradle-update-check-action",
            "node_id": "MDEwOlJlcG9zaXRvcnkyMTE2MDMyMzE=",
            "pages": [],
            "private": false,
            "repo_id": 211603231,
            "ssh_clone_url": "git@github.com:MeilCli/gradle-update-check-action.git",
            "svn_url": "https://github.com/MeilCli/gradle-update-check-action",
            "template": [],
            "topics": [
              "actions",
              "github-actions",
              "gradle",
              "maven"
            ],
            "visibility": "public",
            "vulnerability_alerts": true
          },
          "sensitive_attributes": [],
          "private": "eyJzY2hlbWFfdmVyc2lvbiI6IjAifQ=="
        },
        {
          "index_key": "npm-update-check-action",
          "schema_version": 0,
          "attributes": {
            "allow_merge_commit": true,
            "allow_rebase_merge": false,
            "allow_squash_merge": true,
            "archive_on_destroy": null,
            "archived": false,
            "auto_init": false,
            "default_branch": "master",
            "delete_branch_on_merge": true,
            "description": "npm new package version check action for GitHub Actions.",
            "etag": "W/\"26bfad8d25f27df311a95aa3bb25d1acf444f6307b8306c772421c2700b06e8f\"",
            "full_name": "MeilCli/npm-update-check-action",
            "git_clone_url": "git://github.com/MeilCli/npm-update-check-action.git",
            "gitignore_template": null,
            "has_downloads": true,
            "has_issues": true,
            "has_projects": false,
            "has_wiki": false,
            "homepage_url": "https://github.com/MeilCli/actions",
            "html_url": "https://github.com/MeilCli/npm-update-check-action",
            "http_clone_url": "https://github.com/MeilCli/npm-update-check-action.git",
            "id": "npm-update-check-action",
            "is_template": false,
            "license_template": null,
            "name": "npm-update-check-action",
            "node_id": "MDEwOlJlcG9zaXRvcnkyMTE0NDkwMDY=",
            "pages": [],
            "private": false,
            "repo_id": 211449006,
            "ssh_clone_url": "git@github.com:MeilCli/npm-update-check-action.git",
            "svn_url": "https://github.com/MeilCli/npm-update-check-action",
            "template": [],
            "topics": [
              "actions",
              "github-actions",
              "npm",
              "npm-package"
            ],
            "visibility": "public",
            "vulnerability_alerts": true
          },
          "sensitive_attributes": [],
          "private": "eyJzY2hlbWFfdmVyc2lvbiI6IjAifQ=="
        },
        {
          "index_key": "nuget-update-check-action",
          "schema_version": 0,
          "attributes": {
            "allow_merge_commit": true,
            "allow_rebase_merge": false,
            "allow_squash_merge": true,
            "archive_on_destroy": null,
            "archived": false,
            "auto_init": false,
            "default_branch": "master",
            "delete_branch_on_merge": true,
            "description": "nuget new package version check action for GitHub Actions.",
            "etag": "W/\"b41bdbb150d1ab5b037b3c6782e3aa96f872e21adbca32febda81b39fdb10bc6\"",
            "full_name": "MeilCli/nuget-update-check-action",
            "git_clone_url": "git://github.com/MeilCli/nuget-update-check-action.git",
            "gitignore_template": null,
            "has_downloads": true,
            "has_issues": true,
            "has_projects": false,
            "has_wiki": false,
            "homepage_url": "https://github.com/MeilCli/actions",
            "html_url": "https://github.com/MeilCli/nuget-update-check-action",
            "http_clone_url": "https://github.com/MeilCli/nuget-update-check-action.git",
            "id": "nuget-update-check-action",
            "is_template": false,
            "license_template": null,
            "name": "nuget-update-check-action",
            "node_id": "MDEwOlJlcG9zaXRvcnkyMTE1MTgxMzM=",
            "pages": [],
            "private": false,
            "repo_id": 211518133,
            "ssh_clone_url": "git@github.com:MeilCli/nuget-update-check-action.git",
            "svn_url": "https://github.com/MeilCli/nuget-update-check-action",
            "template": [],
            "topics": [
              "actions",
              "github-actions",
              "nuget",
              "nuget-package"
            ],
            "visibility": "public",
            "vulnerability_alerts": true
          },
          "sensitive_attributes": [],
          "private": "eyJzY2hlbWFfdmVyc2lvbiI6IjAifQ=="
        },
        {
          "index_key": "setup-crystal-action",
          "schema_version": 0,
          "attributes": {
            "allow_merge_commit": true,
            "allow_rebase_merge": false,
            "allow_squash_merge": true,
            "archive_on_destroy": null,
            "archived": false,
            "auto_init": false,
            "default_branch": "master",
            "delete_branch_on_merge": true,
            "description": "setup Crystal action for GitHub Actions.",
            "etag": "W/\"7eb60e1826fa0a8f261c3830a42d8e76afeb093619fa70d32ef7b256a9724e2f\"",
            "full_name": "MeilCli/setup-crystal-action",
            "git_clone_url": "git://github.com/MeilCli/setup-crystal-action.git",
            "gitignore_template": null,
            "has_downloads": true,
            "has_issues": true,
            "has_projects": false,
            "has_wiki": false,
            "homepage_url": "https://github.com/MeilCli/actions",
            "html_url": "https://github.com/MeilCli/setup-crystal-action",
            "http_clone_url": "https://github.com/MeilCli/setup-crystal-action.git",
            "id": "setup-crystal-action",
            "is_template": false,
            "license_template": null,
            "name": "setup-crystal-action",
            "node_id": "MDEwOlJlcG9zaXRvcnkyMTI3MTA1Njg=",
            "pages": [],
            "private": false,
            "repo_id": 212710568,
            "ssh_clone_url": "git@github.com:MeilCli/setup-crystal-action.git",
            "svn_url": "https://github.com/MeilCli/setup-crystal-action",
            "template": [],
            "topics": [
              "actions",
              "crystal",
              "github-actions",
              "shards"
            ],
            "visibility": "public",
            "vulnerability_alerts": true
          },
          "sensitive_attributes": [],
          "private": "eyJzY2hlbWFfdmVyc2lvbiI6IjAifQ=="
        },
        {
          "index_key": "slack-upload-file",
          "schema_version": 0,
          "attributes": {
            "allow_merge_commit": true,
            "allow_rebase_merge": false,
            "allow_squash_merge": true,
            "archive_on_destroy": null,
            "archived": false,
            "auto_init": false,
            "default_branch": "master",
            "delete_branch_on_merge": true,
            "description": "upload file to slack action",
            "etag": "W/\"dcaaae0d1018c852d6ed81c249e0a530f6419ebc79f576a95ae818d153ba5ca2\"",
            "full_name": "MeilCli/slack-upload-file",
            "git_clone_url": "git://github.com/MeilCli/slack-upload-file.git",
            "gitignore_template": null,
            "has_downloads": true,
            "has_issues": true,
            "has_projects": false,
            "has_wiki": false,
            "homepage_url": "https://github.com/MeilCli/actions",
            "html_url": "https://github.com/MeilCli/slack-upload-file",
            "http_clone_url": "https://github.com/MeilCli/slack-upload-file.git",
            "id": "slack-upload-file",
            "is_template": false,
            "license_template": null,
            "name": "slack-upload-file",
            "node_id": "MDEwOlJlcG9zaXRvcnkyODA2ODY1Njg=",
            "pages": [],
            "private": false,
            "repo_id": 280686568,
            "ssh_clone_url": "git@github.com:MeilCli/slack-upload-file.git",
            "svn_url": "https://github.com/MeilCli/slack-upload-file",
            "template": [],
            "topics": [
              "github-actions",
              "slack",
              "slack-api"
            ],
            "visibility": "public",
            "vulnerability_alerts": true
          },
          "sensitive_attributes": [],
          "private": "eyJzY2hlbWFfdmVyc2lvbiI6IjAifQ=="
        },
        {
          "index_key": "swiftpm-update-check-action",
          "schema_version": 0,
          "attributes": {
            "allow_merge_commit": true,
            "allow_rebase_merge": false,
            "allow_squash_merge": true,
            "archive_on_destroy": null,
            "archived": false,
            "auto_init": false,
            "default_branch": "master",
            "delete_branch_on_merge": true,
            "description": "SwiftPM new package version check action for GitHub Actions.",
            "etag": "W/\"56c1a29049e26b72f9e554787dec8332416f388773e38383719d64bc931ac2b1\"",
            "full_name": "MeilCli/swiftpm-update-check-action",
            "git_clone_url": "git://github.com/MeilCli/swiftpm-update-check-action.git",
            "gitignore_template": null,
            "has_downloads": true,
            "has_issues": true,
            "has_projects": false,
            "has_wiki": false,
            "homepage_url": "https://github.com/MeilCli/actions",
            "html_url": "https://github.com/MeilCli/swiftpm-update-check-action",
            "http_clone_url": "https://github.com/MeilCli/swiftpm-update-check-action.git",
            "id": "swiftpm-update-check-action",
            "is_template": false,
            "license_template": null,
            "name": "swiftpm-update-check-action",
            "node_id": "MDEwOlJlcG9zaXRvcnkyMTE4NjgyNzg=",
            "pages": [],
            "private": false,
            "repo_id": 211868278,
            "ssh_clone_url": "git@github.com:MeilCli/swiftpm-update-check-action.git",
            "svn_url": "https://github.com/MeilCli/swiftpm-update-check-action",
            "template": [],
            "topics": [
              "actions",
              "github-actions",
              "swift-package-manager"
            ],
            "visibility": "public",
            "vulnerability_alerts": true
          },
          "sensitive_attributes": [],
          "private": "eyJzY2hlbWFfdmVyc2lvbiI6IjAifQ=="
        },
        {
          "index_key": "test-command-action",
          "schema_version": 0,
          "attributes": {
            "allow_merge_commit": true,
            "allow_rebase_merge": false,
            "allow_squash_merge": true,
            "archive_on_destroy": null,
            "archived": false,
            "auto_init": false,
            "default_branch": "master",
            "delete_branch_on_merge": true,
            "description": "testing command action for GitHub Actions.",
            "etag": "W/\"7ab0c175294b28fa6b0e2842477a9022b1b010407fa8d0a9beb26a555996d16c\"",
            "full_name": "MeilCli/test-command-action",
            "git_clone_url": "git://github.com/MeilCli/test-command-action.git",
            "gitignore_template": null,
            "has_downloads": true,
            "has_issues": true,
            "has_projects": false,
            "has_wiki": false,
            "homepage_url": "https://github.com/MeilCli/actions",
            "html_url": "https://github.com/MeilCli/test-command-action",
            "http_clone_url": "https://github.com/MeilCli/test-command-action.git",
            "id": "test-command-action",
            "is_template": false,
            "license_template": null,
            "name": "test-command-action",
            "node_id": "MDEwOlJlcG9zaXRvcnkyMTI4MzkwNDY=",
            "pages": [],
            "private": false,
            "repo_id": 212839046,
            "ssh_clone_url": "git@github.com:MeilCli/test-command-action.git",
            "svn_url": "https://github.com/MeilCli/test-command-action",
            "template": [],
            "topics": [
              "actions",
              "github-actions"
            ],
            "visibility": "public",
            "vulnerability_alerts": true
          },
          "sensitive_attributes": [],
          "private": "eyJzY2hlbWFfdmVyc2lvbiI6IjAifQ=="
        }
      ]
    },
    {
      "mode": "managed",
      "type": "github_repository_collaborator",
      "name": "action",
      "provider": "provider[\"registry.terraform.io/integrations/github\"]",
      "instances": [
        {
          "index_key": "check-run-auto",
          "schema_version": 0,
          "attributes": {
            "id": "check-run-auto:MeilCli-bot",
            "invitation_id": null,
            "permission": "push",
            "permission_diff_suppression": null,
            "repository": "check-run-auto",
            "username": "MeilCli-bot"
          },
          "sensitive_attributes": [],
          "private": "eyJzY2hlbWFfdmVyc2lvbiI6IjAifQ==",
          "dependencies": [
            "github_repository.action"
          ]
        },
        {
          "index_key": "common-lint-reporter",
          "schema_version": 0,
          "attributes": {
            "id": "common-lint-reporter:MeilCli-bot",
            "invitation_id": null,
            "permission": "push",
            "permission_diff_suppression": null,
            "repository": "common-lint-reporter",
            "username": "MeilCli-bot"
          },
          "sensitive_attributes": [],
          "private": "eyJzY2hlbWFfdmVyc2lvbiI6IjAifQ==",
          "dependencies": [
            "github_repository.action"
          ]
        },
        {
          "index_key": "hidable-comment-action",
          "schema_version": 0,
          "attributes": {
            "id": "hidable-comment-action:MeilCli-bot",
            "invitation_id": null,
            "permission": "push",
            "permission_diff_suppression": null,
            "repository": "hidable-comment-action",
            "username": "MeilCli-bot"
          },
          "sensitive_attributes": [],
          "private": "eyJzY2hlbWFfdmVyc2lvbiI6IjAifQ==",
          "dependencies": [
            "github_repository.action"
          ]
        },
        {
          "index_key": "regex-match",
          "schema_version": 0,
          "attributes": {
            "id": "regex-match:MeilCli-bot",
            "invitation_id": null,
            "permission": "push",
            "permission_diff_suppression": null,
            "repository": "regex-match",
            "username": "MeilCli-bot"
          },
          "sensitive_attributes": [],
          "private": "eyJzY2hlbWFfdmVyc2lvbiI6IjAifQ==",
          "dependencies": [
            "github_repository.action"
          ]
        }
      ]
    },
    {
      "mode": "managed",
      "type": "github_repository_collaborator",
      "name": "action-template",
      "provider": "provider[\"registry.terraform.io/integrations/github\"]",
      "instances": [
        {
          "index_key": "MeilCli-bot",
          "schema_version": 0,
          "attributes": {
            "id": "action-template:MeilCli-bot",
            "invitation_id": null,
            "permission": "push",
            "permission_diff_suppression": null,
            "repository": "action-template",
            "username": "MeilCli-bot"
          },
          "sensitive_attributes": [],
          "private": "eyJzY2hlbWFfdmVyc2lvbiI6IjAifQ=="
        }
      ]
    },
    {
      "mode": "managed",
      "type": "github_repository_collaborator",
      "name": "aws-sam-typescript-template",
      "provider": "provider[\"registry.terraform.io/integrations/github\"]",
      "instances": [
        {
          "index_key": "MeilCli-bot",
          "schema_version": 0,
          "attributes": {
            "id": "aws-sam-typescript-template:MeilCli-bot",
            "invitation_id": "96070313",
            "permission": "push",
            "permission_diff_suppression": null,
            "repository": "aws-sam-typescript-template",
            "username": "MeilCli-bot"
          },
          "sensitive_attributes": [],
          "private": "eyJzY2hlbWFfdmVyc2lvbiI6IjAifQ=="
        }
      ]
    },
    {
      "mode": "managed",
      "type": "github_repository_collaborator",
      "name": "old-action",
      "provider": "provider[\"registry.terraform.io/integrations/github\"]",
      "instances": [
        {
          "index_key": "android-lint-statistics",
          "schema_version": 0,
          "attributes": {
            "id": "android-lint-statistics:MeilCli-bot",
            "invitation_id": null,
            "permission": "push",
            "permission_diff_suppression": null,
            "repository": "android-lint-statistics",
            "username": "MeilCli-bot"
          },
          "sensitive_attributes": [],
          "private": "eyJzY2hlbWFfdmVyc2lvbiI6IjAifQ=="
        },
        {
          "index_key": "bump-release-action",
          "schema_version": 0,
          "attributes": {
            "id": "bump-release-action:MeilCli-bot",
            "invitation_id": null,
            "permission": "push",
            "permission_diff_suppression": null,
            "repository": "bump-release-action",
            "username": "MeilCli-bot"
          },
          "sensitive_attributes": [],
          "private": "eyJzY2hlbWFfdmVyc2lvbiI6IjAifQ=="
        },
        {
          "index_key": "carthage-update-check-action",
          "schema_version": 0,
          "attributes": {
            "id": "carthage-update-check-action:MeilCli-bot",
            "invitation_id": null,
            "permission": "push",
            "permission_diff_suppression": null,
            "repository": "carthage-update-check-action",
            "username": "MeilCli-bot"
          },
          "sensitive_attributes": [],
          "private": "eyJzY2hlbWFfdmVyc2lvbiI6IjAifQ=="
        },
        {
          "index_key": "cocoapods-update-check-action",
          "schema_version": 0,
          "attributes": {
            "id": "cocoapods-update-check-action:MeilCli-bot",
            "invitation_id": null,
            "permission": "push",
            "permission_diff_suppression": null,
            "repository": "cocoapods-update-check-action",
            "username": "MeilCli-bot"
          },
          "sensitive_attributes": [],
          "private": "eyJzY2hlbWFfdmVyc2lvbiI6IjAifQ=="
        },
        {
          "index_key": "danger-action",
          "schema_version": 0,
          "attributes": {
            "id": "danger-action:MeilCli-bot",
            "invitation_id": null,
            "permission": "push",
            "permission_diff_suppression": null,
            "repository": "danger-action",
            "username": "MeilCli-bot"
          },
          "sensitive_attributes": [],
          "private": "eyJzY2hlbWFfdmVyc2lvbiI6IjAifQ=="
        },
        {
          "index_key": "detekt-statistics",
          "schema_version": 0,
          "attributes": {
            "id": "detekt-statistics:MeilCli-bot",
            "invitation_id": null,
            "permission": "push",
            "permission_diff_suppression": null,
            "repository": "detekt-statistics",
            "username": "MeilCli-bot"
          },
          "sensitive_attributes": [],
          "private": "eyJzY2hlbWFfdmVyc2lvbiI6IjAifQ=="
        },
        {
          "index_key": "gradle-update-check-action",
          "schema_version": 0,
          "attributes": {
            "id": "gradle-update-check-action:MeilCli-bot",
            "invitation_id": null,
            "permission": "push",
            "permission_diff_suppression": null,
            "repository": "gradle-update-check-action",
            "username": "MeilCli-bot"
          },
          "sensitive_attributes": [],
          "private": "eyJzY2hlbWFfdmVyc2lvbiI6IjAifQ=="
        },
        {
          "index_key": "npm-update-check-action",
          "schema_version": 0,
          "attributes": {
            "id": "npm-update-check-action:MeilCli-bot",
            "invitation_id": null,
            "permission": "push",
            "permission_diff_suppression": null,
            "repository": "npm-update-check-action",
            "username": "MeilCli-bot"
          },
          "sensitive_attributes": [],
          "private": "eyJzY2hlbWFfdmVyc2lvbiI6IjAifQ=="
        },
        {
          "index_key": "nuget-update-check-action",
          "schema_version": 0,
          "attributes": {
            "id": "nuget-update-check-action:MeilCli-bot",
            "invitation_id": null,
            "permission": "push",
            "permission_diff_suppression": null,
            "repository": "nuget-update-check-action",
            "username": "MeilCli-bot"
          },
          "sensitive_attributes": [],
          "private": "eyJzY2hlbWFfdmVyc2lvbiI6IjAifQ=="
        },
        {
          "index_key": "setup-crystal-action",
          "schema_version": 0,
          "attributes": {
            "id": "setup-crystal-action:MeilCli-bot",
            "invitation_id": null,
            "permission": "push",
            "permission_diff_suppression": null,
            "repository": "setup-crystal-action",
            "username": "MeilCli-bot"
          },
          "sensitive_attributes": [],
          "private": "eyJzY2hlbWFfdmVyc2lvbiI6IjAifQ=="
        },
        {
          "index_key": "slack-upload-file",
          "schema_version": 0,
          "attributes": {
            "id": "slack-upload-file:MeilCli-bot",
            "invitation_id": null,
            "permission": "push",
            "permission_diff_suppression": null,
            "repository": "slack-upload-file",
            "username": "MeilCli-bot"
          },
          "sensitive_attributes": [],
          "private": "eyJzY2hlbWFfdmVyc2lvbiI6IjAifQ=="
        },
        {
          "index_key": "swiftpm-update-check-action",
          "schema_version": 0,
          "attributes": {
            "id": "swiftpm-update-check-action:MeilCli-bot",
            "invitation_id": null,
            "permission": "push",
            "permission_diff_suppression": null,
            "repository": "swiftpm-update-check-action",
            "username": "MeilCli-bot"
          },
          "sensitive_attributes": [],
          "private": "eyJzY2hlbWFfdmVyc2lvbiI6IjAifQ=="
        },
        {
          "index_key": "test-command-action",
          "schema_version": 0,
          "attributes": {
            "id": "test-command-action:MeilCli-bot",
            "invitation_id": null,
            "permission": "push",
            "permission_diff_suppression": null,
            "repository": "test-command-action",
            "username": "MeilCli-bot"
          },
          "sensitive_attributes": [],
          "private": "eyJzY2hlbWFfdmVyc2lvbiI6IjAifQ=="
        }
      ]
    }
  ]
}
