{
  "version": 4,
  "terraform_version": "1.0.2",
  "serial": 425,
  "lineage": "d8be8c29-a2a2-1086-4b2f-ae15023330d9",
  "outputs": {},
  "resources": [
    {
      "mode": "managed",
      "type": "github_branch_protection",
      "name": "action-master",
      "provider": "provider[\"registry.terraform.io/integrations/github\"]",
      "instances": [
        {
          "index_key": "check-run-auto",
          "schema_version": 1,
          "attributes": {
            "allows_deletions": false,
            "allows_force_pushes": false,
            "enforce_admins": false,
            "id": "MDIwOkJyYW5jaFByb3RlY3Rpb25SdWxlMjE2NzI2MTE=",
            "pattern": "master",
            "push_restrictions": [],
            "repository_id": "check-run-auto",
            "require_signed_commits": false,
            "required_pull_request_reviews": [
              {
                "dismiss_stale_reviews": true,
                "dismissal_restrictions": [],
                "require_code_owner_reviews": true,
                "required_approving_review_count": 1,
                "restrict_dismissals": false
              }
            ],
            "required_status_checks": [
              {
                "contexts": [
                  "build / build"
                ],
                "strict": false
              }
            ]
          },
          "sensitive_attributes": [],
          "private": "eyJzY2hlbWFfdmVyc2lvbiI6IjEifQ==",
          "dependencies": [
            "github_repository.action"
          ]
        },
        {
          "index_key": "common-lint-reporter",
          "schema_version": 1,
          "attributes": {
            "allows_deletions": false,
            "allows_force_pushes": false,
            "enforce_admins": false,
            "id": "MDIwOkJyYW5jaFByb3RlY3Rpb25SdWxlMjE2NzI2MTA=",
            "pattern": "master",
            "push_restrictions": [],
            "repository_id": "common-lint-reporter",
            "require_signed_commits": false,
            "required_pull_request_reviews": [
              {
                "dismiss_stale_reviews": true,
                "dismissal_restrictions": [],
                "require_code_owner_reviews": true,
                "required_approving_review_count": 1,
                "restrict_dismissals": false
              }
            ],
            "required_status_checks": [
              {
                "contexts": [
                  "build / build"
                ],
                "strict": false
              }
            ]
          },
          "sensitive_attributes": [],
          "private": "eyJzY2hlbWFfdmVyc2lvbiI6IjEifQ==",
          "dependencies": [
            "github_repository.action"
          ]
        },
        {
          "index_key": "hidable-comment-action",
          "schema_version": 1,
          "attributes": {
            "allows_deletions": false,
            "allows_force_pushes": false,
            "enforce_admins": false,
            "id": "MDIwOkJyYW5jaFByb3RlY3Rpb25SdWxlMjE2NzI2MDk=",
            "pattern": "master",
            "push_restrictions": [],
            "repository_id": "hidable-comment-action",
            "require_signed_commits": false,
            "required_pull_request_reviews": [
              {
                "dismiss_stale_reviews": true,
                "dismissal_restrictions": [],
                "require_code_owner_reviews": true,
                "required_approving_review_count": 1,
                "restrict_dismissals": false
              }
            ],
            "required_status_checks": [
              {
                "contexts": [
                  "build / build"
                ],
                "strict": false
              }
            ]
          },
          "sensitive_attributes": [],
          "private": "eyJzY2hlbWFfdmVyc2lvbiI6IjEifQ==",
          "dependencies": [
            "github_repository.action"
          ]
        },
        {
          "index_key": "regex-match",
          "schema_version": 1,
          "attributes": {
            "allows_deletions": false,
            "allows_force_pushes": false,
            "enforce_admins": false,
            "id": "MDIwOkJyYW5jaFByb3RlY3Rpb25SdWxlMjE2NzI1NTM=",
            "pattern": "master",
            "push_restrictions": [],
            "repository_id": "regex-match",
            "require_signed_commits": false,
            "required_pull_request_reviews": [
              {
                "dismiss_stale_reviews": true,
                "dismissal_restrictions": [],
                "require_code_owner_reviews": true,
                "required_approving_review_count": 1,
                "restrict_dismissals": false
              }
            ],
            "required_status_checks": [
              {
                "contexts": [
                  "build / build"
                ],
                "strict": false
              }
            ]
          },
          "sensitive_attributes": [],
          "private": "eyJzY2hlbWFfdmVyc2lvbiI6IjEifQ==",
          "dependencies": [
            "github_repository.action"
          ]
        }
      ]
    },
    {
      "mode": "managed",
      "type": "github_branch_protection",
      "name": "action-template_master",
      "provider": "provider[\"registry.terraform.io/integrations/github\"]",
      "instances": [
        {
          "schema_version": 1,
          "attributes": {
            "allows_deletions": false,
            "allows_force_pushes": false,
            "enforce_admins": false,
            "id": "MDIwOkJyYW5jaFByb3RlY3Rpb25SdWxlMjE1MzM2NDA=",
            "pattern": "master",
            "push_restrictions": [],
            "repository_id": "action-template",
            "require_signed_commits": false,
            "required_pull_request_reviews": [
              {
                "dismiss_stale_reviews": true,
                "dismissal_restrictions": [],
                "require_code_owner_reviews": true,
                "required_approving_review_count": 1,
                "restrict_dismissals": false
              }
            ],
            "required_status_checks": [
              {
                "contexts": [
                  "build / build"
                ],
                "strict": false
              }
            ]
          },
          "sensitive_attributes": [],
          "private": "eyJzY2hlbWFfdmVyc2lvbiI6IjEifQ=="
        }
      ]
    },
    {
      "mode": "managed",
      "type": "github_branch_protection",
      "name": "action-v",
      "provider": "provider[\"registry.terraform.io/integrations/github\"]",
      "instances": [
        {
          "index_key": "check-run-auto",
          "schema_version": 1,
          "attributes": {
            "allows_deletions": false,
            "allows_force_pushes": false,
            "enforce_admins": false,
            "id": "MDIwOkJyYW5jaFByb3RlY3Rpb25SdWxlMjE2NzI2MDY=",
            "pattern": "v*",
            "push_restrictions": [],
            "repository_id": "check-run-auto",
            "require_signed_commits": false,
            "required_pull_request_reviews": [],
            "required_status_checks": []
          },
          "sensitive_attributes": [],
          "private": "eyJzY2hlbWFfdmVyc2lvbiI6IjEifQ==",
          "dependencies": [
            "github_repository.action"
          ]
        },
        {
          "index_key": "common-lint-reporter",
          "schema_version": 1,
          "attributes": {
            "allows_deletions": false,
            "allows_force_pushes": false,
            "enforce_admins": false,
            "id": "MDIwOkJyYW5jaFByb3RlY3Rpb25SdWxlMjE2NzI2MDg=",
            "pattern": "v*",
            "push_restrictions": [],
            "repository_id": "common-lint-reporter",
            "require_signed_commits": false,
            "required_pull_request_reviews": [],
            "required_status_checks": []
          },
          "sensitive_attributes": [],
          "private": "eyJzY2hlbWFfdmVyc2lvbiI6IjEifQ==",
          "dependencies": [
            "github_repository.action"
          ]
        },
        {
          "index_key": "hidable-comment-action",
          "schema_version": 1,
          "attributes": {
            "allows_deletions": false,
            "allows_force_pushes": false,
            "enforce_admins": false,
            "id": "MDIwOkJyYW5jaFByb3RlY3Rpb25SdWxlMjE2NzI2MDM=",
            "pattern": "v*",
            "push_restrictions": [],
            "repository_id": "hidable-comment-action",
            "require_signed_commits": false,
            "required_pull_request_reviews": [],
            "required_status_checks": []
          },
          "sensitive_attributes": [],
          "private": "eyJzY2hlbWFfdmVyc2lvbiI6IjEifQ==",
          "dependencies": [
            "github_repository.action"
          ]
        },
        {
          "index_key": "regex-match",
          "schema_version": 1,
          "attributes": {
            "allows_deletions": false,
            "allows_force_pushes": false,
            "enforce_admins": false,
            "id": "MDIwOkJyYW5jaFByb3RlY3Rpb25SdWxlMjE2NzI1NTI=",
            "pattern": "v*",
            "push_restrictions": [],
            "repository_id": "regex-match",
            "require_signed_commits": false,
            "required_pull_request_reviews": [],
            "required_status_checks": []
          },
          "sensitive_attributes": [],
          "private": "eyJzY2hlbWFfdmVyc2lvbiI6IjEifQ==",
          "dependencies": [
            "github_repository.action"
          ]
        }
      ]
    },
    {
      "mode": "managed",
      "type": "github_branch_protection",
      "name": "bibliothekar",
      "provider": "provider[\"registry.terraform.io/integrations/github\"]",
      "instances": [
        {
          "schema_version": 1,
          "attributes": {
            "allows_deletions": false,
            "allows_force_pushes": false,
            "enforce_admins": false,
            "id": "BPR_kwDOImtt4c4B55q1",
            "pattern": "master",
            "push_restrictions": null,
            "repository_id": "Bibliothekar",
            "require_signed_commits": false,
            "required_pull_request_reviews": [
              {
                "dismiss_stale_reviews": true,
                "dismissal_restrictions": null,
                "require_code_owner_reviews": true,
                "required_approving_review_count": 1,
                "restrict_dismissals": false
              }
            ],
            "required_status_checks": [
              {
                "contexts": [
                  "build"
                ],
                "strict": false
              }
            ]
          },
          "sensitive_attributes": [],
          "private": "eyJzY2hlbWFfdmVyc2lvbiI6IjEifQ==",
          "dependencies": [
            "github_repository.bibliothekar"
          ]
        }
      ]
    },
    {
      "mode": "managed",
      "type": "github_branch_protection",
      "name": "notion_db_notification",
      "provider": "provider[\"registry.terraform.io/integrations/github\"]",
      "instances": [
        {
          "schema_version": 1,
          "attributes": {
            "allows_deletions": false,
            "allows_force_pushes": false,
            "enforce_admins": false,
            "id": "BPR_kwDOG1lCb84BcrIP",
            "pattern": "master",
            "push_restrictions": [],
            "repository_id": "notion-db-notification",
            "require_signed_commits": false,
            "required_pull_request_reviews": [
              {
                "dismiss_stale_reviews": true,
                "dismissal_restrictions": [],
                "require_code_owner_reviews": true,
                "required_approving_review_count": 1,
                "restrict_dismissals": false
              }
            ],
            "required_status_checks": [
              {
                "contexts": [
                  "build"
                ],
                "strict": false
              }
            ]
          },
          "sensitive_attributes": [],
          "private": "eyJzY2hlbWFfdmVyc2lvbiI6IjEifQ==",
          "dependencies": [
            "github_repository.notion-db-notification"
          ]
        }
      ]
    },
    {
      "mode": "managed",
      "type": "github_branch_protection",
      "name": "old-action-master",
      "provider": "provider[\"registry.terraform.io/integrations/github\"]",
      "instances": [
        {
          "index_key": "android-lint-statistics",
          "schema_version": 1,
          "attributes": {
            "allows_deletions": false,
            "allows_force_pushes": false,
            "enforce_admins": false,
            "id": "MDIwOkJyYW5jaFByb3RlY3Rpb25SdWxlMjE2NzIzMjQ=",
            "pattern": "master",
            "push_restrictions": [],
            "repository_id": "android-lint-statistics",
            "require_signed_commits": false,
            "required_pull_request_reviews": [
              {
                "dismiss_stale_reviews": true,
                "dismissal_restrictions": [],
                "require_code_owner_reviews": true,
                "required_approving_review_count": 1,
                "restrict_dismissals": false
              }
            ],
            "required_status_checks": [
              {
                "contexts": [
                  "build / build"
                ],
                "strict": false
              }
            ]
          },
          "sensitive_attributes": [],
          "private": "eyJzY2hlbWFfdmVyc2lvbiI6IjEifQ=="
        },
        {
          "index_key": "bump-release-action",
          "schema_version": 1,
          "attributes": {
            "allows_deletions": false,
            "allows_force_pushes": false,
            "enforce_admins": false,
            "id": "MDIwOkJyYW5jaFByb3RlY3Rpb25SdWxlMjE2NzIzNTA=",
            "pattern": "master",
            "push_restrictions": [],
            "repository_id": "bump-release-action",
            "require_signed_commits": false,
            "required_pull_request_reviews": [
              {
                "dismiss_stale_reviews": true,
                "dismissal_restrictions": [],
                "require_code_owner_reviews": true,
                "required_approving_review_count": 1,
                "restrict_dismissals": false
              }
            ],
            "required_status_checks": [
              {
                "contexts": [
                  "build / build"
                ],
                "strict": false
              }
            ]
          },
          "sensitive_attributes": [],
          "private": "eyJzY2hlbWFfdmVyc2lvbiI6IjEifQ=="
        },
        {
          "index_key": "carthage-update-check-action",
          "schema_version": 1,
          "attributes": {
            "allows_deletions": false,
            "allows_force_pushes": false,
            "enforce_admins": false,
            "id": "MDIwOkJyYW5jaFByb3RlY3Rpb25SdWxlMjE2NzI0NTQ=",
            "pattern": "master",
            "push_restrictions": [],
            "repository_id": "carthage-update-check-action",
            "require_signed_commits": false,
            "required_pull_request_reviews": [
              {
                "dismiss_stale_reviews": true,
                "dismissal_restrictions": [],
                "require_code_owner_reviews": true,
                "required_approving_review_count": 1,
                "restrict_dismissals": false
              }
            ],
            "required_status_checks": [
              {
                "contexts": [
                  "build / build"
                ],
                "strict": false
              }
            ]
          },
          "sensitive_attributes": [],
          "private": "eyJzY2hlbWFfdmVyc2lvbiI6IjEifQ=="
        },
        {
          "index_key": "cocoapods-update-check-action",
          "schema_version": 1,
          "attributes": {
            "allows_deletions": false,
            "allows_force_pushes": false,
            "enforce_admins": false,
            "id": "MDIwOkJyYW5jaFByb3RlY3Rpb25SdWxlMjE2NzI0NTU=",
            "pattern": "master",
            "push_restrictions": [],
            "repository_id": "cocoapods-update-check-action",
            "require_signed_commits": false,
            "required_pull_request_reviews": [
              {
                "dismiss_stale_reviews": true,
                "dismissal_restrictions": [],
                "require_code_owner_reviews": true,
                "required_approving_review_count": 1,
                "restrict_dismissals": false
              }
            ],
            "required_status_checks": [
              {
                "contexts": [
                  "build / build"
                ],
                "strict": false
              }
            ]
          },
          "sensitive_attributes": [],
          "private": "eyJzY2hlbWFfdmVyc2lvbiI6IjEifQ=="
        },
        {
          "index_key": "danger-action",
          "schema_version": 1,
          "attributes": {
            "allows_deletions": false,
            "allows_force_pushes": false,
            "enforce_admins": false,
            "id": "MDIwOkJyYW5jaFByb3RlY3Rpb25SdWxlMjE2NzIyNzY=",
            "pattern": "master",
            "push_restrictions": [],
            "repository_id": "danger-action",
            "require_signed_commits": false,
            "required_pull_request_reviews": [
              {
                "dismiss_stale_reviews": true,
                "dismissal_restrictions": [],
                "require_code_owner_reviews": true,
                "required_approving_review_count": 1,
                "restrict_dismissals": false
              }
            ],
            "required_status_checks": [
              {
                "contexts": [
                  "build / build"
                ],
                "strict": false
              }
            ]
          },
          "sensitive_attributes": [],
          "private": "eyJzY2hlbWFfdmVyc2lvbiI6IjEifQ=="
        },
        {
          "index_key": "detekt-statistics",
          "schema_version": 1,
          "attributes": {
            "allows_deletions": false,
            "allows_force_pushes": false,
            "enforce_admins": false,
            "id": "MDIwOkJyYW5jaFByb3RlY3Rpb25SdWxlMjE2NzIzMzM=",
            "pattern": "master",
            "push_restrictions": [],
            "repository_id": "detekt-statistics",
            "require_signed_commits": false,
            "required_pull_request_reviews": [
              {
                "dismiss_stale_reviews": true,
                "dismissal_restrictions": [],
                "require_code_owner_reviews": true,
                "required_approving_review_count": 1,
                "restrict_dismissals": false
              }
            ],
            "required_status_checks": [
              {
                "contexts": [
                  "build / build"
                ],
                "strict": false
              }
            ]
          },
          "sensitive_attributes": [],
          "private": "eyJzY2hlbWFfdmVyc2lvbiI6IjEifQ=="
        },
        {
          "index_key": "gradle-update-check-action",
          "schema_version": 1,
          "attributes": {
            "allows_deletions": false,
            "allows_force_pushes": false,
            "enforce_admins": false,
            "id": "MDIwOkJyYW5jaFByb3RlY3Rpb25SdWxlMjE2NzI0NjA=",
            "pattern": "master",
            "push_restrictions": [],
            "repository_id": "gradle-update-check-action",
            "require_signed_commits": false,
            "required_pull_request_reviews": [
              {
                "dismiss_stale_reviews": true,
                "dismissal_restrictions": [],
                "require_code_owner_reviews": true,
                "required_approving_review_count": 1,
                "restrict_dismissals": false
              }
            ],
            "required_status_checks": [
              {
                "contexts": [
                  "build / build"
                ],
                "strict": false
              }
            ]
          },
          "sensitive_attributes": [],
          "private": "eyJzY2hlbWFfdmVyc2lvbiI6IjEifQ=="
        },
        {
          "index_key": "npm-update-check-action",
          "schema_version": 1,
          "attributes": {
            "allows_deletions": false,
            "allows_force_pushes": false,
            "enforce_admins": false,
            "id": "MDIwOkJyYW5jaFByb3RlY3Rpb25SdWxlMjE2NzI0NDk=",
            "pattern": "master",
            "push_restrictions": [],
            "repository_id": "npm-update-check-action",
            "require_signed_commits": false,
            "required_pull_request_reviews": [
              {
                "dismiss_stale_reviews": true,
                "dismissal_restrictions": [],
                "require_code_owner_reviews": true,
                "required_approving_review_count": 1,
                "restrict_dismissals": false
              }
            ],
            "required_status_checks": [
              {
                "contexts": [
                  "build / build"
                ],
                "strict": false
              }
            ]
          },
          "sensitive_attributes": [],
          "private": "eyJzY2hlbWFfdmVyc2lvbiI6IjEifQ=="
        },
        {
          "index_key": "nuget-update-check-action",
          "schema_version": 1,
          "attributes": {
            "allows_deletions": false,
            "allows_force_pushes": false,
            "enforce_admins": false,
            "id": "MDIwOkJyYW5jaFByb3RlY3Rpb25SdWxlMjE2NzI0NTI=",
            "pattern": "master",
            "push_restrictions": [],
            "repository_id": "nuget-update-check-action",
            "require_signed_commits": false,
            "required_pull_request_reviews": [
              {
                "dismiss_stale_reviews": true,
                "dismissal_restrictions": [],
                "require_code_owner_reviews": true,
                "required_approving_review_count": 1,
                "restrict_dismissals": false
              }
            ],
            "required_status_checks": [
              {
                "contexts": [
                  "build / build"
                ],
                "strict": false
              }
            ]
          },
          "sensitive_attributes": [],
          "private": "eyJzY2hlbWFfdmVyc2lvbiI6IjEifQ=="
        },
        {
          "index_key": "setup-crystal-action",
          "schema_version": 1,
          "attributes": {
            "allows_deletions": false,
            "allows_force_pushes": false,
            "enforce_admins": false,
            "id": "MDIwOkJyYW5jaFByb3RlY3Rpb25SdWxlMjE2NzIyNDA=",
            "pattern": "master",
            "push_restrictions": [],
            "repository_id": "setup-crystal-action",
            "require_signed_commits": false,
            "required_pull_request_reviews": [
              {
                "dismiss_stale_reviews": true,
                "dismissal_restrictions": [],
                "require_code_owner_reviews": true,
                "required_approving_review_count": 1,
                "restrict_dismissals": false
              }
            ],
            "required_status_checks": [
              {
                "contexts": [
                  "build / build"
                ],
                "strict": false
              }
            ]
          },
          "sensitive_attributes": [],
          "private": "eyJzY2hlbWFfdmVyc2lvbiI6IjEifQ=="
        },
        {
          "index_key": "slack-upload-file",
          "schema_version": 1,
          "attributes": {
            "allows_deletions": false,
            "allows_force_pushes": false,
            "enforce_admins": false,
            "id": "MDIwOkJyYW5jaFByb3RlY3Rpb25SdWxlMjE2NzIyOTc=",
            "pattern": "master",
            "push_restrictions": [],
            "repository_id": "slack-upload-file",
            "require_signed_commits": false,
            "required_pull_request_reviews": [
              {
                "dismiss_stale_reviews": true,
                "dismissal_restrictions": [],
                "require_code_owner_reviews": true,
                "required_approving_review_count": 1,
                "restrict_dismissals": false
              }
            ],
            "required_status_checks": [
              {
                "contexts": [
                  "build / build"
                ],
                "strict": false
              }
            ]
          },
          "sensitive_attributes": [],
          "private": "eyJzY2hlbWFfdmVyc2lvbiI6IjEifQ=="
        },
        {
          "index_key": "swiftpm-update-check-action",
          "schema_version": 1,
          "attributes": {
            "allows_deletions": false,
            "allows_force_pushes": false,
            "enforce_admins": false,
            "id": "MDIwOkJyYW5jaFByb3RlY3Rpb25SdWxlMjE2NzI0NTY=",
            "pattern": "master",
            "push_restrictions": [],
            "repository_id": "swiftpm-update-check-action",
            "require_signed_commits": false,
            "required_pull_request_reviews": [
              {
                "dismiss_stale_reviews": true,
                "dismissal_restrictions": [],
                "require_code_owner_reviews": true,
                "required_approving_review_count": 1,
                "restrict_dismissals": false
              }
            ],
            "required_status_checks": [
              {
                "contexts": [
                  "build / build"
                ],
                "strict": false
              }
            ]
          },
          "sensitive_attributes": [],
          "private": "eyJzY2hlbWFfdmVyc2lvbiI6IjEifQ=="
        },
        {
          "index_key": "test-command-action",
          "schema_version": 1,
          "attributes": {
            "allows_deletions": false,
            "allows_force_pushes": false,
            "enforce_admins": false,
            "id": "MDIwOkJyYW5jaFByb3RlY3Rpb25SdWxlMjE2NzI0ODA=",
            "pattern": "master",
            "push_restrictions": [],
            "repository_id": "test-command-action",
            "require_signed_commits": false,
            "required_pull_request_reviews": [
              {
                "dismiss_stale_reviews": true,
                "dismissal_restrictions": [],
                "require_code_owner_reviews": true,
                "required_approving_review_count": 1,
                "restrict_dismissals": false
              }
            ],
            "required_status_checks": [
              {
                "contexts": [
                  "build / build"
                ],
                "strict": false
              }
            ]
          },
          "sensitive_attributes": [],
          "private": "eyJzY2hlbWFfdmVyc2lvbiI6IjEifQ=="
        }
      ]
    },
    {
      "mode": "managed",
      "type": "github_branch_protection",
      "name": "old-action-v",
      "provider": "provider[\"registry.terraform.io/integrations/github\"]",
      "instances": [
        {
          "index_key": "android-lint-statistics",
          "schema_version": 1,
          "attributes": {
            "allows_deletions": false,
            "allows_force_pushes": false,
            "enforce_admins": false,
            "id": "MDIwOkJyYW5jaFByb3RlY3Rpb25SdWxlMjE2NzIzMjM=",
            "pattern": "v*",
            "push_restrictions": [],
            "repository_id": "android-lint-statistics",
            "require_signed_commits": false,
            "required_pull_request_reviews": [],
            "required_status_checks": []
          },
          "sensitive_attributes": [],
          "private": "eyJzY2hlbWFfdmVyc2lvbiI6IjEifQ=="
        },
        {
          "index_key": "bump-release-action",
          "schema_version": 1,
          "attributes": {
            "allows_deletions": false,
            "allows_force_pushes": false,
            "enforce_admins": false,
            "id": "MDIwOkJyYW5jaFByb3RlY3Rpb25SdWxlMjE2NzIzNDk=",
            "pattern": "v*",
            "push_restrictions": [],
            "repository_id": "bump-release-action",
            "require_signed_commits": false,
            "required_pull_request_reviews": [],
            "required_status_checks": []
          },
          "sensitive_attributes": [],
          "private": "eyJzY2hlbWFfdmVyc2lvbiI6IjEifQ=="
        },
        {
          "index_key": "carthage-update-check-action",
          "schema_version": 1,
          "attributes": {
            "allows_deletions": false,
            "allows_force_pushes": false,
            "enforce_admins": false,
            "id": "MDIwOkJyYW5jaFByb3RlY3Rpb25SdWxlMjE2NzI0NTA=",
            "pattern": "v*",
            "push_restrictions": [],
            "repository_id": "carthage-update-check-action",
            "require_signed_commits": false,
            "required_pull_request_reviews": [],
            "required_status_checks": []
          },
          "sensitive_attributes": [],
          "private": "eyJzY2hlbWFfdmVyc2lvbiI6IjEifQ=="
        },
        {
          "index_key": "cocoapods-update-check-action",
          "schema_version": 1,
          "attributes": {
            "allows_deletions": false,
            "allows_force_pushes": false,
            "enforce_admins": false,
            "id": "MDIwOkJyYW5jaFByb3RlY3Rpb25SdWxlMjE2NzI0NTE=",
            "pattern": "v*",
            "push_restrictions": [],
            "repository_id": "cocoapods-update-check-action",
            "require_signed_commits": false,
            "required_pull_request_reviews": [],
            "required_status_checks": []
          },
          "sensitive_attributes": [],
          "private": "eyJzY2hlbWFfdmVyc2lvbiI6IjEifQ=="
        },
        {
          "index_key": "danger-action",
          "schema_version": 1,
          "attributes": {
            "allows_deletions": false,
            "allows_force_pushes": false,
            "enforce_admins": false,
            "id": "MDIwOkJyYW5jaFByb3RlY3Rpb25SdWxlMjE2NzIyNzU=",
            "pattern": "v*",
            "push_restrictions": [],
            "repository_id": "danger-action",
            "require_signed_commits": false,
            "required_pull_request_reviews": [],
            "required_status_checks": []
          },
          "sensitive_attributes": [],
          "private": "eyJzY2hlbWFfdmVyc2lvbiI6IjEifQ=="
        },
        {
          "index_key": "detekt-statistics",
          "schema_version": 1,
          "attributes": {
            "allows_deletions": false,
            "allows_force_pushes": false,
            "enforce_admins": false,
            "id": "MDIwOkJyYW5jaFByb3RlY3Rpb25SdWxlMjE2NzIzMzI=",
            "pattern": "v*",
            "push_restrictions": [],
            "repository_id": "detekt-statistics",
            "require_signed_commits": false,
            "required_pull_request_reviews": [],
            "required_status_checks": []
          },
          "sensitive_attributes": [],
          "private": "eyJzY2hlbWFfdmVyc2lvbiI6IjEifQ=="
        },
        {
          "index_key": "gradle-update-check-action",
          "schema_version": 1,
          "attributes": {
            "allows_deletions": false,
            "allows_force_pushes": false,
            "enforce_admins": false,
            "id": "MDIwOkJyYW5jaFByb3RlY3Rpb25SdWxlMjE2NzI0NDc=",
            "pattern": "v*",
            "push_restrictions": [],
            "repository_id": "gradle-update-check-action",
            "require_signed_commits": false,
            "required_pull_request_reviews": [],
            "required_status_checks": []
          },
          "sensitive_attributes": [],
          "private": "eyJzY2hlbWFfdmVyc2lvbiI6IjEifQ=="
        },
        {
          "index_key": "npm-update-check-action",
          "schema_version": 1,
          "attributes": {
            "allows_deletions": false,
            "allows_force_pushes": false,
            "enforce_admins": false,
            "id": "MDIwOkJyYW5jaFByb3RlY3Rpb25SdWxlMjE2NzI0NDg=",
            "pattern": "v*",
            "push_restrictions": [],
            "repository_id": "npm-update-check-action",
            "require_signed_commits": false,
            "required_pull_request_reviews": [],
            "required_status_checks": []
          },
          "sensitive_attributes": [],
          "private": "eyJzY2hlbWFfdmVyc2lvbiI6IjEifQ=="
        },
        {
          "index_key": "nuget-update-check-action",
          "schema_version": 1,
          "attributes": {
            "allows_deletions": false,
            "allows_force_pushes": false,
            "enforce_admins": false,
            "id": "MDIwOkJyYW5jaFByb3RlY3Rpb25SdWxlMjE2NzI0NTM=",
            "pattern": "v*",
            "push_restrictions": [],
            "repository_id": "nuget-update-check-action",
            "require_signed_commits": false,
            "required_pull_request_reviews": [],
            "required_status_checks": []
          },
          "sensitive_attributes": [],
          "private": "eyJzY2hlbWFfdmVyc2lvbiI6IjEifQ=="
        },
        {
          "index_key": "setup-crystal-action",
          "schema_version": 1,
          "attributes": {
            "allows_deletions": false,
            "allows_force_pushes": false,
            "enforce_admins": false,
            "id": "MDIwOkJyYW5jaFByb3RlY3Rpb25SdWxlMjE2NzIyNDE=",
            "pattern": "v*",
            "push_restrictions": [],
            "repository_id": "setup-crystal-action",
            "require_signed_commits": false,
            "required_pull_request_reviews": [],
            "required_status_checks": []
          },
          "sensitive_attributes": [],
          "private": "eyJzY2hlbWFfdmVyc2lvbiI6IjEifQ=="
        },
        {
          "index_key": "slack-upload-file",
          "schema_version": 1,
          "attributes": {
            "allows_deletions": false,
            "allows_force_pushes": false,
            "enforce_admins": false,
            "id": "MDIwOkJyYW5jaFByb3RlY3Rpb25SdWxlMjE2NzIyOTY=",
            "pattern": "v*",
            "push_restrictions": [],
            "repository_id": "slack-upload-file",
            "require_signed_commits": false,
            "required_pull_request_reviews": [],
            "required_status_checks": []
          },
          "sensitive_attributes": [],
          "private": "eyJzY2hlbWFfdmVyc2lvbiI6IjEifQ=="
        },
        {
          "index_key": "swiftpm-update-check-action",
          "schema_version": 1,
          "attributes": {
            "allows_deletions": false,
            "allows_force_pushes": false,
            "enforce_admins": false,
            "id": "MDIwOkJyYW5jaFByb3RlY3Rpb25SdWxlMjE2NzI0NTk=",
            "pattern": "v*",
            "push_restrictions": [],
            "repository_id": "swiftpm-update-check-action",
            "require_signed_commits": false,
            "required_pull_request_reviews": [],
            "required_status_checks": []
          },
          "sensitive_attributes": [],
          "private": "eyJzY2hlbWFfdmVyc2lvbiI6IjEifQ=="
        },
        {
          "index_key": "test-command-action",
          "schema_version": 1,
          "attributes": {
            "allows_deletions": false,
            "allows_force_pushes": false,
            "enforce_admins": false,
            "id": "MDIwOkJyYW5jaFByb3RlY3Rpb25SdWxlMjE2NzI0Nzg=",
            "pattern": "v*",
            "push_restrictions": [],
            "repository_id": "test-command-action",
            "require_signed_commits": false,
            "required_pull_request_reviews": [],
            "required_status_checks": []
          },
          "sensitive_attributes": [],
          "private": "eyJzY2hlbWFfdmVyc2lvbiI6IjEifQ=="
        }
      ]
    },
    {
      "mode": "managed",
      "type": "github_branch_protection",
      "name": "ripple_text",
      "provider": "provider[\"registry.terraform.io/integrations/github\"]",
      "instances": [
        {
          "schema_version": 1,
          "attributes": {
            "allows_deletions": false,
            "allows_force_pushes": false,
            "enforce_admins": false,
            "id": "BPR_kwDOHmFQKs4BmACe",
            "pattern": "master",
            "push_restrictions": [],
            "repository_id": "RippleText",
            "require_signed_commits": false,
            "required_pull_request_reviews": [
              {
                "dismiss_stale_reviews": true,
                "dismissal_restrictions": [],
                "require_code_owner_reviews": true,
                "required_approving_review_count": 1,
                "restrict_dismissals": false
              }
            ],
            "required_status_checks": [
              {
                "contexts": [
                  "build"
                ],
                "strict": false
              }
            ]
          },
          "sensitive_attributes": [],
          "private": "eyJzY2hlbWFfdmVyc2lvbiI6IjEifQ==",
          "dependencies": [
            "github_repository.ripple-text"
          ]
        }
      ]
    },
    {
      "mode": "managed",
      "type": "github_issue_label",
      "name": "action-Action",
      "provider": "provider[\"registry.terraform.io/integrations/github\"]",
      "instances": [
        {
          "index_key": "check-run-auto",
          "schema_version": 0,
          "attributes": {
            "color": "92efb4",
            "description": "",
            "etag": "W/\"d80aadcd65d51f5e89d001e872ca229ce84fbcda9f1c0a5423803a360645ad16\"",
            "id": "check-run-auto:Action",
            "name": "Action",
            "repository": "check-run-auto",
            "url": "https://api.github.com/repos/MeilCli/check-run-auto/labels/Action"
          },
          "sensitive_attributes": [],
          "private": "eyJzY2hlbWFfdmVyc2lvbiI6IjAifQ==",
          "dependencies": [
            "github_repository.action"
          ]
        },
        {
          "index_key": "common-lint-reporter",
          "schema_version": 0,
          "attributes": {
            "color": "92efb4",
            "description": "",
            "etag": "W/\"dac8d3bc41e7ff2bd6f16e4c14912f796ef42e225b32ef2a4bcc77f02092ad93\"",
            "id": "common-lint-reporter:Action",
            "name": "Action",
            "repository": "common-lint-reporter",
            "url": "https://api.github.com/repos/MeilCli/common-lint-reporter/labels/Action"
          },
          "sensitive_attributes": [],
          "private": "eyJzY2hlbWFfdmVyc2lvbiI6IjAifQ==",
          "dependencies": [
            "github_repository.action"
          ]
        },
        {
          "index_key": "hidable-comment-action",
          "schema_version": 0,
          "attributes": {
            "color": "92efb4",
            "description": "",
            "etag": "W/\"205f5a9a128b73d1afc7a7afb6e932fea3790e39bfe6f50d6f9ac969c600fdd9\"",
            "id": "hidable-comment-action:Action",
            "name": "Action",
            "repository": "hidable-comment-action",
            "url": "https://api.github.com/repos/MeilCli/hidable-comment-action/labels/Action"
          },
          "sensitive_attributes": [],
          "private": "eyJzY2hlbWFfdmVyc2lvbiI6IjAifQ==",
          "dependencies": [
            "github_repository.action"
          ]
        },
        {
          "index_key": "regex-match",
          "schema_version": 0,
          "attributes": {
            "color": "92efb4",
            "description": "",
            "etag": "W/\"831051ab5c7aab51bb5f576caec75949fd1a5f27fa2748200aa18241f67765f8\"",
            "id": "regex-match:Action",
            "name": "Action",
            "repository": "regex-match",
            "url": "https://api.github.com/repos/MeilCli/regex-match/labels/Action"
          },
          "sensitive_attributes": [],
          "private": "eyJzY2hlbWFfdmVyc2lvbiI6IjAifQ==",
          "dependencies": [
            "github_repository.action"
          ]
        }
      ]
    },
    {
      "mode": "managed",
      "type": "github_issue_label",
      "name": "action-BreakingChange",
      "provider": "provider[\"registry.terraform.io/integrations/github\"]",
      "instances": [
        {
          "index_key": "check-run-auto",
          "schema_version": 0,
          "attributes": {
            "color": "db3b4d",
            "description": "",
            "etag": "W/\"462e0cf26b239a4884db0266116139ec0f8ef487de523b8341462f68ea93030f\"",
            "id": "check-run-auto:BreakingChange",
            "name": "BreakingChange",
            "repository": "check-run-auto",
            "url": "https://api.github.com/repos/MeilCli/check-run-auto/labels/BreakingChange"
          },
          "sensitive_attributes": [],
          "private": "eyJzY2hlbWFfdmVyc2lvbiI6IjAifQ==",
          "dependencies": [
            "github_repository.action"
          ]
        },
        {
          "index_key": "common-lint-reporter",
          "schema_version": 0,
          "attributes": {
            "color": "db3b4d",
            "description": "",
            "etag": "W/\"a7a0f7d384f27d6448eb82a8b2da0ab164f035b8925c3aeefc4779b69f03d9e3\"",
            "id": "common-lint-reporter:BreakingChange",
            "name": "BreakingChange",
            "repository": "common-lint-reporter",
            "url": "https://api.github.com/repos/MeilCli/common-lint-reporter/labels/BreakingChange"
          },
          "sensitive_attributes": [],
          "private": "eyJzY2hlbWFfdmVyc2lvbiI6IjAifQ==",
          "dependencies": [
            "github_repository.action"
          ]
        },
        {
          "index_key": "hidable-comment-action",
          "schema_version": 0,
          "attributes": {
            "color": "db3b4d",
            "description": "",
            "etag": "W/\"2e2ecd7dadee88376e8a16b652dc8fa59671edeb23b380ded3bcebc109f42bb8\"",
            "id": "hidable-comment-action:BreakingChange",
            "name": "BreakingChange",
            "repository": "hidable-comment-action",
            "url": "https://api.github.com/repos/MeilCli/hidable-comment-action/labels/BreakingChange"
          },
          "sensitive_attributes": [],
          "private": "eyJzY2hlbWFfdmVyc2lvbiI6IjAifQ==",
          "dependencies": [
            "github_repository.action"
          ]
        },
        {
          "index_key": "regex-match",
          "schema_version": 0,
          "attributes": {
            "color": "db3b4d",
            "description": "",
            "etag": "W/\"808304fa472021ba024dc4b54675358b763652dba54e165668990497ef54e1c5\"",
            "id": "regex-match:BreakingChange",
            "name": "BreakingChange",
            "repository": "regex-match",
            "url": "https://api.github.com/repos/MeilCli/regex-match/labels/BreakingChange"
          },
          "sensitive_attributes": [],
          "private": "eyJzY2hlbWFfdmVyc2lvbiI6IjAifQ==",
          "dependencies": [
            "github_repository.action"
          ]
        }
      ]
    },
    {
      "mode": "managed",
      "type": "github_issue_label",
      "name": "action-Bug",
      "provider": "provider[\"registry.terraform.io/integrations/github\"]",
      "instances": [
        {
          "index_key": "check-run-auto",
          "schema_version": 0,
          "attributes": {
            "color": "d73a4a",
            "description": "Something isn't working",
            "etag": "W/\"65fe10aadf5e5aeaa001d59d32e80276ee9636348fbf757000810fb20960860b\"",
            "id": "check-run-auto:Bug",
            "name": "Bug",
            "repository": "check-run-auto",
            "url": "https://api.github.com/repos/MeilCli/check-run-auto/labels/Bug"
          },
          "sensitive_attributes": [],
          "private": "eyJzY2hlbWFfdmVyc2lvbiI6IjAifQ==",
          "dependencies": [
            "github_repository.action"
          ]
        },
        {
          "index_key": "common-lint-reporter",
          "schema_version": 0,
          "attributes": {
            "color": "d73a4a",
            "description": "Something isn't working",
            "etag": "W/\"25bf86c2bf09cc3f1a5cef57fc2ed8c05de8fea2f46384597120b912af62b289\"",
            "id": "common-lint-reporter:Bug",
            "name": "Bug",
            "repository": "common-lint-reporter",
            "url": "https://api.github.com/repos/MeilCli/common-lint-reporter/labels/Bug"
          },
          "sensitive_attributes": [],
          "private": "eyJzY2hlbWFfdmVyc2lvbiI6IjAifQ==",
          "dependencies": [
            "github_repository.action"
          ]
        },
        {
          "index_key": "hidable-comment-action",
          "schema_version": 0,
          "attributes": {
            "color": "d73a4a",
            "description": "Something isn't working",
            "etag": "W/\"5b0b359c9a4dddb1065abb552d12a7b983942f49a7e645513334e58f1121af58\"",
            "id": "hidable-comment-action:Bug",
            "name": "Bug",
            "repository": "hidable-comment-action",
            "url": "https://api.github.com/repos/MeilCli/hidable-comment-action/labels/Bug"
          },
          "sensitive_attributes": [],
          "private": "eyJzY2hlbWFfdmVyc2lvbiI6IjAifQ==",
          "dependencies": [
            "github_repository.action"
          ]
        },
        {
          "index_key": "regex-match",
          "schema_version": 0,
          "attributes": {
            "color": "d73a4a",
            "description": "Something isn't working",
            "etag": "W/\"219fde25fa1501db9055fac30d3c8dffedee0124e16c1f3f12479cd21e197051\"",
            "id": "regex-match:Bug",
            "name": "Bug",
            "repository": "regex-match",
            "url": "https://api.github.com/repos/MeilCli/regex-match/labels/Bug"
          },
          "sensitive_attributes": [],
          "private": "eyJzY2hlbWFfdmVyc2lvbiI6IjAifQ==",
          "dependencies": [
            "github_repository.action"
          ]
        }
      ]
    },
    {
      "mode": "managed",
      "type": "github_issue_label",
      "name": "action-Dependencies",
      "provider": "provider[\"registry.terraform.io/integrations/github\"]",
      "instances": [
        {
          "index_key": "check-run-auto",
          "schema_version": 0,
          "attributes": {
            "color": "abc43e",
            "description": "",
            "etag": "W/\"22658cc7c565821aa9b1c1e3e38d94b25f4c04f47a2217308050ffca1368959b\"",
            "id": "check-run-auto:Dependencies",
            "name": "Dependencies",
            "repository": "check-run-auto",
            "url": "https://api.github.com/repos/MeilCli/check-run-auto/labels/Dependencies"
          },
          "sensitive_attributes": [],
          "private": "eyJzY2hlbWFfdmVyc2lvbiI6IjAifQ==",
          "dependencies": [
            "github_repository.action"
          ]
        },
        {
          "index_key": "common-lint-reporter",
          "schema_version": 0,
          "attributes": {
            "color": "abc43e",
            "description": "",
            "etag": "W/\"379895a6c3ed2012af5b50e37fa98a8d6b8e3de7cf2d1c4d309f8e9d2865ebf6\"",
            "id": "common-lint-reporter:Dependencies",
            "name": "Dependencies",
            "repository": "common-lint-reporter",
            "url": "https://api.github.com/repos/MeilCli/common-lint-reporter/labels/Dependencies"
          },
          "sensitive_attributes": [],
          "private": "eyJzY2hlbWFfdmVyc2lvbiI6IjAifQ==",
          "dependencies": [
            "github_repository.action"
          ]
        },
        {
          "index_key": "hidable-comment-action",
          "schema_version": 0,
          "attributes": {
            "color": "abc43e",
            "description": "",
            "etag": "W/\"3c66af8127d48cd3d3064e21f0409d6525953b2c2f62e3c2cda84b913bae82e4\"",
            "id": "hidable-comment-action:Dependencies",
            "name": "Dependencies",
            "repository": "hidable-comment-action",
            "url": "https://api.github.com/repos/MeilCli/hidable-comment-action/labels/Dependencies"
          },
          "sensitive_attributes": [],
          "private": "eyJzY2hlbWFfdmVyc2lvbiI6IjAifQ==",
          "dependencies": [
            "github_repository.action"
          ]
        },
        {
          "index_key": "regex-match",
          "schema_version": 0,
          "attributes": {
            "color": "abc43e",
            "description": "",
            "etag": "W/\"3b32069b7b7c82587818a78d10948af21d4ab38e30023855ae4cee31aeb9d0d1\"",
            "id": "regex-match:Dependencies",
            "name": "Dependencies",
            "repository": "regex-match",
            "url": "https://api.github.com/repos/MeilCli/regex-match/labels/Dependencies"
          },
          "sensitive_attributes": [],
          "private": "eyJzY2hlbWFfdmVyc2lvbiI6IjAifQ==",
          "dependencies": [
            "github_repository.action"
          ]
        }
      ]
    },
    {
      "mode": "managed",
      "type": "github_issue_label",
      "name": "action-Development",
      "provider": "provider[\"registry.terraform.io/integrations/github\"]",
      "instances": [
        {
          "index_key": "check-run-auto",
          "schema_version": 0,
          "attributes": {
            "color": "fef2c0",
            "description": "",
            "etag": "W/\"0b9ed7eb4a03daf2f99af6806588ea9e37ff135a626e892d039f3f38182c58b9\"",
            "id": "check-run-auto:Development",
            "name": "Development",
            "repository": "check-run-auto",
            "url": "https://api.github.com/repos/MeilCli/check-run-auto/labels/Development"
          },
          "sensitive_attributes": [],
          "private": "eyJzY2hlbWFfdmVyc2lvbiI6IjAifQ==",
          "dependencies": [
            "github_repository.action"
          ]
        },
        {
          "index_key": "common-lint-reporter",
          "schema_version": 0,
          "attributes": {
            "color": "fef2c0",
            "description": "",
            "etag": "W/\"d1edb8765b9ccd829948e1273a6793c73bb75506b9e710e5bec35a28c83ddd1c\"",
            "id": "common-lint-reporter:Development",
            "name": "Development",
            "repository": "common-lint-reporter",
            "url": "https://api.github.com/repos/MeilCli/common-lint-reporter/labels/Development"
          },
          "sensitive_attributes": [],
          "private": "eyJzY2hlbWFfdmVyc2lvbiI6IjAifQ==",
          "dependencies": [
            "github_repository.action"
          ]
        },
        {
          "index_key": "hidable-comment-action",
          "schema_version": 0,
          "attributes": {
            "color": "fef2c0",
            "description": "",
            "etag": "W/\"f0cd38f457e70bd143fc59e0ffc3564a2775b8bfa53d688bf861a5c48286e50e\"",
            "id": "hidable-comment-action:Development",
            "name": "Development",
            "repository": "hidable-comment-action",
            "url": "https://api.github.com/repos/MeilCli/hidable-comment-action/labels/Development"
          },
          "sensitive_attributes": [],
          "private": "eyJzY2hlbWFfdmVyc2lvbiI6IjAifQ==",
          "dependencies": [
            "github_repository.action"
          ]
        },
        {
          "index_key": "regex-match",
          "schema_version": 0,
          "attributes": {
            "color": "fef2c0",
            "description": "",
            "etag": "W/\"5767bec7083207b30bbe6697c43ab2fc570df6f77199581375513292ff84412e\"",
            "id": "regex-match:Development",
            "name": "Development",
            "repository": "regex-match",
            "url": "https://api.github.com/repos/MeilCli/regex-match/labels/Development"
          },
          "sensitive_attributes": [],
          "private": "eyJzY2hlbWFfdmVyc2lvbiI6IjAifQ==",
          "dependencies": [
            "github_repository.action"
          ]
        }
      ]
    },
    {
      "mode": "managed",
      "type": "github_issue_label",
      "name": "action-Documentation",
      "provider": "provider[\"registry.terraform.io/integrations/github\"]",
      "instances": [
        {
          "index_key": "check-run-auto",
          "schema_version": 0,
          "attributes": {
            "color": "1d76db",
            "description": "",
            "etag": "W/\"a25a3a7f47960092e127e6d392ae4efabae29cea608f7499d64571d682a8a2e8\"",
            "id": "check-run-auto:Documentation",
            "name": "Documentation",
            "repository": "check-run-auto",
            "url": "https://api.github.com/repos/MeilCli/check-run-auto/labels/Documentation"
          },
          "sensitive_attributes": [],
          "private": "eyJzY2hlbWFfdmVyc2lvbiI6IjAifQ==",
          "dependencies": [
            "github_repository.action"
          ]
        },
        {
          "index_key": "common-lint-reporter",
          "schema_version": 0,
          "attributes": {
            "color": "1d76db",
            "description": "",
            "etag": "W/\"6bc5d19d2796ce0c40d2526c3bed2ab11f5cd505228465252aa2f0712de37a17\"",
            "id": "common-lint-reporter:Documentation",
            "name": "Documentation",
            "repository": "common-lint-reporter",
            "url": "https://api.github.com/repos/MeilCli/common-lint-reporter/labels/Documentation"
          },
          "sensitive_attributes": [],
          "private": "eyJzY2hlbWFfdmVyc2lvbiI6IjAifQ==",
          "dependencies": [
            "github_repository.action"
          ]
        },
        {
          "index_key": "hidable-comment-action",
          "schema_version": 0,
          "attributes": {
            "color": "1d76db",
            "description": "",
            "etag": "W/\"fd0b59b74ae78fa0955a4c2ab69566a7c64f4d97acb7ccb332f3d0ed3e5d9d4d\"",
            "id": "hidable-comment-action:Documentation",
            "name": "Documentation",
            "repository": "hidable-comment-action",
            "url": "https://api.github.com/repos/MeilCli/hidable-comment-action/labels/Documentation"
          },
          "sensitive_attributes": [],
          "private": "eyJzY2hlbWFfdmVyc2lvbiI6IjAifQ==",
          "dependencies": [
            "github_repository.action"
          ]
        },
        {
          "index_key": "regex-match",
          "schema_version": 0,
          "attributes": {
            "color": "1d76db",
            "description": "",
            "etag": "W/\"1d3cb1ab460550035a856b556125acb374140ce414c130477f4bf14d561826c9\"",
            "id": "regex-match:Documentation",
            "name": "Documentation",
            "repository": "regex-match",
            "url": "https://api.github.com/repos/MeilCli/regex-match/labels/Documentation"
          },
          "sensitive_attributes": [],
          "private": "eyJzY2hlbWFfdmVyc2lvbiI6IjAifQ==",
          "dependencies": [
            "github_repository.action"
          ]
        }
      ]
    },
    {
      "mode": "managed",
      "type": "github_issue_label",
      "name": "action-Feature",
      "provider": "provider[\"registry.terraform.io/integrations/github\"]",
      "instances": [
        {
          "index_key": "check-run-auto",
          "schema_version": 0,
          "attributes": {
            "color": "a2eeef",
            "description": "New feature or request",
            "etag": "W/\"71bcca2508f9d96220abdb7e3e260bbacb843e0803d098d069378ea43e4983e5\"",
            "id": "check-run-auto:Feature",
            "name": "Feature",
            "repository": "check-run-auto",
            "url": "https://api.github.com/repos/MeilCli/check-run-auto/labels/Feature"
          },
          "sensitive_attributes": [],
          "private": "eyJzY2hlbWFfdmVyc2lvbiI6IjAifQ==",
          "dependencies": [
            "github_repository.action"
          ]
        },
        {
          "index_key": "common-lint-reporter",
          "schema_version": 0,
          "attributes": {
            "color": "a2eeef",
            "description": "New feature or request",
            "etag": "W/\"624c66ed6ccc4a4e652a1907dcf8fbd1119749d1944bd09c61a63c5cc927c2ec\"",
            "id": "common-lint-reporter:Feature",
            "name": "Feature",
            "repository": "common-lint-reporter",
            "url": "https://api.github.com/repos/MeilCli/common-lint-reporter/labels/Feature"
          },
          "sensitive_attributes": [],
          "private": "eyJzY2hlbWFfdmVyc2lvbiI6IjAifQ==",
          "dependencies": [
            "github_repository.action"
          ]
        },
        {
          "index_key": "hidable-comment-action",
          "schema_version": 0,
          "attributes": {
            "color": "a2eeef",
            "description": "New feature or request",
            "etag": "W/\"22838159068634f52b1079e38c8db20e2ac06fdc3a35fdb0d7ae28167f6a29bb\"",
            "id": "hidable-comment-action:Feature",
            "name": "Feature",
            "repository": "hidable-comment-action",
            "url": "https://api.github.com/repos/MeilCli/hidable-comment-action/labels/Feature"
          },
          "sensitive_attributes": [],
          "private": "eyJzY2hlbWFfdmVyc2lvbiI6IjAifQ==",
          "dependencies": [
            "github_repository.action"
          ]
        },
        {
          "index_key": "regex-match",
          "schema_version": 0,
          "attributes": {
            "color": "a2eeef",
            "description": "New feature or request",
            "etag": "W/\"b9728b5750f9d7a56eaee885b24b205d3c1cd0226127c6f083730d8eb8cf9193\"",
            "id": "regex-match:Feature",
            "name": "Feature",
            "repository": "regex-match",
            "url": "https://api.github.com/repos/MeilCli/regex-match/labels/Feature"
          },
          "sensitive_attributes": [],
          "private": "eyJzY2hlbWFfdmVyc2lvbiI6IjAifQ==",
          "dependencies": [
            "github_repository.action"
          ]
        }
      ]
    },
    {
      "mode": "managed",
      "type": "github_issue_label",
      "name": "action-Maintenance",
      "provider": "provider[\"registry.terraform.io/integrations/github\"]",
      "instances": [
        {
          "index_key": "check-run-auto",
          "schema_version": 0,
          "attributes": {
            "color": "4d6eb7",
            "description": "",
            "etag": "W/\"cef6b86f1a3ea9328e41a7d8dd841f065e06c1b4ec902a12327d120fbe83f55c\"",
            "id": "check-run-auto:Maintenance",
            "name": "Maintenance",
            "repository": "check-run-auto",
            "url": "https://api.github.com/repos/MeilCli/check-run-auto/labels/Maintenance"
          },
          "sensitive_attributes": [],
          "private": "eyJzY2hlbWFfdmVyc2lvbiI6IjAifQ==",
          "dependencies": [
            "github_repository.action"
          ]
        },
        {
          "index_key": "common-lint-reporter",
          "schema_version": 0,
          "attributes": {
            "color": "4d6eb7",
            "description": "",
            "etag": "W/\"ce1ab52a259330af1a77687401ecf792ce96d5032bfd2cb41a18b2e70fb7d2dd\"",
            "id": "common-lint-reporter:Maintenance",
            "name": "Maintenance",
            "repository": "common-lint-reporter",
            "url": "https://api.github.com/repos/MeilCli/common-lint-reporter/labels/Maintenance"
          },
          "sensitive_attributes": [],
          "private": "eyJzY2hlbWFfdmVyc2lvbiI6IjAifQ==",
          "dependencies": [
            "github_repository.action"
          ]
        },
        {
          "index_key": "hidable-comment-action",
          "schema_version": 0,
          "attributes": {
            "color": "4d6eb7",
            "description": "",
            "etag": "W/\"c36300afd484c35eed9539679f41167861547d9a25485bb2febd4183fe59a1c6\"",
            "id": "hidable-comment-action:Maintenance",
            "name": "Maintenance",
            "repository": "hidable-comment-action",
            "url": "https://api.github.com/repos/MeilCli/hidable-comment-action/labels/Maintenance"
          },
          "sensitive_attributes": [],
          "private": "eyJzY2hlbWFfdmVyc2lvbiI6IjAifQ==",
          "dependencies": [
            "github_repository.action"
          ]
        },
        {
          "index_key": "regex-match",
          "schema_version": 0,
          "attributes": {
            "color": "4d6eb7",
            "description": "",
            "etag": "W/\"3cb414430c8648eca4858ab891f248e7b52a3dd3984c56cd2ab88d28e1b5ecb4\"",
            "id": "regex-match:Maintenance",
            "name": "Maintenance",
            "repository": "regex-match",
            "url": "https://api.github.com/repos/MeilCli/regex-match/labels/Maintenance"
          },
          "sensitive_attributes": [],
          "private": "eyJzY2hlbWFfdmVyc2lvbiI6IjAifQ==",
          "dependencies": [
            "github_repository.action"
          ]
        }
      ]
    },
    {
      "mode": "managed",
      "type": "github_issue_label",
      "name": "action-Question",
      "provider": "provider[\"registry.terraform.io/integrations/github\"]",
      "instances": [
        {
          "index_key": "check-run-auto",
          "schema_version": 0,
          "attributes": {
            "color": "d876e3",
            "description": "Further information is requested",
            "etag": "W/\"61e70873b6055dffc2189f77f952cc6412dccd950ff8e294e17963617c79595c\"",
            "id": "check-run-auto:Question",
            "name": "Question",
            "repository": "check-run-auto",
            "url": "https://api.github.com/repos/MeilCli/check-run-auto/labels/Question"
          },
          "sensitive_attributes": [],
          "private": "eyJzY2hlbWFfdmVyc2lvbiI6IjAifQ==",
          "dependencies": [
            "github_repository.action"
          ]
        },
        {
          "index_key": "common-lint-reporter",
          "schema_version": 0,
          "attributes": {
            "color": "d876e3",
            "description": "Further information is requested",
            "etag": "W/\"00f57278bc300b8fc555ee3c1e8cbb3f073709ec09cfa0da3f0d382ef9553842\"",
            "id": "common-lint-reporter:Question",
            "name": "Question",
            "repository": "common-lint-reporter",
            "url": "https://api.github.com/repos/MeilCli/common-lint-reporter/labels/Question"
          },
          "sensitive_attributes": [],
          "private": "eyJzY2hlbWFfdmVyc2lvbiI6IjAifQ==",
          "dependencies": [
            "github_repository.action"
          ]
        },
        {
          "index_key": "hidable-comment-action",
          "schema_version": 0,
          "attributes": {
            "color": "d876e3",
            "description": "Further information is requested",
            "etag": "W/\"efd848122809577f807057b0dbf6c48c739aa284a8c56d1cb024a98ff27183c2\"",
            "id": "hidable-comment-action:Question",
            "name": "Question",
            "repository": "hidable-comment-action",
            "url": "https://api.github.com/repos/MeilCli/hidable-comment-action/labels/Question"
          },
          "sensitive_attributes": [],
          "private": "eyJzY2hlbWFfdmVyc2lvbiI6IjAifQ==",
          "dependencies": [
            "github_repository.action"
          ]
        },
        {
          "index_key": "regex-match",
          "schema_version": 0,
          "attributes": {
            "color": "d876e3",
            "description": "Further information is requested",
            "etag": "W/\"9c88dadde825711757d569195b30aae70a791c18bda0dbc6dc20458c55f9fd2f\"",
            "id": "regex-match:Question",
            "name": "Question",
            "repository": "regex-match",
            "url": "https://api.github.com/repos/MeilCli/regex-match/labels/Question"
          },
          "sensitive_attributes": [],
          "private": "eyJzY2hlbWFfdmVyc2lvbiI6IjAifQ==",
          "dependencies": [
            "github_repository.action"
          ]
        }
      ]
    },
    {
      "mode": "managed",
      "type": "github_issue_label",
      "name": "action-template",
      "provider": "provider[\"registry.terraform.io/integrations/github\"]",
      "instances": [
        {
          "index_key": "Action",
          "schema_version": 0,
          "attributes": {
            "color": "92efb4",
            "description": "",
            "etag": "W/\"24f903467ece564b0e6021fce1915109f316137deb4c1b0a0a942f766d3929e9\"",
            "id": "action-template:Action",
            "name": "Action",
            "repository": "action-template",
            "url": "https://api.github.com/repos/MeilCli/action-template/labels/Action"
          },
          "sensitive_attributes": [],
          "private": "eyJzY2hlbWFfdmVyc2lvbiI6IjAifQ=="
        },
        {
          "index_key": "BreakingChange",
          "schema_version": 0,
          "attributes": {
            "color": "db3b4d",
            "description": "",
            "etag": "W/\"a8a01ea646baf939ee95d3c9ca9179645afcddfc999c34f144a14a399e695e52\"",
            "id": "action-template:BreakingChange",
            "name": "BreakingChange",
            "repository": "action-template",
            "url": "https://api.github.com/repos/MeilCli/action-template/labels/BreakingChange"
          },
          "sensitive_attributes": [],
          "private": "eyJzY2hlbWFfdmVyc2lvbiI6IjAifQ=="
        },
        {
          "index_key": "Bug",
          "schema_version": 0,
          "attributes": {
            "color": "d73a4a",
            "description": "Something isn't working",
            "etag": "W/\"737c674fc8a1d4e7d6032c3b8e5cd91ba97a7ec63935b71f9782b14fe96d12fe\"",
            "id": "action-template:Bug",
            "name": "Bug",
            "repository": "action-template",
            "url": "https://api.github.com/repos/MeilCli/action-template/labels/Bug"
          },
          "sensitive_attributes": [],
          "private": "eyJzY2hlbWFfdmVyc2lvbiI6IjAifQ=="
        },
        {
          "index_key": "Dependencies",
          "schema_version": 0,
          "attributes": {
            "color": "abc43e",
            "description": "",
            "etag": "W/\"e0d93979aedc7e2e971c914218957d6cf3f92ac4373988b2fe199fa83a5ee579\"",
            "id": "action-template:Dependencies",
            "name": "Dependencies",
            "repository": "action-template",
            "url": "https://api.github.com/repos/MeilCli/action-template/labels/Dependencies"
          },
          "sensitive_attributes": [],
          "private": "eyJzY2hlbWFfdmVyc2lvbiI6IjAifQ=="
        },
        {
          "index_key": "Development",
          "schema_version": 0,
          "attributes": {
            "color": "fef2c0",
            "description": "",
            "etag": "W/\"9f65088d6c1d570fd86afa3d710ea9f6d1b0a4c5697d8a8997aec1062f0af4cc\"",
            "id": "action-template:Development",
            "name": "Development",
            "repository": "action-template",
            "url": "https://api.github.com/repos/MeilCli/action-template/labels/Development"
          },
          "sensitive_attributes": [],
          "private": "eyJzY2hlbWFfdmVyc2lvbiI6IjAifQ=="
        },
        {
          "index_key": "Documentation",
          "schema_version": 0,
          "attributes": {
            "color": "1d76db",
            "description": "",
            "etag": "W/\"6227b8632d1e930ec447fedce4b516ae2e61b79f8a939483c338ad14ca90409e\"",
            "id": "action-template:Documentation",
            "name": "Documentation",
            "repository": "action-template",
            "url": "https://api.github.com/repos/MeilCli/action-template/labels/Documentation"
          },
          "sensitive_attributes": [],
          "private": "eyJzY2hlbWFfdmVyc2lvbiI6IjAifQ=="
        },
        {
          "index_key": "Feature",
          "schema_version": 0,
          "attributes": {
            "color": "a2eeef",
            "description": "New feature or request",
            "etag": "W/\"4c1964e4563c7232d3b266c8fc5e833b45f6942eacaf56b63169abe583be1874\"",
            "id": "action-template:Feature",
            "name": "Feature",
            "repository": "action-template",
            "url": "https://api.github.com/repos/MeilCli/action-template/labels/Feature"
          },
          "sensitive_attributes": [],
          "private": "eyJzY2hlbWFfdmVyc2lvbiI6IjAifQ=="
        },
        {
          "index_key": "Maintenance",
          "schema_version": 0,
          "attributes": {
            "color": "4d6eb7",
            "description": "",
            "etag": "W/\"b2b9d6a31b5b4467cbf43e3745c92df449a32981f7bc08a7fb2933db0c908e71\"",
            "id": "action-template:Maintenance",
            "name": "Maintenance",
            "repository": "action-template",
            "url": "https://api.github.com/repos/MeilCli/action-template/labels/Maintenance"
          },
          "sensitive_attributes": [],
          "private": "eyJzY2hlbWFfdmVyc2lvbiI6IjAifQ=="
        },
        {
          "index_key": "Question",
          "schema_version": 0,
          "attributes": {
            "color": "d876e3",
            "description": "Further information is requested",
            "etag": "W/\"9827d4b7aa3ee99d865784a73c5619da70963557a3d01a81db4e86936419ccbc\"",
            "id": "action-template:Question",
            "name": "Question",
            "repository": "action-template",
            "url": "https://api.github.com/repos/MeilCli/action-template/labels/Question"
          },
          "sensitive_attributes": [],
          "private": "eyJzY2hlbWFfdmVyc2lvbiI6IjAifQ=="
        }
      ]
    },
    {
      "mode": "managed",
      "type": "github_issue_label",
      "name": "bibliothekar-BreakingChange",
      "provider": "provider[\"registry.terraform.io/integrations/github\"]",
      "instances": [
        {
          "schema_version": 0,
          "attributes": {
            "color": "db3b4d",
            "description": "",
            "etag": "W/\"f39bad26ddac05704d7f1722d4b3c23c57d7e97a8231f912e7e15ffcbaaa7496\"",
            "id": "Bibliothekar:BreakingChange",
            "name": "BreakingChange",
            "repository": "Bibliothekar",
            "url": "https://api.github.com/repos/MeilCli/Bibliothekar/labels/BreakingChange"
          },
          "sensitive_attributes": [],
          "private": "bnVsbA==",
          "dependencies": [
            "github_repository.bibliothekar"
          ]
        }
      ]
    },
    {
      "mode": "managed",
      "type": "github_issue_label",
      "name": "bibliothekar-Bug",
      "provider": "provider[\"registry.terraform.io/integrations/github\"]",
      "instances": [
        {
          "schema_version": 0,
          "attributes": {
            "color": "d73a4a",
            "description": "Something isn't working",
            "etag": "W/\"7a0bbcb16fcffc6a31d1d04e362367d84afc3e41cdfeac569574955baeeb3191\"",
            "id": "Bibliothekar:Bug",
            "name": "Bug",
            "repository": "Bibliothekar",
            "url": "https://api.github.com/repos/MeilCli/Bibliothekar/labels/Bug"
          },
          "sensitive_attributes": [],
          "private": "bnVsbA==",
          "dependencies": [
            "github_repository.bibliothekar"
          ]
        }
      ]
    },
    {
      "mode": "managed",
      "type": "github_issue_label",
      "name": "bibliothekar-Dependencies",
      "provider": "provider[\"registry.terraform.io/integrations/github\"]",
      "instances": [
        {
          "schema_version": 0,
          "attributes": {
            "color": "abc43e",
            "description": "",
            "etag": "W/\"f53f70a50a6ef42398ab1cabd5632c5cad02a0e09219ae64098702979ca635a7\"",
            "id": "Bibliothekar:Dependencies",
            "name": "Dependencies",
            "repository": "Bibliothekar",
            "url": "https://api.github.com/repos/MeilCli/Bibliothekar/labels/Dependencies"
          },
          "sensitive_attributes": [],
          "private": "bnVsbA==",
          "dependencies": [
            "github_repository.bibliothekar"
          ]
        }
      ]
    },
    {
      "mode": "managed",
      "type": "github_issue_label",
      "name": "bibliothekar-Development",
      "provider": "provider[\"registry.terraform.io/integrations/github\"]",
      "instances": [
        {
          "schema_version": 0,
          "attributes": {
            "color": "fef2c0",
            "description": "",
            "etag": "W/\"633036d9d59ba603f99b096bf6a8553ebddea1d03405549a9323ba37f29ca15d\"",
            "id": "Bibliothekar:Development",
            "name": "Development",
            "repository": "Bibliothekar",
            "url": "https://api.github.com/repos/MeilCli/Bibliothekar/labels/Development"
          },
          "sensitive_attributes": [],
          "private": "bnVsbA==",
          "dependencies": [
            "github_repository.bibliothekar"
          ]
        }
      ]
    },
    {
      "mode": "managed",
      "type": "github_issue_label",
      "name": "bibliothekar-Documentation",
      "provider": "provider[\"registry.terraform.io/integrations/github\"]",
      "instances": [
        {
          "schema_version": 0,
          "attributes": {
            "color": "1d76db",
            "description": "",
            "etag": "W/\"50574434b526ce970865771a8f8ceb249ccdf5764bc11845c6f2f0dd043546b7\"",
            "id": "Bibliothekar:Documentation",
            "name": "Documentation",
            "repository": "Bibliothekar",
            "url": "https://api.github.com/repos/MeilCli/Bibliothekar/labels/Documentation"
          },
          "sensitive_attributes": [],
          "private": "bnVsbA==",
          "dependencies": [
            "github_repository.bibliothekar"
          ]
        }
      ]
    },
    {
      "mode": "managed",
      "type": "github_issue_label",
      "name": "bibliothekar-Feature",
      "provider": "provider[\"registry.terraform.io/integrations/github\"]",
      "instances": [
        {
          "schema_version": 0,
          "attributes": {
            "color": "a2eeef",
            "description": "New feature or request",
            "etag": "W/\"f283b6822c1ed26c6b95ed875d7369131271133c6c24283b5e2248ff99ffba8f\"",
            "id": "Bibliothekar:Feature",
            "name": "Feature",
            "repository": "Bibliothekar",
            "url": "https://api.github.com/repos/MeilCli/Bibliothekar/labels/Feature"
          },
          "sensitive_attributes": [],
          "private": "bnVsbA==",
          "dependencies": [
            "github_repository.bibliothekar"
          ]
        }
      ]
    },
    {
      "mode": "managed",
      "type": "github_issue_label",
      "name": "bibliothekar-Maintenance",
      "provider": "provider[\"registry.terraform.io/integrations/github\"]",
      "instances": [
        {
          "schema_version": 0,
          "attributes": {
            "color": "4d6eb7",
            "description": "",
            "etag": "W/\"c65fdd28e59018e1c7e8ad6bf93ac19baa99877d23f0e0ede28a5072030d8802\"",
            "id": "Bibliothekar:Maintenance",
            "name": "Maintenance",
            "repository": "Bibliothekar",
            "url": "https://api.github.com/repos/MeilCli/Bibliothekar/labels/Maintenance"
          },
          "sensitive_attributes": [],
          "private": "bnVsbA==",
          "dependencies": [
            "github_repository.bibliothekar"
          ]
        }
      ]
    },
    {
      "mode": "managed",
      "type": "github_issue_label",
      "name": "bibliothekar-Question",
      "provider": "provider[\"registry.terraform.io/integrations/github\"]",
      "instances": [
        {
          "schema_version": 0,
          "attributes": {
            "color": "d876e3",
            "description": "Further information is requested",
            "etag": "W/\"407e4129b803e704cd5fcdfc037992764a9cfd67e21883a80e1e5a48932313c5\"",
            "id": "Bibliothekar:Question",
            "name": "Question",
            "repository": "Bibliothekar",
            "url": "https://api.github.com/repos/MeilCli/Bibliothekar/labels/Question"
          },
          "sensitive_attributes": [],
          "private": "bnVsbA==",
          "dependencies": [
            "github_repository.bibliothekar"
          ]
        }
      ]
    },
    {
      "mode": "managed",
      "type": "github_issue_label",
      "name": "notion-db-notification-BreakingChange",
      "provider": "provider[\"registry.terraform.io/integrations/github\"]",
      "instances": [
        {
          "schema_version": 0,
          "attributes": {
            "color": "db3b4d",
            "description": "",
            "etag": "W/\"209defe4b64fbc3156c6b61ab55a6530265d1a38468ef85f1b6446d27200c300\"",
            "id": "notion-db-notification:BreakingChange",
            "name": "BreakingChange",
            "repository": "notion-db-notification",
            "url": "https://api.github.com/repos/MeilCli/notion-db-notification/labels/BreakingChange"
          },
          "sensitive_attributes": [],
          "private": "bnVsbA==",
          "dependencies": [
            "github_repository.notion-db-notification"
          ]
        }
      ]
    },
    {
      "mode": "managed",
      "type": "github_issue_label",
      "name": "notion-db-notification-Bug",
      "provider": "provider[\"registry.terraform.io/integrations/github\"]",
      "instances": [
        {
          "schema_version": 0,
          "attributes": {
            "color": "d73a4a",
            "description": "Something isn't working",
            "etag": "W/\"e05a782846ccd5785230627b69e53647279433dd060287467fe598b96dc5079f\"",
            "id": "notion-db-notification:Bug",
            "name": "Bug",
            "repository": "notion-db-notification",
            "url": "https://api.github.com/repos/MeilCli/notion-db-notification/labels/Bug"
          },
          "sensitive_attributes": [],
          "private": "bnVsbA==",
          "dependencies": [
            "github_repository.notion-db-notification"
          ]
        }
      ]
    },
    {
      "mode": "managed",
      "type": "github_issue_label",
      "name": "notion-db-notification-Dependencies",
      "provider": "provider[\"registry.terraform.io/integrations/github\"]",
      "instances": [
        {
          "schema_version": 0,
          "attributes": {
            "color": "abc43e",
            "description": "",
            "etag": "W/\"ec76da8406d4287a9e80ec0c71416c6c97ebb4881daa8aff12c1fb45119b2dd9\"",
            "id": "notion-db-notification:Dependencies",
            "name": "Dependencies",
            "repository": "notion-db-notification",
            "url": "https://api.github.com/repos/MeilCli/notion-db-notification/labels/Dependencies"
          },
          "sensitive_attributes": [],
          "private": "bnVsbA==",
          "dependencies": [
            "github_repository.notion-db-notification"
          ]
        }
      ]
    },
    {
      "mode": "managed",
      "type": "github_issue_label",
      "name": "notion-db-notification-Development",
      "provider": "provider[\"registry.terraform.io/integrations/github\"]",
      "instances": [
        {
          "schema_version": 0,
          "attributes": {
            "color": "fef2c0",
            "description": "",
            "etag": "W/\"80a3815b3d765c47e9920ea3f5061be74e8d9b9dfbcfcf082eb5d2068587064d\"",
            "id": "notion-db-notification:Development",
            "name": "Development",
            "repository": "notion-db-notification",
            "url": "https://api.github.com/repos/MeilCli/notion-db-notification/labels/Development"
          },
          "sensitive_attributes": [],
          "private": "bnVsbA==",
          "dependencies": [
            "github_repository.notion-db-notification"
          ]
        }
      ]
    },
    {
      "mode": "managed",
      "type": "github_issue_label",
      "name": "notion-db-notification-Documentation",
      "provider": "provider[\"registry.terraform.io/integrations/github\"]",
      "instances": [
        {
          "schema_version": 0,
          "attributes": {
            "color": "1d76db",
            "description": "",
            "etag": "W/\"72952cbd2db4fb46ff2bff773f0fde4f206f29f23e301d3a856f8ab3f20893c7\"",
            "id": "notion-db-notification:Documentation",
            "name": "Documentation",
            "repository": "notion-db-notification",
            "url": "https://api.github.com/repos/MeilCli/notion-db-notification/labels/Documentation"
          },
          "sensitive_attributes": [],
          "private": "bnVsbA==",
          "dependencies": [
            "github_repository.notion-db-notification"
          ]
        }
      ]
    },
    {
      "mode": "managed",
      "type": "github_issue_label",
      "name": "notion-db-notification-Feature",
      "provider": "provider[\"registry.terraform.io/integrations/github\"]",
      "instances": [
        {
          "schema_version": 0,
          "attributes": {
            "color": "a2eeef",
            "description": "New feature or request",
            "etag": "W/\"9b25aa76c4cbee39f7cf472ca4458083d48cb60589605a4a6dc580f43b6f21cc\"",
            "id": "notion-db-notification:Feature",
            "name": "Feature",
            "repository": "notion-db-notification",
            "url": "https://api.github.com/repos/MeilCli/notion-db-notification/labels/Feature"
          },
          "sensitive_attributes": [],
          "private": "bnVsbA==",
          "dependencies": [
            "github_repository.notion-db-notification"
          ]
        }
      ]
    },
    {
      "mode": "managed",
      "type": "github_issue_label",
      "name": "notion-db-notification-Maintenance",
      "provider": "provider[\"registry.terraform.io/integrations/github\"]",
      "instances": [
        {
          "schema_version": 0,
          "attributes": {
            "color": "4d6eb7",
            "description": "",
            "etag": "W/\"4c3c90eb428713417f2dcf18fbf9c51d8798a7075d2dcbae6695cd28fd08136a\"",
            "id": "notion-db-notification:Maintenance",
            "name": "Maintenance",
            "repository": "notion-db-notification",
            "url": "https://api.github.com/repos/MeilCli/notion-db-notification/labels/Maintenance"
          },
          "sensitive_attributes": [],
          "private": "bnVsbA==",
          "dependencies": [
            "github_repository.notion-db-notification"
          ]
        }
      ]
    },
    {
      "mode": "managed",
      "type": "github_issue_label",
      "name": "notion-db-notification-Question",
      "provider": "provider[\"registry.terraform.io/integrations/github\"]",
      "instances": [
        {
          "schema_version": 0,
          "attributes": {
            "color": "d876e3",
            "description": "Further information is requested",
            "etag": "W/\"2486a11d88cf6d1ae12fdb8d9f50932331f48224cb64bb76ac26099e1dc9e3b7\"",
            "id": "notion-db-notification:Question",
            "name": "Question",
            "repository": "notion-db-notification",
            "url": "https://api.github.com/repos/MeilCli/notion-db-notification/labels/Question"
          },
          "sensitive_attributes": [],
          "private": "bnVsbA==",
          "dependencies": [
            "github_repository.notion-db-notification"
          ]
        }
      ]
    },
    {
      "mode": "managed",
      "type": "github_issue_label",
      "name": "old-action-Action",
      "provider": "provider[\"registry.terraform.io/integrations/github\"]",
      "instances": [
        {
          "index_key": "android-lint-statistics",
          "schema_version": 0,
          "attributes": {
            "color": "92efb4",
            "description": "",
            "etag": "W/\"4b9c39e815c26cd5a9b083f29d426a49f77cfa3dd9b78a9811cc2f2625203e38\"",
            "id": "android-lint-statistics:Action",
            "name": "Action",
            "repository": "android-lint-statistics",
            "url": "https://api.github.com/repos/MeilCli/android-lint-statistics/labels/Action"
          },
          "sensitive_attributes": [],
          "private": "eyJzY2hlbWFfdmVyc2lvbiI6IjAifQ=="
        },
        {
          "index_key": "bump-release-action",
          "schema_version": 0,
          "attributes": {
            "color": "92efb4",
            "description": "",
            "etag": "W/\"ccb5a6f2fe421c85134685e9bfc2842e5d9fb436004a3c6f1ea32638b1c05637\"",
            "id": "bump-release-action:Action",
            "name": "Action",
            "repository": "bump-release-action",
            "url": "https://api.github.com/repos/MeilCli/bump-release-action/labels/Action"
          },
          "sensitive_attributes": [],
          "private": "eyJzY2hlbWFfdmVyc2lvbiI6IjAifQ=="
        },
        {
          "index_key": "carthage-update-check-action",
          "schema_version": 0,
          "attributes": {
            "color": "92efb4",
            "description": "",
            "etag": "W/\"7ffd8592f3fc2be70e6d54d3f6aaf33b6be78d91c3698e4efdc37e16e12c5ad2\"",
            "id": "carthage-update-check-action:Action",
            "name": "Action",
            "repository": "carthage-update-check-action",
            "url": "https://api.github.com/repos/MeilCli/carthage-update-check-action/labels/Action"
          },
          "sensitive_attributes": [],
          "private": "eyJzY2hlbWFfdmVyc2lvbiI6IjAifQ=="
        },
        {
          "index_key": "cocoapods-update-check-action",
          "schema_version": 0,
          "attributes": {
            "color": "92efb4",
            "description": "",
            "etag": "W/\"130ce68130deddfc3389bb7033d7f921b43c80612b02a735295ce8691fc730cd\"",
            "id": "cocoapods-update-check-action:Action",
            "name": "Action",
            "repository": "cocoapods-update-check-action",
            "url": "https://api.github.com/repos/MeilCli/cocoapods-update-check-action/labels/Action"
          },
          "sensitive_attributes": [],
          "private": "eyJzY2hlbWFfdmVyc2lvbiI6IjAifQ=="
        },
        {
          "index_key": "danger-action",
          "schema_version": 0,
          "attributes": {
            "color": "92efb4",
            "description": "",
            "etag": "W/\"8959a2291dbd5e9e88eabd304a7bf3897b4cd3f34cc6568b95220f3d1d4ed3a8\"",
            "id": "danger-action:Action",
            "name": "Action",
            "repository": "danger-action",
            "url": "https://api.github.com/repos/MeilCli/danger-action/labels/Action"
          },
          "sensitive_attributes": [],
          "private": "eyJzY2hlbWFfdmVyc2lvbiI6IjAifQ=="
        },
        {
          "index_key": "detekt-statistics",
          "schema_version": 0,
          "attributes": {
            "color": "92efb4",
            "description": "",
            "etag": "W/\"976f4da3c669b41a80386a375f36663c28e93b798851bd3961d14ec895756281\"",
            "id": "detekt-statistics:Action",
            "name": "Action",
            "repository": "detekt-statistics",
            "url": "https://api.github.com/repos/MeilCli/detekt-statistics/labels/Action"
          },
          "sensitive_attributes": [],
          "private": "eyJzY2hlbWFfdmVyc2lvbiI6IjAifQ=="
        },
        {
          "index_key": "gradle-update-check-action",
          "schema_version": 0,
          "attributes": {
            "color": "92efb4",
            "description": "",
            "etag": "W/\"0dfb44d5f72a9a4ac5bed8651a0be7edcb9131293c8effda5b33ccf61fd07d9a\"",
            "id": "gradle-update-check-action:Action",
            "name": "Action",
            "repository": "gradle-update-check-action",
            "url": "https://api.github.com/repos/MeilCli/gradle-update-check-action/labels/Action"
          },
          "sensitive_attributes": [],
          "private": "eyJzY2hlbWFfdmVyc2lvbiI6IjAifQ=="
        },
        {
          "index_key": "npm-update-check-action",
          "schema_version": 0,
          "attributes": {
            "color": "92efb4",
            "description": "",
            "etag": "W/\"449ade29890ec662ae832d7a3c374e0e7c8d397d743e4ffcd909fad231163381\"",
            "id": "npm-update-check-action:Action",
            "name": "Action",
            "repository": "npm-update-check-action",
            "url": "https://api.github.com/repos/MeilCli/npm-update-check-action/labels/Action"
          },
          "sensitive_attributes": [],
          "private": "eyJzY2hlbWFfdmVyc2lvbiI6IjAifQ=="
        },
        {
          "index_key": "nuget-update-check-action",
          "schema_version": 0,
          "attributes": {
            "color": "92efb4",
            "description": "",
            "etag": "W/\"56ff1e48ce22c26497798c505008299bb2201ec92f3e208bfeecc8ac0da2b491\"",
            "id": "nuget-update-check-action:Action",
            "name": "Action",
            "repository": "nuget-update-check-action",
            "url": "https://api.github.com/repos/MeilCli/nuget-update-check-action/labels/Action"
          },
          "sensitive_attributes": [],
          "private": "eyJzY2hlbWFfdmVyc2lvbiI6IjAifQ=="
        },
        {
          "index_key": "setup-crystal-action",
          "schema_version": 0,
          "attributes": {
            "color": "92efb4",
            "description": "",
            "etag": "W/\"9459df9cae8b8dd3e8918d0331e66b2659e25e82efae84754939f83545e0c20c\"",
            "id": "setup-crystal-action:Action",
            "name": "Action",
            "repository": "setup-crystal-action",
            "url": "https://api.github.com/repos/MeilCli/setup-crystal-action/labels/Action"
          },
          "sensitive_attributes": [],
          "private": "eyJzY2hlbWFfdmVyc2lvbiI6IjAifQ=="
        },
        {
          "index_key": "slack-upload-file",
          "schema_version": 0,
          "attributes": {
            "color": "92efb4",
            "description": "",
            "etag": "W/\"f593497bf25e7bb924212b0ce3ace2ae9da5b3d6773c66a6c6f8257fd138d772\"",
            "id": "slack-upload-file:Action",
            "name": "Action",
            "repository": "slack-upload-file",
            "url": "https://api.github.com/repos/MeilCli/slack-upload-file/labels/Action"
          },
          "sensitive_attributes": [],
          "private": "eyJzY2hlbWFfdmVyc2lvbiI6IjAifQ=="
        },
        {
          "index_key": "swiftpm-update-check-action",
          "schema_version": 0,
          "attributes": {
            "color": "92efb4",
            "description": "",
            "etag": "W/\"4b7f79d1243cb80597851e287b583d7c83d443a4eca2010c97d9617f53a449df\"",
            "id": "swiftpm-update-check-action:Action",
            "name": "Action",
            "repository": "swiftpm-update-check-action",
            "url": "https://api.github.com/repos/MeilCli/swiftpm-update-check-action/labels/Action"
          },
          "sensitive_attributes": [],
          "private": "eyJzY2hlbWFfdmVyc2lvbiI6IjAifQ=="
        },
        {
          "index_key": "test-command-action",
          "schema_version": 0,
          "attributes": {
            "color": "92efb4",
            "description": "",
            "etag": "W/\"fd8d7ff20d42d147065700d9224b10fc95da6d0ec16827766a613e24153e8833\"",
            "id": "test-command-action:Action",
            "name": "Action",
            "repository": "test-command-action",
            "url": "https://api.github.com/repos/MeilCli/test-command-action/labels/Action"
          },
          "sensitive_attributes": [],
          "private": "eyJzY2hlbWFfdmVyc2lvbiI6IjAifQ=="
        }
      ]
    },
    {
      "mode": "managed",
      "type": "github_issue_label",
      "name": "old-action-BreakingChange",
      "provider": "provider[\"registry.terraform.io/integrations/github\"]",
      "instances": [
        {
          "index_key": "android-lint-statistics",
          "schema_version": 0,
          "attributes": {
            "color": "db3b4d",
            "description": "",
            "etag": "W/\"255b90eac3f92b79604ee9e0335ac416c980d50c785b4b1e08a3cd2e61007879\"",
            "id": "android-lint-statistics:BreakingChange",
            "name": "BreakingChange",
            "repository": "android-lint-statistics",
            "url": "https://api.github.com/repos/MeilCli/android-lint-statistics/labels/BreakingChange"
          },
          "sensitive_attributes": [],
          "private": "eyJzY2hlbWFfdmVyc2lvbiI6IjAifQ=="
        },
        {
          "index_key": "bump-release-action",
          "schema_version": 0,
          "attributes": {
            "color": "db3b4d",
            "description": "",
            "etag": "W/\"94b3bacc5845a5d9a837a5f1485ccf38cf73324cc49b620b240bfa005eac2430\"",
            "id": "bump-release-action:BreakingChange",
            "name": "BreakingChange",
            "repository": "bump-release-action",
            "url": "https://api.github.com/repos/MeilCli/bump-release-action/labels/BreakingChange"
          },
          "sensitive_attributes": [],
          "private": "eyJzY2hlbWFfdmVyc2lvbiI6IjAifQ=="
        },
        {
          "index_key": "carthage-update-check-action",
          "schema_version": 0,
          "attributes": {
            "color": "db3b4d",
            "description": "",
            "etag": "W/\"bef8c2a1af6be276605e9c6f5077099ed78223667dc772aa2efdf184f322e928\"",
            "id": "carthage-update-check-action:BreakingChange",
            "name": "BreakingChange",
            "repository": "carthage-update-check-action",
            "url": "https://api.github.com/repos/MeilCli/carthage-update-check-action/labels/BreakingChange"
          },
          "sensitive_attributes": [],
          "private": "eyJzY2hlbWFfdmVyc2lvbiI6IjAifQ=="
        },
        {
          "index_key": "cocoapods-update-check-action",
          "schema_version": 0,
          "attributes": {
            "color": "db3b4d",
            "description": "",
            "etag": "W/\"9ff997a8863ac26b870b041229d3de1939992b72f37eee0d3a7fa8c6d7594b69\"",
            "id": "cocoapods-update-check-action:BreakingChange",
            "name": "BreakingChange",
            "repository": "cocoapods-update-check-action",
            "url": "https://api.github.com/repos/MeilCli/cocoapods-update-check-action/labels/BreakingChange"
          },
          "sensitive_attributes": [],
          "private": "eyJzY2hlbWFfdmVyc2lvbiI6IjAifQ=="
        },
        {
          "index_key": "danger-action",
          "schema_version": 0,
          "attributes": {
            "color": "db3b4d",
            "description": "",
            "etag": "W/\"a733905b7a4af358eea13fc1449cdda893234ed4cc8779efc0a0263152aecde8\"",
            "id": "danger-action:BreakingChange",
            "name": "BreakingChange",
            "repository": "danger-action",
            "url": "https://api.github.com/repos/MeilCli/danger-action/labels/BreakingChange"
          },
          "sensitive_attributes": [],
          "private": "eyJzY2hlbWFfdmVyc2lvbiI6IjAifQ=="
        },
        {
          "index_key": "detekt-statistics",
          "schema_version": 0,
          "attributes": {
            "color": "db3b4d",
            "description": "",
            "etag": "W/\"3e649ce581988c4607769f572178e2813290bb2b657d5ffdf2344c7ecca7cbb7\"",
            "id": "detekt-statistics:BreakingChange",
            "name": "BreakingChange",
            "repository": "detekt-statistics",
            "url": "https://api.github.com/repos/MeilCli/detekt-statistics/labels/BreakingChange"
          },
          "sensitive_attributes": [],
          "private": "eyJzY2hlbWFfdmVyc2lvbiI6IjAifQ=="
        },
        {
          "index_key": "gradle-update-check-action",
          "schema_version": 0,
          "attributes": {
            "color": "db3b4d",
            "description": "",
            "etag": "W/\"bcd650bc4e60d0aea4acd18f0e30d3494f2277320faff08eb3f7126e5bdb4e14\"",
            "id": "gradle-update-check-action:BreakingChange",
            "name": "BreakingChange",
            "repository": "gradle-update-check-action",
            "url": "https://api.github.com/repos/MeilCli/gradle-update-check-action/labels/BreakingChange"
          },
          "sensitive_attributes": [],
          "private": "eyJzY2hlbWFfdmVyc2lvbiI6IjAifQ=="
        },
        {
          "index_key": "npm-update-check-action",
          "schema_version": 0,
          "attributes": {
            "color": "db3b4d",
            "description": "",
            "etag": "W/\"bb2580902b00fb7290243b36396bfa35bd919c9c331785fe1a332b39d7022b29\"",
            "id": "npm-update-check-action:BreakingChange",
            "name": "BreakingChange",
            "repository": "npm-update-check-action",
            "url": "https://api.github.com/repos/MeilCli/npm-update-check-action/labels/BreakingChange"
          },
          "sensitive_attributes": [],
          "private": "eyJzY2hlbWFfdmVyc2lvbiI6IjAifQ=="
        },
        {
          "index_key": "nuget-update-check-action",
          "schema_version": 0,
          "attributes": {
            "color": "db3b4d",
            "description": "",
            "etag": "W/\"3f0e0b8da3880fe483fc3315a03beb34139d864485e49b17ec5075f941157bfd\"",
            "id": "nuget-update-check-action:BreakingChange",
            "name": "BreakingChange",
            "repository": "nuget-update-check-action",
            "url": "https://api.github.com/repos/MeilCli/nuget-update-check-action/labels/BreakingChange"
          },
          "sensitive_attributes": [],
          "private": "eyJzY2hlbWFfdmVyc2lvbiI6IjAifQ=="
        },
        {
          "index_key": "setup-crystal-action",
          "schema_version": 0,
          "attributes": {
            "color": "db3b4d",
            "description": "",
            "etag": "W/\"f36fdc0d146b7232b075da2753454a59ff113716a4325c94042f6ede357dc285\"",
            "id": "setup-crystal-action:BreakingChange",
            "name": "BreakingChange",
            "repository": "setup-crystal-action",
            "url": "https://api.github.com/repos/MeilCli/setup-crystal-action/labels/BreakingChange"
          },
          "sensitive_attributes": [],
          "private": "eyJzY2hlbWFfdmVyc2lvbiI6IjAifQ=="
        },
        {
          "index_key": "slack-upload-file",
          "schema_version": 0,
          "attributes": {
            "color": "db3b4d",
            "description": "",
            "etag": "W/\"7ec7b6f0079568c723464f31c389be12b38adfb86d7ddb0cd6c16007c2a8beee\"",
            "id": "slack-upload-file:BreakingChange",
            "name": "BreakingChange",
            "repository": "slack-upload-file",
            "url": "https://api.github.com/repos/MeilCli/slack-upload-file/labels/BreakingChange"
          },
          "sensitive_attributes": [],
          "private": "eyJzY2hlbWFfdmVyc2lvbiI6IjAifQ=="
        },
        {
          "index_key": "swiftpm-update-check-action",
          "schema_version": 0,
          "attributes": {
            "color": "db3b4d",
            "description": "",
            "etag": "W/\"543a25f09065e462bad4abed452264fb9bb06c50bef4258cd714ed8fda0fb3b5\"",
            "id": "swiftpm-update-check-action:BreakingChange",
            "name": "BreakingChange",
            "repository": "swiftpm-update-check-action",
            "url": "https://api.github.com/repos/MeilCli/swiftpm-update-check-action/labels/BreakingChange"
          },
          "sensitive_attributes": [],
          "private": "eyJzY2hlbWFfdmVyc2lvbiI6IjAifQ=="
        },
        {
          "index_key": "test-command-action",
          "schema_version": 0,
          "attributes": {
            "color": "db3b4d",
            "description": "",
            "etag": "W/\"b269501472881831cff430fea269e8f38e6b8439dea7563579a8d8f391d164e0\"",
            "id": "test-command-action:BreakingChange",
            "name": "BreakingChange",
            "repository": "test-command-action",
            "url": "https://api.github.com/repos/MeilCli/test-command-action/labels/BreakingChange"
          },
          "sensitive_attributes": [],
          "private": "eyJzY2hlbWFfdmVyc2lvbiI6IjAifQ=="
        }
      ]
    },
    {
      "mode": "managed",
      "type": "github_issue_label",
      "name": "old-action-Bug",
      "provider": "provider[\"registry.terraform.io/integrations/github\"]",
      "instances": [
        {
          "index_key": "android-lint-statistics",
          "schema_version": 0,
          "attributes": {
            "color": "d73a4a",
            "description": "Something isn't working",
            "etag": "W/\"0bde4bfaf81733d2969eb4e1cd4c1a5cb497351e702a8774d9eaa8e4da64c0d7\"",
            "id": "android-lint-statistics:Bug",
            "name": "Bug",
            "repository": "android-lint-statistics",
            "url": "https://api.github.com/repos/MeilCli/android-lint-statistics/labels/Bug"
          },
          "sensitive_attributes": [],
          "private": "eyJzY2hlbWFfdmVyc2lvbiI6IjAifQ=="
        },
        {
          "index_key": "bump-release-action",
          "schema_version": 0,
          "attributes": {
            "color": "d73a4a",
            "description": "Something isn't working",
            "etag": "W/\"561a4bc06e8f158fb48b30df95c81b235c38dad867757f1fe1e088c48e0b76c2\"",
            "id": "bump-release-action:Bug",
            "name": "Bug",
            "repository": "bump-release-action",
            "url": "https://api.github.com/repos/MeilCli/bump-release-action/labels/Bug"
          },
          "sensitive_attributes": [],
          "private": "eyJzY2hlbWFfdmVyc2lvbiI6IjAifQ=="
        },
        {
          "index_key": "carthage-update-check-action",
          "schema_version": 0,
          "attributes": {
            "color": "d73a4a",
            "description": "Something isn't working",
            "etag": "W/\"c4543a8055851ac2e0f1285e78afe366f4673f40a08b31aee6ac4e3e2cead118\"",
            "id": "carthage-update-check-action:Bug",
            "name": "Bug",
            "repository": "carthage-update-check-action",
            "url": "https://api.github.com/repos/MeilCli/carthage-update-check-action/labels/Bug"
          },
          "sensitive_attributes": [],
          "private": "eyJzY2hlbWFfdmVyc2lvbiI6IjAifQ=="
        },
        {
          "index_key": "cocoapods-update-check-action",
          "schema_version": 0,
          "attributes": {
            "color": "d73a4a",
            "description": "Something isn't working",
            "etag": "W/\"7be29f308ac4cb837fdcf57a1c97d9cfec648eb4d7bfd0291691e46869127afd\"",
            "id": "cocoapods-update-check-action:Bug",
            "name": "Bug",
            "repository": "cocoapods-update-check-action",
            "url": "https://api.github.com/repos/MeilCli/cocoapods-update-check-action/labels/Bug"
          },
          "sensitive_attributes": [],
          "private": "eyJzY2hlbWFfdmVyc2lvbiI6IjAifQ=="
        },
        {
          "index_key": "danger-action",
          "schema_version": 0,
          "attributes": {
            "color": "d73a4a",
            "description": "Something isn't working",
            "etag": "W/\"ddb84f3cfd5ba722b295aabca4ce5ccf69403b8c383d5f9747f67a4f81cf8d60\"",
            "id": "danger-action:Bug",
            "name": "Bug",
            "repository": "danger-action",
            "url": "https://api.github.com/repos/MeilCli/danger-action/labels/Bug"
          },
          "sensitive_attributes": [],
          "private": "eyJzY2hlbWFfdmVyc2lvbiI6IjAifQ=="
        },
        {
          "index_key": "detekt-statistics",
          "schema_version": 0,
          "attributes": {
            "color": "d73a4a",
            "description": "Something isn't working",
            "etag": "W/\"fbd542876f569877caaa581e4be162c6989f4e7a32125ab0bcc9bac4f80fc4f2\"",
            "id": "detekt-statistics:Bug",
            "name": "Bug",
            "repository": "detekt-statistics",
            "url": "https://api.github.com/repos/MeilCli/detekt-statistics/labels/Bug"
          },
          "sensitive_attributes": [],
          "private": "eyJzY2hlbWFfdmVyc2lvbiI6IjAifQ=="
        },
        {
          "index_key": "gradle-update-check-action",
          "schema_version": 0,
          "attributes": {
            "color": "d73a4a",
            "description": "Something isn't working",
            "etag": "W/\"2cb49b1047971f2921682150d831630579340ff4f1227f317cb16683be6e8614\"",
            "id": "gradle-update-check-action:Bug",
            "name": "Bug",
            "repository": "gradle-update-check-action",
            "url": "https://api.github.com/repos/MeilCli/gradle-update-check-action/labels/Bug"
          },
          "sensitive_attributes": [],
          "private": "eyJzY2hlbWFfdmVyc2lvbiI6IjAifQ=="
        },
        {
          "index_key": "npm-update-check-action",
          "schema_version": 0,
          "attributes": {
            "color": "d73a4a",
            "description": "Something isn't working",
            "etag": "W/\"101ea8da3b254523379c507fa19f13ad0661c73e935a566ec779e26b3ee26a7b\"",
            "id": "npm-update-check-action:Bug",
            "name": "Bug",
            "repository": "npm-update-check-action",
            "url": "https://api.github.com/repos/MeilCli/npm-update-check-action/labels/Bug"
          },
          "sensitive_attributes": [],
          "private": "eyJzY2hlbWFfdmVyc2lvbiI6IjAifQ=="
        },
        {
          "index_key": "nuget-update-check-action",
          "schema_version": 0,
          "attributes": {
            "color": "d73a4a",
            "description": "Something isn't working",
            "etag": "W/\"fd48c0e44d4bf056f6616f256c9028d4c5e224af4904beeadac46a750b392aa6\"",
            "id": "nuget-update-check-action:Bug",
            "name": "Bug",
            "repository": "nuget-update-check-action",
            "url": "https://api.github.com/repos/MeilCli/nuget-update-check-action/labels/Bug"
          },
          "sensitive_attributes": [],
          "private": "eyJzY2hlbWFfdmVyc2lvbiI6IjAifQ=="
        },
        {
          "index_key": "setup-crystal-action",
          "schema_version": 0,
          "attributes": {
            "color": "d73a4a",
            "description": "Something isn't working",
            "etag": "W/\"1a777ae6be68916efea2f6ac763f9d27e680b53f7931b3763067eb0b808b0756\"",
            "id": "setup-crystal-action:Bug",
            "name": "Bug",
            "repository": "setup-crystal-action",
            "url": "https://api.github.com/repos/MeilCli/setup-crystal-action/labels/Bug"
          },
          "sensitive_attributes": [],
          "private": "eyJzY2hlbWFfdmVyc2lvbiI6IjAifQ=="
        },
        {
          "index_key": "slack-upload-file",
          "schema_version": 0,
          "attributes": {
            "color": "d73a4a",
            "description": "Something isn't working",
            "etag": "W/\"db32405489058a0240196b51705e29c061669d082574e6f5e5db0157f27b2e59\"",
            "id": "slack-upload-file:Bug",
            "name": "Bug",
            "repository": "slack-upload-file",
            "url": "https://api.github.com/repos/MeilCli/slack-upload-file/labels/Bug"
          },
          "sensitive_attributes": [],
          "private": "eyJzY2hlbWFfdmVyc2lvbiI6IjAifQ=="
        },
        {
          "index_key": "swiftpm-update-check-action",
          "schema_version": 0,
          "attributes": {
            "color": "d73a4a",
            "description": "Something isn't working",
            "etag": "W/\"b838dd944b988f582d5ff3c0a3bf00051aefdc761390f66d8c20f949c6d2fcdc\"",
            "id": "swiftpm-update-check-action:Bug",
            "name": "Bug",
            "repository": "swiftpm-update-check-action",
            "url": "https://api.github.com/repos/MeilCli/swiftpm-update-check-action/labels/Bug"
          },
          "sensitive_attributes": [],
          "private": "eyJzY2hlbWFfdmVyc2lvbiI6IjAifQ=="
        },
        {
          "index_key": "test-command-action",
          "schema_version": 0,
          "attributes": {
            "color": "d73a4a",
            "description": "Something isn't working",
            "etag": "W/\"056a3dfd097aea453da5a047b11909beb97e0ddfb1da980468bafefc4f12b179\"",
            "id": "test-command-action:Bug",
            "name": "Bug",
            "repository": "test-command-action",
            "url": "https://api.github.com/repos/MeilCli/test-command-action/labels/Bug"
          },
          "sensitive_attributes": [],
          "private": "eyJzY2hlbWFfdmVyc2lvbiI6IjAifQ=="
        }
      ]
    },
    {
      "mode": "managed",
      "type": "github_issue_label",
      "name": "old-action-Dependencies",
      "provider": "provider[\"registry.terraform.io/integrations/github\"]",
      "instances": [
        {
          "index_key": "android-lint-statistics",
          "schema_version": 0,
          "attributes": {
            "color": "abc43e",
            "description": "",
            "etag": "W/\"fcd9837107a256b72dfa2f0272165677a3c3c9bb2d248e4321864368e0742569\"",
            "id": "android-lint-statistics:Dependencies",
            "name": "Dependencies",
            "repository": "android-lint-statistics",
            "url": "https://api.github.com/repos/MeilCli/android-lint-statistics/labels/Dependencies"
          },
          "sensitive_attributes": [],
          "private": "eyJzY2hlbWFfdmVyc2lvbiI6IjAifQ=="
        },
        {
          "index_key": "bump-release-action",
          "schema_version": 0,
          "attributes": {
            "color": "abc43e",
            "description": "",
            "etag": "W/\"5fb16e14c46077cabbc4762f58597535e14127016e65b8c8f30b27c5e25a5bca\"",
            "id": "bump-release-action:Dependencies",
            "name": "Dependencies",
            "repository": "bump-release-action",
            "url": "https://api.github.com/repos/MeilCli/bump-release-action/labels/Dependencies"
          },
          "sensitive_attributes": [],
          "private": "eyJzY2hlbWFfdmVyc2lvbiI6IjAifQ=="
        },
        {
          "index_key": "carthage-update-check-action",
          "schema_version": 0,
          "attributes": {
            "color": "abc43e",
            "description": "",
            "etag": "W/\"c1b88a0c78875f9e407189c3aac918b712c4ac81a2683b9a45a15bd74700fbdb\"",
            "id": "carthage-update-check-action:Dependencies",
            "name": "Dependencies",
            "repository": "carthage-update-check-action",
            "url": "https://api.github.com/repos/MeilCli/carthage-update-check-action/labels/Dependencies"
          },
          "sensitive_attributes": [],
          "private": "eyJzY2hlbWFfdmVyc2lvbiI6IjAifQ=="
        },
        {
          "index_key": "cocoapods-update-check-action",
          "schema_version": 0,
          "attributes": {
            "color": "abc43e",
            "description": "",
            "etag": "W/\"31deb4d5265ed24019338db38b6ab77272c86c935b091d33f9b40a8e96954d15\"",
            "id": "cocoapods-update-check-action:Dependencies",
            "name": "Dependencies",
            "repository": "cocoapods-update-check-action",
            "url": "https://api.github.com/repos/MeilCli/cocoapods-update-check-action/labels/Dependencies"
          },
          "sensitive_attributes": [],
          "private": "eyJzY2hlbWFfdmVyc2lvbiI6IjAifQ=="
        },
        {
          "index_key": "danger-action",
          "schema_version": 0,
          "attributes": {
            "color": "abc43e",
            "description": "",
            "etag": "W/\"6e35c184900f76b05118249190384a9d4309c885586fb6107cdbae12e48718d5\"",
            "id": "danger-action:Dependencies",
            "name": "Dependencies",
            "repository": "danger-action",
            "url": "https://api.github.com/repos/MeilCli/danger-action/labels/Dependencies"
          },
          "sensitive_attributes": [],
          "private": "eyJzY2hlbWFfdmVyc2lvbiI6IjAifQ=="
        },
        {
          "index_key": "detekt-statistics",
          "schema_version": 0,
          "attributes": {
            "color": "abc43e",
            "description": "",
            "etag": "W/\"6cd8472a6203df03476d8d7707669a013568f12108f82118537b0a16d4b9c14b\"",
            "id": "detekt-statistics:Dependencies",
            "name": "Dependencies",
            "repository": "detekt-statistics",
            "url": "https://api.github.com/repos/MeilCli/detekt-statistics/labels/Dependencies"
          },
          "sensitive_attributes": [],
          "private": "eyJzY2hlbWFfdmVyc2lvbiI6IjAifQ=="
        },
        {
          "index_key": "gradle-update-check-action",
          "schema_version": 0,
          "attributes": {
            "color": "abc43e",
            "description": "",
            "etag": "W/\"8eea15e43ff94343136e7eae68fc766aff719c0fb34cfcd5cfaea408d8304cfd\"",
            "id": "gradle-update-check-action:Dependencies",
            "name": "Dependencies",
            "repository": "gradle-update-check-action",
            "url": "https://api.github.com/repos/MeilCli/gradle-update-check-action/labels/Dependencies"
          },
          "sensitive_attributes": [],
          "private": "eyJzY2hlbWFfdmVyc2lvbiI6IjAifQ=="
        },
        {
          "index_key": "npm-update-check-action",
          "schema_version": 0,
          "attributes": {
            "color": "abc43e",
            "description": "",
            "etag": "W/\"859b54f939ebbd5a4b69b52cc595c2bc65a865124e3f40dde38d72708d9f4fed\"",
            "id": "npm-update-check-action:Dependencies",
            "name": "Dependencies",
            "repository": "npm-update-check-action",
            "url": "https://api.github.com/repos/MeilCli/npm-update-check-action/labels/Dependencies"
          },
          "sensitive_attributes": [],
          "private": "eyJzY2hlbWFfdmVyc2lvbiI6IjAifQ=="
        },
        {
          "index_key": "nuget-update-check-action",
          "schema_version": 0,
          "attributes": {
            "color": "abc43e",
            "description": "",
            "etag": "W/\"8a00bd60e5a397328cf825d9b99f50bcd74efa4bb17c6e26957c3e9f1d41af73\"",
            "id": "nuget-update-check-action:Dependencies",
            "name": "Dependencies",
            "repository": "nuget-update-check-action",
            "url": "https://api.github.com/repos/MeilCli/nuget-update-check-action/labels/Dependencies"
          },
          "sensitive_attributes": [],
          "private": "eyJzY2hlbWFfdmVyc2lvbiI6IjAifQ=="
        },
        {
          "index_key": "setup-crystal-action",
          "schema_version": 0,
          "attributes": {
            "color": "abc43e",
            "description": "",
            "etag": "W/\"11e5218d67dcda63d4f0309ff476ee5169b772b26b6bb8aa4afca9c6a3c8837b\"",
            "id": "setup-crystal-action:Dependencies",
            "name": "Dependencies",
            "repository": "setup-crystal-action",
            "url": "https://api.github.com/repos/MeilCli/setup-crystal-action/labels/Dependencies"
          },
          "sensitive_attributes": [],
          "private": "eyJzY2hlbWFfdmVyc2lvbiI6IjAifQ=="
        },
        {
          "index_key": "slack-upload-file",
          "schema_version": 0,
          "attributes": {
            "color": "abc43e",
            "description": "",
            "etag": "W/\"8a01f29c23955cf0fcfe2cb32da73dacd7b151d5024e851650afd20c450e65ba\"",
            "id": "slack-upload-file:Dependencies",
            "name": "Dependencies",
            "repository": "slack-upload-file",
            "url": "https://api.github.com/repos/MeilCli/slack-upload-file/labels/Dependencies"
          },
          "sensitive_attributes": [],
          "private": "eyJzY2hlbWFfdmVyc2lvbiI6IjAifQ=="
        },
        {
          "index_key": "swiftpm-update-check-action",
          "schema_version": 0,
          "attributes": {
            "color": "abc43e",
            "description": "",
            "etag": "W/\"0a5eba96edb5f07350f1ab65b099ae7d50d5ea75699935ba00fc1beb33e9aacb\"",
            "id": "swiftpm-update-check-action:Dependencies",
            "name": "Dependencies",
            "repository": "swiftpm-update-check-action",
            "url": "https://api.github.com/repos/MeilCli/swiftpm-update-check-action/labels/Dependencies"
          },
          "sensitive_attributes": [],
          "private": "eyJzY2hlbWFfdmVyc2lvbiI6IjAifQ=="
        },
        {
          "index_key": "test-command-action",
          "schema_version": 0,
          "attributes": {
            "color": "abc43e",
            "description": "",
            "etag": "W/\"16cc6ea8c7da384b4446df771df1fc60bf88192d450c47fffa64e6ea7b22c347\"",
            "id": "test-command-action:Dependencies",
            "name": "Dependencies",
            "repository": "test-command-action",
            "url": "https://api.github.com/repos/MeilCli/test-command-action/labels/Dependencies"
          },
          "sensitive_attributes": [],
          "private": "eyJzY2hlbWFfdmVyc2lvbiI6IjAifQ=="
        }
      ]
    },
    {
      "mode": "managed",
      "type": "github_issue_label",
      "name": "old-action-Development",
      "provider": "provider[\"registry.terraform.io/integrations/github\"]",
      "instances": [
        {
          "index_key": "android-lint-statistics",
          "schema_version": 0,
          "attributes": {
            "color": "fef2c0",
            "description": "",
            "etag": "W/\"e2ed45d4bd1ab4ec8b86fd8f8b06f7164b7a836ec7bcecd4471683a7b57c255c\"",
            "id": "android-lint-statistics:Development",
            "name": "Development",
            "repository": "android-lint-statistics",
            "url": "https://api.github.com/repos/MeilCli/android-lint-statistics/labels/Development"
          },
          "sensitive_attributes": [],
          "private": "eyJzY2hlbWFfdmVyc2lvbiI6IjAifQ=="
        },
        {
          "index_key": "bump-release-action",
          "schema_version": 0,
          "attributes": {
            "color": "fef2c0",
            "description": "",
            "etag": "W/\"1a339f65f21caf0db39291ef4f80a99153294dc1e62536e4f97346c426774b3c\"",
            "id": "bump-release-action:Development",
            "name": "Development",
            "repository": "bump-release-action",
            "url": "https://api.github.com/repos/MeilCli/bump-release-action/labels/Development"
          },
          "sensitive_attributes": [],
          "private": "eyJzY2hlbWFfdmVyc2lvbiI6IjAifQ=="
        },
        {
          "index_key": "carthage-update-check-action",
          "schema_version": 0,
          "attributes": {
            "color": "fef2c0",
            "description": "",
            "etag": "W/\"3faa71d5d58c035afd3eb4db6405eab5b788f9ff732df08210fecd202987f78c\"",
            "id": "carthage-update-check-action:Development",
            "name": "Development",
            "repository": "carthage-update-check-action",
            "url": "https://api.github.com/repos/MeilCli/carthage-update-check-action/labels/Development"
          },
          "sensitive_attributes": [],
          "private": "eyJzY2hlbWFfdmVyc2lvbiI6IjAifQ=="
        },
        {
          "index_key": "cocoapods-update-check-action",
          "schema_version": 0,
          "attributes": {
            "color": "fef2c0",
            "description": "",
            "etag": "W/\"721dccc2abd1b265229a6b108c77459c852327163441b52979e5c3370c716100\"",
            "id": "cocoapods-update-check-action:Development",
            "name": "Development",
            "repository": "cocoapods-update-check-action",
            "url": "https://api.github.com/repos/MeilCli/cocoapods-update-check-action/labels/Development"
          },
          "sensitive_attributes": [],
          "private": "eyJzY2hlbWFfdmVyc2lvbiI6IjAifQ=="
        },
        {
          "index_key": "danger-action",
          "schema_version": 0,
          "attributes": {
            "color": "fef2c0",
            "description": "",
            "etag": "W/\"d0c31c3378fc0d314eba59e3cad291d6dff9bb8072d79c2f162070576139eba3\"",
            "id": "danger-action:Development",
            "name": "Development",
            "repository": "danger-action",
            "url": "https://api.github.com/repos/MeilCli/danger-action/labels/Development"
          },
          "sensitive_attributes": [],
          "private": "eyJzY2hlbWFfdmVyc2lvbiI6IjAifQ=="
        },
        {
          "index_key": "detekt-statistics",
          "schema_version": 0,
          "attributes": {
            "color": "fef2c0",
            "description": "",
            "etag": "W/\"54e48b3c8ed27c99da0cbe6640d561fba14b1745566f59966fdfa5f8e45da7f8\"",
            "id": "detekt-statistics:Development",
            "name": "Development",
            "repository": "detekt-statistics",
            "url": "https://api.github.com/repos/MeilCli/detekt-statistics/labels/Development"
          },
          "sensitive_attributes": [],
          "private": "eyJzY2hlbWFfdmVyc2lvbiI6IjAifQ=="
        },
        {
          "index_key": "gradle-update-check-action",
          "schema_version": 0,
          "attributes": {
            "color": "fef2c0",
            "description": "",
            "etag": "W/\"da49c2db84bb09d22ea231af96976a4909287346e85698e5ca7a77fa2e68b228\"",
            "id": "gradle-update-check-action:Development",
            "name": "Development",
            "repository": "gradle-update-check-action",
            "url": "https://api.github.com/repos/MeilCli/gradle-update-check-action/labels/Development"
          },
          "sensitive_attributes": [],
          "private": "eyJzY2hlbWFfdmVyc2lvbiI6IjAifQ=="
        },
        {
          "index_key": "npm-update-check-action",
          "schema_version": 0,
          "attributes": {
            "color": "fef2c0",
            "description": "",
            "etag": "W/\"49b922959395eb5cf6a37e226ffbd01b0e77dd903ef2ecc3d57157bd11404f47\"",
            "id": "npm-update-check-action:Development",
            "name": "Development",
            "repository": "npm-update-check-action",
            "url": "https://api.github.com/repos/MeilCli/npm-update-check-action/labels/Development"
          },
          "sensitive_attributes": [],
          "private": "eyJzY2hlbWFfdmVyc2lvbiI6IjAifQ=="
        },
        {
          "index_key": "nuget-update-check-action",
          "schema_version": 0,
          "attributes": {
            "color": "fef2c0",
            "description": "",
            "etag": "W/\"1b7bd06c2c44e9c6df0ac26c60ffa61c478410dcbc230db60d5c3afd546949ac\"",
            "id": "nuget-update-check-action:Development",
            "name": "Development",
            "repository": "nuget-update-check-action",
            "url": "https://api.github.com/repos/MeilCli/nuget-update-check-action/labels/Development"
          },
          "sensitive_attributes": [],
          "private": "eyJzY2hlbWFfdmVyc2lvbiI6IjAifQ=="
        },
        {
          "index_key": "setup-crystal-action",
          "schema_version": 0,
          "attributes": {
            "color": "fef2c0",
            "description": "",
            "etag": "W/\"951bbac37825561c23c9ac46557e86e2badc7f0e54819a1a4bb3075e29049ab6\"",
            "id": "setup-crystal-action:Development",
            "name": "Development",
            "repository": "setup-crystal-action",
            "url": "https://api.github.com/repos/MeilCli/setup-crystal-action/labels/Development"
          },
          "sensitive_attributes": [],
          "private": "eyJzY2hlbWFfdmVyc2lvbiI6IjAifQ=="
        },
        {
          "index_key": "slack-upload-file",
          "schema_version": 0,
          "attributes": {
            "color": "fef2c0",
            "description": "",
            "etag": "W/\"703c44ff5ba4e2980476ae07f074712dae4039c082688b3c2ca4ea72a968e0f1\"",
            "id": "slack-upload-file:Development",
            "name": "Development",
            "repository": "slack-upload-file",
            "url": "https://api.github.com/repos/MeilCli/slack-upload-file/labels/Development"
          },
          "sensitive_attributes": [],
          "private": "eyJzY2hlbWFfdmVyc2lvbiI6IjAifQ=="
        },
        {
          "index_key": "swiftpm-update-check-action",
          "schema_version": 0,
          "attributes": {
            "color": "fef2c0",
            "description": "",
            "etag": "W/\"c2d456e68db4c109913789c6ad1cd5813451337d429b789b8144b36b192c5635\"",
            "id": "swiftpm-update-check-action:Development",
            "name": "Development",
            "repository": "swiftpm-update-check-action",
            "url": "https://api.github.com/repos/MeilCli/swiftpm-update-check-action/labels/Development"
          },
          "sensitive_attributes": [],
          "private": "eyJzY2hlbWFfdmVyc2lvbiI6IjAifQ=="
        },
        {
          "index_key": "test-command-action",
          "schema_version": 0,
          "attributes": {
            "color": "fef2c0",
            "description": "",
            "etag": "W/\"602bec5de01eb1ee1bc5dfc8b4a15c58ea7d2c341620ba48fc1d763c49093824\"",
            "id": "test-command-action:Development",
            "name": "Development",
            "repository": "test-command-action",
            "url": "https://api.github.com/repos/MeilCli/test-command-action/labels/Development"
          },
          "sensitive_attributes": [],
          "private": "eyJzY2hlbWFfdmVyc2lvbiI6IjAifQ=="
        }
      ]
    },
    {
      "mode": "managed",
      "type": "github_issue_label",
      "name": "old-action-Documentation",
      "provider": "provider[\"registry.terraform.io/integrations/github\"]",
      "instances": [
        {
          "index_key": "android-lint-statistics",
          "schema_version": 0,
          "attributes": {
            "color": "1d76db",
            "description": "",
            "etag": "W/\"cd9f38995807f37268160ad0eb43e17f1883407f9f99dd41d2d8228b3d24d49c\"",
            "id": "android-lint-statistics:Documentation",
            "name": "Documentation",
            "repository": "android-lint-statistics",
            "url": "https://api.github.com/repos/MeilCli/android-lint-statistics/labels/Documentation"
          },
          "sensitive_attributes": [],
          "private": "eyJzY2hlbWFfdmVyc2lvbiI6IjAifQ=="
        },
        {
          "index_key": "bump-release-action",
          "schema_version": 0,
          "attributes": {
            "color": "1d76db",
            "description": "",
            "etag": "W/\"6be431960a11a76f9a2a818dc196532149862e1975f18edc4fbeeef0067d7921\"",
            "id": "bump-release-action:Documentation",
            "name": "Documentation",
            "repository": "bump-release-action",
            "url": "https://api.github.com/repos/MeilCli/bump-release-action/labels/Documentation"
          },
          "sensitive_attributes": [],
          "private": "eyJzY2hlbWFfdmVyc2lvbiI6IjAifQ=="
        },
        {
          "index_key": "carthage-update-check-action",
          "schema_version": 0,
          "attributes": {
            "color": "1d76db",
            "description": "",
            "etag": "W/\"32a3ba6fddd557b285692f23e79b8e2cea437ee51e83a5b6220c1212c0023b9f\"",
            "id": "carthage-update-check-action:Documentation",
            "name": "Documentation",
            "repository": "carthage-update-check-action",
            "url": "https://api.github.com/repos/MeilCli/carthage-update-check-action/labels/Documentation"
          },
          "sensitive_attributes": [],
          "private": "eyJzY2hlbWFfdmVyc2lvbiI6IjAifQ=="
        },
        {
          "index_key": "cocoapods-update-check-action",
          "schema_version": 0,
          "attributes": {
            "color": "1d76db",
            "description": "",
            "etag": "W/\"f31e1dfb84b31bdf08a55068ea8fcea62959e7ecfba0c9d83977ccd7d054ea30\"",
            "id": "cocoapods-update-check-action:Documentation",
            "name": "Documentation",
            "repository": "cocoapods-update-check-action",
            "url": "https://api.github.com/repos/MeilCli/cocoapods-update-check-action/labels/Documentation"
          },
          "sensitive_attributes": [],
          "private": "eyJzY2hlbWFfdmVyc2lvbiI6IjAifQ=="
        },
        {
          "index_key": "danger-action",
          "schema_version": 0,
          "attributes": {
            "color": "1d76db",
            "description": "",
            "etag": "W/\"abc9c9119d2f7e157b8ce646f5f99b11d4d8103160c8ff8e472869f4161b584f\"",
            "id": "danger-action:Documentation",
            "name": "Documentation",
            "repository": "danger-action",
            "url": "https://api.github.com/repos/MeilCli/danger-action/labels/Documentation"
          },
          "sensitive_attributes": [],
          "private": "eyJzY2hlbWFfdmVyc2lvbiI6IjAifQ=="
        },
        {
          "index_key": "detekt-statistics",
          "schema_version": 0,
          "attributes": {
            "color": "1d76db",
            "description": "",
            "etag": "W/\"218a55282f03a00e8e9aea1b214e22bb2f66ec39bd7396072d930d8f799bbcd3\"",
            "id": "detekt-statistics:Documentation",
            "name": "Documentation",
            "repository": "detekt-statistics",
            "url": "https://api.github.com/repos/MeilCli/detekt-statistics/labels/Documentation"
          },
          "sensitive_attributes": [],
          "private": "eyJzY2hlbWFfdmVyc2lvbiI6IjAifQ=="
        },
        {
          "index_key": "gradle-update-check-action",
          "schema_version": 0,
          "attributes": {
            "color": "1d76db",
            "description": "",
            "etag": "W/\"c381d51072cbefdf1b8564ea24322b2e06a1e0501c2457d8bf1bdd7a46cfbf48\"",
            "id": "gradle-update-check-action:Documentation",
            "name": "Documentation",
            "repository": "gradle-update-check-action",
            "url": "https://api.github.com/repos/MeilCli/gradle-update-check-action/labels/Documentation"
          },
          "sensitive_attributes": [],
          "private": "eyJzY2hlbWFfdmVyc2lvbiI6IjAifQ=="
        },
        {
          "index_key": "npm-update-check-action",
          "schema_version": 0,
          "attributes": {
            "color": "1d76db",
            "description": "",
            "etag": "W/\"4613d6d2be599307e559f5bec9e2e1716282cbac75c4896c554a04835bb09494\"",
            "id": "npm-update-check-action:Documentation",
            "name": "Documentation",
            "repository": "npm-update-check-action",
            "url": "https://api.github.com/repos/MeilCli/npm-update-check-action/labels/Documentation"
          },
          "sensitive_attributes": [],
          "private": "eyJzY2hlbWFfdmVyc2lvbiI6IjAifQ=="
        },
        {
          "index_key": "nuget-update-check-action",
          "schema_version": 0,
          "attributes": {
            "color": "1d76db",
            "description": "",
            "etag": "W/\"9a33e57a3ac3e3ed02c9e08d0569429415cde66dab6a155cbbfbde84d44a2010\"",
            "id": "nuget-update-check-action:Documentation",
            "name": "Documentation",
            "repository": "nuget-update-check-action",
            "url": "https://api.github.com/repos/MeilCli/nuget-update-check-action/labels/Documentation"
          },
          "sensitive_attributes": [],
          "private": "eyJzY2hlbWFfdmVyc2lvbiI6IjAifQ=="
        },
        {
          "index_key": "setup-crystal-action",
          "schema_version": 0,
          "attributes": {
            "color": "1d76db",
            "description": "",
            "etag": "W/\"01c0a87f308d78a33c82876f8a15cd2ae7ea9bed59c13d9b85753ed745ceee27\"",
            "id": "setup-crystal-action:Documentation",
            "name": "Documentation",
            "repository": "setup-crystal-action",
            "url": "https://api.github.com/repos/MeilCli/setup-crystal-action/labels/Documentation"
          },
          "sensitive_attributes": [],
          "private": "eyJzY2hlbWFfdmVyc2lvbiI6IjAifQ=="
        },
        {
          "index_key": "slack-upload-file",
          "schema_version": 0,
          "attributes": {
            "color": "1d76db",
            "description": "",
            "etag": "W/\"1ee6c12ab5ecccbbb5b635e94ddeb489bb8c3cb58a98ad8721bc76a3c58e2dba\"",
            "id": "slack-upload-file:Documentation",
            "name": "Documentation",
            "repository": "slack-upload-file",
            "url": "https://api.github.com/repos/MeilCli/slack-upload-file/labels/Documentation"
          },
          "sensitive_attributes": [],
          "private": "eyJzY2hlbWFfdmVyc2lvbiI6IjAifQ=="
        },
        {
          "index_key": "swiftpm-update-check-action",
          "schema_version": 0,
          "attributes": {
            "color": "1d76db",
            "description": "",
            "etag": "W/\"2e5c7506e594d8f0990b622909c3dd06545152cc12139cd3005c7ec95213b2f8\"",
            "id": "swiftpm-update-check-action:Documentation",
            "name": "Documentation",
            "repository": "swiftpm-update-check-action",
            "url": "https://api.github.com/repos/MeilCli/swiftpm-update-check-action/labels/Documentation"
          },
          "sensitive_attributes": [],
          "private": "eyJzY2hlbWFfdmVyc2lvbiI6IjAifQ=="
        },
        {
          "index_key": "test-command-action",
          "schema_version": 0,
          "attributes": {
            "color": "1d76db",
            "description": "",
            "etag": "W/\"df22cd43e3749966e9ce75ff03ad11d74e73fd66389e1bfbe9f14f19f0223125\"",
            "id": "test-command-action:Documentation",
            "name": "Documentation",
            "repository": "test-command-action",
            "url": "https://api.github.com/repos/MeilCli/test-command-action/labels/Documentation"
          },
          "sensitive_attributes": [],
          "private": "eyJzY2hlbWFfdmVyc2lvbiI6IjAifQ=="
        }
      ]
    },
    {
      "mode": "managed",
      "type": "github_issue_label",
      "name": "old-action-Feature",
      "provider": "provider[\"registry.terraform.io/integrations/github\"]",
      "instances": [
        {
          "index_key": "android-lint-statistics",
          "schema_version": 0,
          "attributes": {
            "color": "a2eeef",
            "description": "New feature or request",
            "etag": "W/\"35875833453bcaec0d9f392f1b2392ac0485fe54f78c501a5c029366c3ffd7ea\"",
            "id": "android-lint-statistics:Feature",
            "name": "Feature",
            "repository": "android-lint-statistics",
            "url": "https://api.github.com/repos/MeilCli/android-lint-statistics/labels/Feature"
          },
          "sensitive_attributes": [],
          "private": "eyJzY2hlbWFfdmVyc2lvbiI6IjAifQ=="
        },
        {
          "index_key": "bump-release-action",
          "schema_version": 0,
          "attributes": {
            "color": "a2eeef",
            "description": "New feature or request",
            "etag": "W/\"d4d0bd89b46eb5807da3bad264fd862854269e8dd9d55fff4440ecfbbeaabfe6\"",
            "id": "bump-release-action:Feature",
            "name": "Feature",
            "repository": "bump-release-action",
            "url": "https://api.github.com/repos/MeilCli/bump-release-action/labels/Feature"
          },
          "sensitive_attributes": [],
          "private": "eyJzY2hlbWFfdmVyc2lvbiI6IjAifQ=="
        },
        {
          "index_key": "carthage-update-check-action",
          "schema_version": 0,
          "attributes": {
            "color": "a2eeef",
            "description": "New feature or request",
            "etag": "W/\"2eb1da7c79a8ecec0e75f87124107ba07624460fae768a5f9da8267c86ff978c\"",
            "id": "carthage-update-check-action:Feature",
            "name": "Feature",
            "repository": "carthage-update-check-action",
            "url": "https://api.github.com/repos/MeilCli/carthage-update-check-action/labels/Feature"
          },
          "sensitive_attributes": [],
          "private": "eyJzY2hlbWFfdmVyc2lvbiI6IjAifQ=="
        },
        {
          "index_key": "cocoapods-update-check-action",
          "schema_version": 0,
          "attributes": {
            "color": "a2eeef",
            "description": "New feature or request",
            "etag": "W/\"551955bf6b2e98f2e517633ea4169287228f61ea76a2b5bbcf04380a29e8b9b9\"",
            "id": "cocoapods-update-check-action:Feature",
            "name": "Feature",
            "repository": "cocoapods-update-check-action",
            "url": "https://api.github.com/repos/MeilCli/cocoapods-update-check-action/labels/Feature"
          },
          "sensitive_attributes": [],
          "private": "eyJzY2hlbWFfdmVyc2lvbiI6IjAifQ=="
        },
        {
          "index_key": "danger-action",
          "schema_version": 0,
          "attributes": {
            "color": "a2eeef",
            "description": "New feature or request",
            "etag": "W/\"b7ae77ba66112bcb989b46af8ae928d95c87203d545bcc2cf3e21473041d2dda\"",
            "id": "danger-action:Feature",
            "name": "Feature",
            "repository": "danger-action",
            "url": "https://api.github.com/repos/MeilCli/danger-action/labels/Feature"
          },
          "sensitive_attributes": [],
          "private": "eyJzY2hlbWFfdmVyc2lvbiI6IjAifQ=="
        },
        {
          "index_key": "detekt-statistics",
          "schema_version": 0,
          "attributes": {
            "color": "a2eeef",
            "description": "New feature or request",
            "etag": "W/\"186c65bc934eedd9ea059c264927d6543183fe96c4916c66fa311c7c0d7cce95\"",
            "id": "detekt-statistics:Feature",
            "name": "Feature",
            "repository": "detekt-statistics",
            "url": "https://api.github.com/repos/MeilCli/detekt-statistics/labels/Feature"
          },
          "sensitive_attributes": [],
          "private": "eyJzY2hlbWFfdmVyc2lvbiI6IjAifQ=="
        },
        {
          "index_key": "gradle-update-check-action",
          "schema_version": 0,
          "attributes": {
            "color": "a2eeef",
            "description": "New feature or request",
            "etag": "W/\"478827dcef26ca664ca55a0b43533bdadd8a823e24136c1d315c79b29c94a070\"",
            "id": "gradle-update-check-action:Feature",
            "name": "Feature",
            "repository": "gradle-update-check-action",
            "url": "https://api.github.com/repos/MeilCli/gradle-update-check-action/labels/Feature"
          },
          "sensitive_attributes": [],
          "private": "eyJzY2hlbWFfdmVyc2lvbiI6IjAifQ=="
        },
        {
          "index_key": "npm-update-check-action",
          "schema_version": 0,
          "attributes": {
            "color": "a2eeef",
            "description": "New feature or request",
            "etag": "W/\"2fa14d542d06e011f92a4e6546c608ac2594380e3f9a6ce8eadced0aa6f39a64\"",
            "id": "npm-update-check-action:Feature",
            "name": "Feature",
            "repository": "npm-update-check-action",
            "url": "https://api.github.com/repos/MeilCli/npm-update-check-action/labels/Feature"
          },
          "sensitive_attributes": [],
          "private": "eyJzY2hlbWFfdmVyc2lvbiI6IjAifQ=="
        },
        {
          "index_key": "nuget-update-check-action",
          "schema_version": 0,
          "attributes": {
            "color": "a2eeef",
            "description": "New feature or request",
            "etag": "W/\"4a127dbc2e1066c75eeb58e52eb4372c3d00d12ab4728f785a4bc8af9fa0c5a7\"",
            "id": "nuget-update-check-action:Feature",
            "name": "Feature",
            "repository": "nuget-update-check-action",
            "url": "https://api.github.com/repos/MeilCli/nuget-update-check-action/labels/Feature"
          },
          "sensitive_attributes": [],
          "private": "eyJzY2hlbWFfdmVyc2lvbiI6IjAifQ=="
        },
        {
          "index_key": "setup-crystal-action",
          "schema_version": 0,
          "attributes": {
            "color": "a2eeef",
            "description": "New feature or request",
            "etag": "W/\"3eadec971b81a01820a0409bbb37e7dcb4cebe647debd4e9a114e37ddfb133a3\"",
            "id": "setup-crystal-action:Feature",
            "name": "Feature",
            "repository": "setup-crystal-action",
            "url": "https://api.github.com/repos/MeilCli/setup-crystal-action/labels/Feature"
          },
          "sensitive_attributes": [],
          "private": "eyJzY2hlbWFfdmVyc2lvbiI6IjAifQ=="
        },
        {
          "index_key": "slack-upload-file",
          "schema_version": 0,
          "attributes": {
            "color": "a2eeef",
            "description": "New feature or request",
            "etag": "W/\"8a3d4c8e358851167d6becf9876f342761dffc2d223ea23a98a6f0f6eeb60c39\"",
            "id": "slack-upload-file:Feature",
            "name": "Feature",
            "repository": "slack-upload-file",
            "url": "https://api.github.com/repos/MeilCli/slack-upload-file/labels/Feature"
          },
          "sensitive_attributes": [],
          "private": "eyJzY2hlbWFfdmVyc2lvbiI6IjAifQ=="
        },
        {
          "index_key": "swiftpm-update-check-action",
          "schema_version": 0,
          "attributes": {
            "color": "a2eeef",
            "description": "New feature or request",
            "etag": "W/\"ffcf5853a99732cde3709803fe8da73ed697da3453f1e79a48612657492e790f\"",
            "id": "swiftpm-update-check-action:Feature",
            "name": "Feature",
            "repository": "swiftpm-update-check-action",
            "url": "https://api.github.com/repos/MeilCli/swiftpm-update-check-action/labels/Feature"
          },
          "sensitive_attributes": [],
          "private": "eyJzY2hlbWFfdmVyc2lvbiI6IjAifQ=="
        },
        {
          "index_key": "test-command-action",
          "schema_version": 0,
          "attributes": {
            "color": "a2eeef",
            "description": "New feature or request",
            "etag": "W/\"4c5fa7602a0a96e65d00591a09312ad7d5ef11725c97ab565c7cde0fc989e259\"",
            "id": "test-command-action:Feature",
            "name": "Feature",
            "repository": "test-command-action",
            "url": "https://api.github.com/repos/MeilCli/test-command-action/labels/Feature"
          },
          "sensitive_attributes": [],
          "private": "eyJzY2hlbWFfdmVyc2lvbiI6IjAifQ=="
        }
      ]
    },
    {
      "mode": "managed",
      "type": "github_issue_label",
      "name": "old-action-Maintenance",
      "provider": "provider[\"registry.terraform.io/integrations/github\"]",
      "instances": [
        {
          "index_key": "android-lint-statistics",
          "schema_version": 0,
          "attributes": {
            "color": "4d6eb7",
            "description": "",
            "etag": "W/\"cc8fd9d2ddcf15346bbfd0c384887318339c1dc011528ae99dda8d1818bbcb37\"",
            "id": "android-lint-statistics:Maintenance",
            "name": "Maintenance",
            "repository": "android-lint-statistics",
            "url": "https://api.github.com/repos/MeilCli/android-lint-statistics/labels/Maintenance"
          },
          "sensitive_attributes": [],
          "private": "eyJzY2hlbWFfdmVyc2lvbiI6IjAifQ=="
        },
        {
          "index_key": "bump-release-action",
          "schema_version": 0,
          "attributes": {
            "color": "4d6eb7",
            "description": "",
            "etag": "W/\"8d51f18510d83da60fbb81111c7c8190cfd7b9f8e059b5cc25d778c3c3a5452b\"",
            "id": "bump-release-action:Maintenance",
            "name": "Maintenance",
            "repository": "bump-release-action",
            "url": "https://api.github.com/repos/MeilCli/bump-release-action/labels/Maintenance"
          },
          "sensitive_attributes": [],
          "private": "eyJzY2hlbWFfdmVyc2lvbiI6IjAifQ=="
        },
        {
          "index_key": "carthage-update-check-action",
          "schema_version": 0,
          "attributes": {
            "color": "4d6eb7",
            "description": "",
            "etag": "W/\"e46f7195ea82f617a3e1821d4b649ab8332e712f4db54a6427aa61e9edd5d2eb\"",
            "id": "carthage-update-check-action:Maintenance",
            "name": "Maintenance",
            "repository": "carthage-update-check-action",
            "url": "https://api.github.com/repos/MeilCli/carthage-update-check-action/labels/Maintenance"
          },
          "sensitive_attributes": [],
          "private": "eyJzY2hlbWFfdmVyc2lvbiI6IjAifQ=="
        },
        {
          "index_key": "cocoapods-update-check-action",
          "schema_version": 0,
          "attributes": {
            "color": "4d6eb7",
            "description": "",
            "etag": "W/\"ce2c8bd88124b2b7051e626907f2aedf7a6c65d6bad31b6efeea300f1a9ce929\"",
            "id": "cocoapods-update-check-action:Maintenance",
            "name": "Maintenance",
            "repository": "cocoapods-update-check-action",
            "url": "https://api.github.com/repos/MeilCli/cocoapods-update-check-action/labels/Maintenance"
          },
          "sensitive_attributes": [],
          "private": "eyJzY2hlbWFfdmVyc2lvbiI6IjAifQ=="
        },
        {
          "index_key": "danger-action",
          "schema_version": 0,
          "attributes": {
            "color": "4d6eb7",
            "description": "",
            "etag": "W/\"8ed4e734c3b51f2bde29a7547462c74d4aeaeee278d9677835333d6854afec90\"",
            "id": "danger-action:Maintenance",
            "name": "Maintenance",
            "repository": "danger-action",
            "url": "https://api.github.com/repos/MeilCli/danger-action/labels/Maintenance"
          },
          "sensitive_attributes": [],
          "private": "eyJzY2hlbWFfdmVyc2lvbiI6IjAifQ=="
        },
        {
          "index_key": "detekt-statistics",
          "schema_version": 0,
          "attributes": {
            "color": "4d6eb7",
            "description": "",
            "etag": "W/\"f13c872a91bc505a6aa2199921879386f065c34f06e66ae4a549757991e059ab\"",
            "id": "detekt-statistics:Maintenance",
            "name": "Maintenance",
            "repository": "detekt-statistics",
            "url": "https://api.github.com/repos/MeilCli/detekt-statistics/labels/Maintenance"
          },
          "sensitive_attributes": [],
          "private": "eyJzY2hlbWFfdmVyc2lvbiI6IjAifQ=="
        },
        {
          "index_key": "gradle-update-check-action",
          "schema_version": 0,
          "attributes": {
            "color": "4d6eb7",
            "description": "",
            "etag": "W/\"2a2107778d92aa8e76c4ed96c27cecf15b4e1852c102b65d4112dad1989f72d7\"",
            "id": "gradle-update-check-action:Maintenance",
            "name": "Maintenance",
            "repository": "gradle-update-check-action",
            "url": "https://api.github.com/repos/MeilCli/gradle-update-check-action/labels/Maintenance"
          },
          "sensitive_attributes": [],
          "private": "eyJzY2hlbWFfdmVyc2lvbiI6IjAifQ=="
        },
        {
          "index_key": "npm-update-check-action",
          "schema_version": 0,
          "attributes": {
            "color": "4d6eb7",
            "description": "",
            "etag": "W/\"3c97eceaf5ee42fe062b1fd24789b89281edb62ab2eb292e75f47dd37b543b1b\"",
            "id": "npm-update-check-action:Maintenance",
            "name": "Maintenance",
            "repository": "npm-update-check-action",
            "url": "https://api.github.com/repos/MeilCli/npm-update-check-action/labels/Maintenance"
          },
          "sensitive_attributes": [],
          "private": "eyJzY2hlbWFfdmVyc2lvbiI6IjAifQ=="
        },
        {
          "index_key": "nuget-update-check-action",
          "schema_version": 0,
          "attributes": {
            "color": "4d6eb7",
            "description": "",
            "etag": "W/\"fa6d1a21f28d2d95df8aecc44f6283254f544e3c682bce8737bcf3b0bb6fd48f\"",
            "id": "nuget-update-check-action:Maintenance",
            "name": "Maintenance",
            "repository": "nuget-update-check-action",
            "url": "https://api.github.com/repos/MeilCli/nuget-update-check-action/labels/Maintenance"
          },
          "sensitive_attributes": [],
          "private": "eyJzY2hlbWFfdmVyc2lvbiI6IjAifQ=="
        },
        {
          "index_key": "setup-crystal-action",
          "schema_version": 0,
          "attributes": {
            "color": "4d6eb7",
            "description": "",
            "etag": "W/\"b8caec2fa3e84882e3efe21a59ad46ef0b7fd8ae1d0c1fc43825b7d68ae6a97a\"",
            "id": "setup-crystal-action:Maintenance",
            "name": "Maintenance",
            "repository": "setup-crystal-action",
            "url": "https://api.github.com/repos/MeilCli/setup-crystal-action/labels/Maintenance"
          },
          "sensitive_attributes": [],
          "private": "eyJzY2hlbWFfdmVyc2lvbiI6IjAifQ=="
        },
        {
          "index_key": "slack-upload-file",
          "schema_version": 0,
          "attributes": {
            "color": "4d6eb7",
            "description": "",
            "etag": "W/\"4524f916089ea8c8fae98950a3ff1db38a2faa7856d27424a6aafb88da7c1478\"",
            "id": "slack-upload-file:Maintenance",
            "name": "Maintenance",
            "repository": "slack-upload-file",
            "url": "https://api.github.com/repos/MeilCli/slack-upload-file/labels/Maintenance"
          },
          "sensitive_attributes": [],
          "private": "eyJzY2hlbWFfdmVyc2lvbiI6IjAifQ=="
        },
        {
          "index_key": "swiftpm-update-check-action",
          "schema_version": 0,
          "attributes": {
            "color": "4d6eb7",
            "description": "",
            "etag": "W/\"7e01db7942233d972ddb2225f45d68c9f4413ace20b7cbf2d3bb35f289274fb3\"",
            "id": "swiftpm-update-check-action:Maintenance",
            "name": "Maintenance",
            "repository": "swiftpm-update-check-action",
            "url": "https://api.github.com/repos/MeilCli/swiftpm-update-check-action/labels/Maintenance"
          },
          "sensitive_attributes": [],
          "private": "eyJzY2hlbWFfdmVyc2lvbiI6IjAifQ=="
        },
        {
          "index_key": "test-command-action",
          "schema_version": 0,
          "attributes": {
            "color": "4d6eb7",
            "description": "",
            "etag": "W/\"efac6b4b585f8b244c5408fc2748aa41cdb7cf448e77c5b6b9a4993e323a9e86\"",
            "id": "test-command-action:Maintenance",
            "name": "Maintenance",
            "repository": "test-command-action",
            "url": "https://api.github.com/repos/MeilCli/test-command-action/labels/Maintenance"
          },
          "sensitive_attributes": [],
          "private": "eyJzY2hlbWFfdmVyc2lvbiI6IjAifQ=="
        }
      ]
    },
    {
      "mode": "managed",
      "type": "github_issue_label",
      "name": "old-action-Question",
      "provider": "provider[\"registry.terraform.io/integrations/github\"]",
      "instances": [
        {
          "index_key": "android-lint-statistics",
          "schema_version": 0,
          "attributes": {
            "color": "d876e3",
            "description": "Further information is requested",
            "etag": "W/\"29d3d9a2373a77761fdd77c7d144bc720a4981d83fbafd32c0fc9061f681f33d\"",
            "id": "android-lint-statistics:Question",
            "name": "Question",
            "repository": "android-lint-statistics",
            "url": "https://api.github.com/repos/MeilCli/android-lint-statistics/labels/Question"
          },
          "sensitive_attributes": [],
          "private": "eyJzY2hlbWFfdmVyc2lvbiI6IjAifQ=="
        },
        {
          "index_key": "bump-release-action",
          "schema_version": 0,
          "attributes": {
            "color": "d876e3",
            "description": "Further information is requested",
            "etag": "W/\"17b5cfba94b49f4148efa17423c9cf8cbdeb073e40b54cd336e0ca5a7173be98\"",
            "id": "bump-release-action:Question",
            "name": "Question",
            "repository": "bump-release-action",
            "url": "https://api.github.com/repos/MeilCli/bump-release-action/labels/Question"
          },
          "sensitive_attributes": [],
          "private": "eyJzY2hlbWFfdmVyc2lvbiI6IjAifQ=="
        },
        {
          "index_key": "carthage-update-check-action",
          "schema_version": 0,
          "attributes": {
            "color": "d876e3",
            "description": "Further information is requested",
            "etag": "W/\"531bcf7dd8a3037bef09909fb2de76838bbe60d504efb75162bed62045e402db\"",
            "id": "carthage-update-check-action:Question",
            "name": "Question",
            "repository": "carthage-update-check-action",
            "url": "https://api.github.com/repos/MeilCli/carthage-update-check-action/labels/Question"
          },
          "sensitive_attributes": [],
          "private": "eyJzY2hlbWFfdmVyc2lvbiI6IjAifQ=="
        },
        {
          "index_key": "cocoapods-update-check-action",
          "schema_version": 0,
          "attributes": {
            "color": "d876e3",
            "description": "Further information is requested",
            "etag": "W/\"b2280aa47621fe71f292c98122d1910fa1bf2d1f25289aa3000d36e5e649dbd3\"",
            "id": "cocoapods-update-check-action:Question",
            "name": "Question",
            "repository": "cocoapods-update-check-action",
            "url": "https://api.github.com/repos/MeilCli/cocoapods-update-check-action/labels/Question"
          },
          "sensitive_attributes": [],
          "private": "eyJzY2hlbWFfdmVyc2lvbiI6IjAifQ=="
        },
        {
          "index_key": "danger-action",
          "schema_version": 0,
          "attributes": {
            "color": "d876e3",
            "description": "Further information is requested",
            "etag": "W/\"a328d6e1fc94ca9a84deec522dedddaf6ff2f6b4fc498bb8eb67aeb7884bf295\"",
            "id": "danger-action:Question",
            "name": "Question",
            "repository": "danger-action",
            "url": "https://api.github.com/repos/MeilCli/danger-action/labels/Question"
          },
          "sensitive_attributes": [],
          "private": "eyJzY2hlbWFfdmVyc2lvbiI6IjAifQ=="
        },
        {
          "index_key": "detekt-statistics",
          "schema_version": 0,
          "attributes": {
            "color": "d876e3",
            "description": "Further information is requested",
            "etag": "W/\"195d17d058af02c388d2d22ca87be6e6bfdf94c5d45a50c3ce697caff7bf525f\"",
            "id": "detekt-statistics:Question",
            "name": "Question",
            "repository": "detekt-statistics",
            "url": "https://api.github.com/repos/MeilCli/detekt-statistics/labels/Question"
          },
          "sensitive_attributes": [],
          "private": "eyJzY2hlbWFfdmVyc2lvbiI6IjAifQ=="
        },
        {
          "index_key": "gradle-update-check-action",
          "schema_version": 0,
          "attributes": {
            "color": "d876e3",
            "description": "Further information is requested",
            "etag": "W/\"07593449677322d60b0fd2d6fda8ed4453208673f1a46145380af7c3192936f1\"",
            "id": "gradle-update-check-action:Question",
            "name": "Question",
            "repository": "gradle-update-check-action",
            "url": "https://api.github.com/repos/MeilCli/gradle-update-check-action/labels/Question"
          },
          "sensitive_attributes": [],
          "private": "eyJzY2hlbWFfdmVyc2lvbiI6IjAifQ=="
        },
        {
          "index_key": "npm-update-check-action",
          "schema_version": 0,
          "attributes": {
            "color": "d876e3",
            "description": "Further information is requested",
            "etag": "W/\"0064c0f9d7cee126aff4ed0e471acafa91c5042359009ee043f919b72dfae79c\"",
            "id": "npm-update-check-action:Question",
            "name": "Question",
            "repository": "npm-update-check-action",
            "url": "https://api.github.com/repos/MeilCli/npm-update-check-action/labels/Question"
          },
          "sensitive_attributes": [],
          "private": "eyJzY2hlbWFfdmVyc2lvbiI6IjAifQ=="
        },
        {
          "index_key": "nuget-update-check-action",
          "schema_version": 0,
          "attributes": {
            "color": "d876e3",
            "description": "Further information is requested",
            "etag": "W/\"c8b8355524c295a037772b2393625931402881294a1ca7b26ff56e89bbbcb32d\"",
            "id": "nuget-update-check-action:Question",
            "name": "Question",
            "repository": "nuget-update-check-action",
            "url": "https://api.github.com/repos/MeilCli/nuget-update-check-action/labels/Question"
          },
          "sensitive_attributes": [],
          "private": "eyJzY2hlbWFfdmVyc2lvbiI6IjAifQ=="
        },
        {
          "index_key": "setup-crystal-action",
          "schema_version": 0,
          "attributes": {
            "color": "d876e3",
            "description": "Further information is requested",
            "etag": "W/\"791eefecfb33195429b5b7ffd9de52415976698099b54b53a6c373bbd4c9a792\"",
            "id": "setup-crystal-action:Question",
            "name": "Question",
            "repository": "setup-crystal-action",
            "url": "https://api.github.com/repos/MeilCli/setup-crystal-action/labels/Question"
          },
          "sensitive_attributes": [],
          "private": "eyJzY2hlbWFfdmVyc2lvbiI6IjAifQ=="
        },
        {
          "index_key": "slack-upload-file",
          "schema_version": 0,
          "attributes": {
            "color": "d876e3",
            "description": "Further information is requested",
            "etag": "W/\"f53e52c6ba64e3c4b3eae7899c3f299143b9f7d597a88dab18fbff4f48081a86\"",
            "id": "slack-upload-file:Question",
            "name": "Question",
            "repository": "slack-upload-file",
            "url": "https://api.github.com/repos/MeilCli/slack-upload-file/labels/Question"
          },
          "sensitive_attributes": [],
          "private": "eyJzY2hlbWFfdmVyc2lvbiI6IjAifQ=="
        },
        {
          "index_key": "swiftpm-update-check-action",
          "schema_version": 0,
          "attributes": {
            "color": "d876e3",
            "description": "Further information is requested",
            "etag": "W/\"190eac6f18907bd493407dd0626b7dc3650983b37dbf4df34b68078a2fa818f7\"",
            "id": "swiftpm-update-check-action:Question",
            "name": "Question",
            "repository": "swiftpm-update-check-action",
            "url": "https://api.github.com/repos/MeilCli/swiftpm-update-check-action/labels/Question"
          },
          "sensitive_attributes": [],
          "private": "eyJzY2hlbWFfdmVyc2lvbiI6IjAifQ=="
        },
        {
          "index_key": "test-command-action",
          "schema_version": 0,
          "attributes": {
            "color": "d876e3",
            "description": "Further information is requested",
            "etag": "W/\"7c6c9a9a0c096dd8d0b6889cbac70046f2ee92bfa19b40dc75d37f4f246bfadf\"",
            "id": "test-command-action:Question",
            "name": "Question",
            "repository": "test-command-action",
            "url": "https://api.github.com/repos/MeilCli/test-command-action/labels/Question"
          },
          "sensitive_attributes": [],
          "private": "eyJzY2hlbWFfdmVyc2lvbiI6IjAifQ=="
        }
      ]
    },
    {
      "mode": "managed",
      "type": "github_issue_label",
      "name": "ripple-text-BreakingChange",
      "provider": "provider[\"registry.terraform.io/integrations/github\"]",
      "instances": [
        {
          "schema_version": 0,
          "attributes": {
            "color": "db3b4d",
            "description": "",
            "etag": "W/\"020c67d9126d67eb2893d484f40dccc0ce773d989db9c146b64b3bcd53372b9d\"",
            "id": "RippleText:BreakingChange",
            "name": "BreakingChange",
            "repository": "RippleText",
            "url": "https://api.github.com/repos/MeilCli/RippleText/labels/BreakingChange"
          },
          "sensitive_attributes": [],
          "private": "bnVsbA==",
          "dependencies": [
            "github_repository.ripple-text"
          ]
        }
      ]
    },
    {
      "mode": "managed",
      "type": "github_issue_label",
      "name": "ripple-text-Bug",
      "provider": "provider[\"registry.terraform.io/integrations/github\"]",
      "instances": [
        {
          "schema_version": 0,
          "attributes": {
            "color": "d73a4a",
            "description": "Something isn't working",
            "etag": "W/\"9650cddbb4f797d18a9289b19f37ff0b40014dbc1bdddc8990073eff9caa8419\"",
            "id": "RippleText:Bug",
            "name": "Bug",
            "repository": "RippleText",
            "url": "https://api.github.com/repos/MeilCli/RippleText/labels/Bug"
          },
          "sensitive_attributes": [],
          "private": "bnVsbA==",
          "dependencies": [
            "github_repository.ripple-text"
          ]
        }
      ]
    },
    {
      "mode": "managed",
      "type": "github_issue_label",
      "name": "ripple-text-Dependencies",
      "provider": "provider[\"registry.terraform.io/integrations/github\"]",
      "instances": [
        {
          "schema_version": 0,
          "attributes": {
            "color": "abc43e",
            "description": "",
            "etag": "W/\"53e47b7d5b0ff6500eaff63bd6b9b9ac3d2905af1d43f14003b452a5db579827\"",
            "id": "RippleText:Dependencies",
            "name": "Dependencies",
            "repository": "RippleText",
            "url": "https://api.github.com/repos/MeilCli/RippleText/labels/Dependencies"
          },
          "sensitive_attributes": [],
          "private": "bnVsbA==",
          "dependencies": [
            "github_repository.ripple-text"
          ]
        }
      ]
    },
    {
      "mode": "managed",
      "type": "github_issue_label",
      "name": "ripple-text-Development",
      "provider": "provider[\"registry.terraform.io/integrations/github\"]",
      "instances": [
        {
          "schema_version": 0,
          "attributes": {
            "color": "fef2c0",
            "description": "",
            "etag": "W/\"d7d0da547a413189c6f75382032c26c575009fcaa0325a25655d6dd0fad36c6f\"",
            "id": "RippleText:Development",
            "name": "Development",
            "repository": "RippleText",
            "url": "https://api.github.com/repos/MeilCli/RippleText/labels/Development"
          },
          "sensitive_attributes": [],
          "private": "bnVsbA==",
          "dependencies": [
            "github_repository.ripple-text"
          ]
        }
      ]
    },
    {
      "mode": "managed",
      "type": "github_issue_label",
      "name": "ripple-text-Documentation",
      "provider": "provider[\"registry.terraform.io/integrations/github\"]",
      "instances": [
        {
          "schema_version": 0,
          "attributes": {
            "color": "1d76db",
            "description": "",
            "etag": "W/\"d91480aaea388f36b54d523bfea508b9c50839500049d235833bc9321eb781dd\"",
            "id": "RippleText:Documentation",
            "name": "Documentation",
            "repository": "RippleText",
            "url": "https://api.github.com/repos/MeilCli/RippleText/labels/Documentation"
          },
          "sensitive_attributes": [],
          "private": "bnVsbA==",
          "dependencies": [
            "github_repository.ripple-text"
          ]
        }
      ]
    },
    {
      "mode": "managed",
      "type": "github_issue_label",
      "name": "ripple-text-Feature",
      "provider": "provider[\"registry.terraform.io/integrations/github\"]",
      "instances": [
        {
          "schema_version": 0,
          "attributes": {
            "color": "a2eeef",
            "description": "New feature or request",
            "etag": "W/\"8f8ab57c119863e71f9abcbc11f6b4c95c969dd5789179ea5379dc4c928fa3e0\"",
            "id": "RippleText:Feature",
            "name": "Feature",
            "repository": "RippleText",
            "url": "https://api.github.com/repos/MeilCli/RippleText/labels/Feature"
          },
          "sensitive_attributes": [],
          "private": "bnVsbA==",
          "dependencies": [
            "github_repository.ripple-text"
          ]
        }
      ]
    },
    {
      "mode": "managed",
      "type": "github_issue_label",
      "name": "ripple-text-Maintenance",
      "provider": "provider[\"registry.terraform.io/integrations/github\"]",
      "instances": [
        {
          "schema_version": 0,
          "attributes": {
            "color": "4d6eb7",
            "description": "",
            "etag": "W/\"47339ac545eee81520f4066cf415cec7f627c030841b66241f2b620e62ebe2ee\"",
            "id": "RippleText:Maintenance",
            "name": "Maintenance",
            "repository": "RippleText",
            "url": "https://api.github.com/repos/MeilCli/RippleText/labels/Maintenance"
          },
          "sensitive_attributes": [],
          "private": "bnVsbA==",
          "dependencies": [
            "github_repository.ripple-text"
          ]
        }
      ]
    },
    {
      "mode": "managed",
      "type": "github_issue_label",
      "name": "ripple-text-Question",
      "provider": "provider[\"registry.terraform.io/integrations/github\"]",
      "instances": [
        {
          "schema_version": 0,
          "attributes": {
            "color": "d876e3",
            "description": "Further information is requested",
            "etag": "W/\"4f8a5d958f245b4b0e577c5505b9c0a4b7f9152d29c6f809f71136fb9176a76c\"",
            "id": "RippleText:Question",
            "name": "Question",
            "repository": "RippleText",
            "url": "https://api.github.com/repos/MeilCli/RippleText/labels/Question"
          },
          "sensitive_attributes": [],
          "private": "bnVsbA==",
          "dependencies": [
            "github_repository.ripple-text"
          ]
        }
      ]
    },
    {
      "mode": "managed",
      "type": "github_repository",
      "name": "action",
      "provider": "provider[\"registry.terraform.io/integrations/github\"]",
      "instances": [
        {
          "index_key": "check-run-auto",
          "schema_version": 0,
          "attributes": {
            "allow_merge_commit": true,
            "allow_rebase_merge": false,
            "allow_squash_merge": true,
            "archive_on_destroy": null,
            "archived": false,
            "auto_init": false,
            "default_branch": "master",
            "delete_branch_on_merge": true,
            "description": "",
            "etag": "W/\"3c3f93cb43cd4d70075463718f40a3605af10e5ff2a34fde04babe88b427a955\"",
            "full_name": "MeilCli/check-run-auto",
            "git_clone_url": "git://github.com/MeilCli/check-run-auto.git",
            "gitignore_template": null,
            "has_downloads": true,
            "has_issues": true,
            "has_projects": false,
            "has_wiki": false,
            "homepage_url": "https://github.com/MeilCli/actions",
            "html_url": "https://github.com/MeilCli/check-run-auto",
            "http_clone_url": "https://github.com/MeilCli/check-run-auto.git",
            "id": "check-run-auto",
            "is_template": false,
            "license_template": null,
            "name": "check-run-auto",
            "node_id": "MDEwOlJlcG9zaXRvcnkyODI2NjY4OTg=",
            "pages": [],
            "private": false,
            "repo_id": 282666898,
            "ssh_clone_url": "git@github.com:MeilCli/check-run-auto.git",
            "svn_url": "https://github.com/MeilCli/check-run-auto",
            "template": [
              {
                "owner": "MeilCli",
                "repository": "action-template"
              }
            ],
            "topics": [],
            "visibility": "public",
            "vulnerability_alerts": true
          },
          "sensitive_attributes": [],
          "private": "bnVsbA=="
        },
        {
          "index_key": "common-lint-reporter",
          "schema_version": 0,
          "attributes": {
            "allow_merge_commit": true,
            "allow_rebase_merge": false,
            "allow_squash_merge": true,
            "archive_on_destroy": null,
            "archived": false,
            "auto_init": false,
            "default_branch": "master",
            "delete_branch_on_merge": true,
            "description": "generalized lint reporter action",
            "etag": "W/\"c9230fe7f95823bef4128108e70dbc167625357043053744b0e42c2ec237358a\"",
            "full_name": "MeilCli/common-lint-reporter",
            "git_clone_url": "git://github.com/MeilCli/common-lint-reporter.git",
            "gitignore_template": null,
            "has_downloads": true,
            "has_issues": true,
            "has_projects": false,
            "has_wiki": false,
            "homepage_url": "https://github.com/MeilCli/actions",
            "html_url": "https://github.com/MeilCli/common-lint-reporter",
            "http_clone_url": "https://github.com/MeilCli/common-lint-reporter.git",
            "id": "common-lint-reporter",
            "is_template": false,
            "license_template": null,
            "name": "common-lint-reporter",
            "node_id": "MDEwOlJlcG9zaXRvcnkzNDc2MjY2MjM=",
            "pages": [],
            "private": false,
            "repo_id": 347626623,
            "ssh_clone_url": "git@github.com:MeilCli/common-lint-reporter.git",
            "svn_url": "https://github.com/MeilCli/common-lint-reporter",
            "template": [
              {
                "owner": "MeilCli",
                "repository": "action-template"
              }
            ],
            "topics": [
              "github-actions",
              "lint",
              "reporting"
            ],
            "visibility": "public",
            "vulnerability_alerts": true
          },
          "sensitive_attributes": [],
          "private": "bnVsbA=="
        },
        {
          "index_key": "hidable-comment-action",
          "schema_version": 0,
          "attributes": {
            "allow_merge_commit": true,
            "allow_rebase_merge": false,
            "allow_squash_merge": true,
            "archive_on_destroy": null,
            "archived": false,
            "auto_init": false,
            "default_branch": "master",
            "delete_branch_on_merge": true,
            "description": "Create, update or delete comment by action argument",
            "etag": "W/\"5119d7d5c42d31f46e77e3bd0b2a7e5167a9be57a71e525f097d9b97a57d4103\"",
            "full_name": "MeilCli/hidable-comment-action",
            "git_clone_url": "git://github.com/MeilCli/hidable-comment-action.git",
            "gitignore_template": null,
            "has_downloads": true,
            "has_issues": true,
            "has_projects": false,
            "has_wiki": false,
            "homepage_url": "https://github.com/MeilCli/actions",
            "html_url": "https://github.com/MeilCli/hidable-comment-action",
            "http_clone_url": "https://github.com/MeilCli/hidable-comment-action.git",
            "id": "hidable-comment-action",
            "is_template": false,
            "license_template": null,
            "name": "hidable-comment-action",
            "node_id": "MDEwOlJlcG9zaXRvcnkzNDMwODAzNzI=",
            "pages": [],
            "private": false,
            "repo_id": 343080372,
            "ssh_clone_url": "git@github.com:MeilCli/hidable-comment-action.git",
            "svn_url": "https://github.com/MeilCli/hidable-comment-action",
            "template": [
              {
                "owner": "MeilCli",
                "repository": "action-template"
              }
            ],
            "topics": [
              "actions",
              "github-actions"
            ],
            "visibility": "public",
            "vulnerability_alerts": true
          },
          "sensitive_attributes": [],
          "private": "bnVsbA=="
        },
        {
          "index_key": "regex-match",
          "schema_version": 0,
          "attributes": {
            "allow_merge_commit": true,
            "allow_rebase_merge": false,
            "allow_squash_merge": true,
            "archive_on_destroy": null,
            "archived": false,
            "auto_init": false,
            "default_branch": "master",
            "delete_branch_on_merge": true,
            "description": "regex match action",
            "etag": "W/\"365640421ee253f98e25454087d474101200284ccc116c34b117eebbd8985c68\"",
            "full_name": "MeilCli/regex-match",
            "git_clone_url": "git://github.com/MeilCli/regex-match.git",
            "gitignore_template": null,
            "has_downloads": true,
            "has_issues": true,
            "has_projects": false,
            "has_wiki": false,
            "homepage_url": "https://github.com/MeilCli/actions",
            "html_url": "https://github.com/MeilCli/regex-match",
            "http_clone_url": "https://github.com/MeilCli/regex-match.git",
            "id": "regex-match",
            "is_template": false,
            "license_template": null,
            "name": "regex-match",
            "node_id": "MDEwOlJlcG9zaXRvcnkyODI2NTkzNDk=",
            "pages": [],
            "private": false,
            "repo_id": 282659349,
            "ssh_clone_url": "git@github.com:MeilCli/regex-match.git",
            "svn_url": "https://github.com/MeilCli/regex-match",
            "template": [
              {
                "owner": "MeilCli",
                "repository": "action-template"
              }
            ],
            "topics": [
              "github-actions",
              "regex-match"
            ],
            "visibility": "public",
            "vulnerability_alerts": true
          },
          "sensitive_attributes": [],
          "private": "eyJzY2hlbWFfdmVyc2lvbiI6IjAifQ=="
        }
      ]
    },
    {
      "mode": "managed",
      "type": "github_repository",
      "name": "action-template",
      "provider": "provider[\"registry.terraform.io/integrations/github\"]",
      "instances": [
        {
          "schema_version": 0,
          "attributes": {
            "allow_merge_commit": true,
            "allow_rebase_merge": false,
            "allow_squash_merge": true,
            "archive_on_destroy": null,
            "archived": false,
            "auto_init": false,
            "default_branch": "master",
            "delete_branch_on_merge": true,
            "description": "This repository is my GitHub Action Repository template",
            "etag": "W/\"d130d8c8580c174d6685a5bc3537b33d55c8fb12c890e95ca90a31e62757881c\"",
            "full_name": "MeilCli/action-template",
            "git_clone_url": "git://github.com/MeilCli/action-template.git",
            "gitignore_template": null,
            "has_downloads": true,
            "has_issues": true,
            "has_projects": false,
            "has_wiki": false,
            "homepage_url": "",
            "html_url": "https://github.com/MeilCli/action-template",
            "http_clone_url": "https://github.com/MeilCli/action-template.git",
            "id": "action-template",
            "is_template": true,
            "license_template": null,
            "name": "action-template",
            "node_id": "MDEwOlJlcG9zaXRvcnkyODI2NTAzNjE=",
            "pages": [],
            "private": false,
            "repo_id": 282650361,
            "ssh_clone_url": "git@github.com:MeilCli/action-template.git",
            "svn_url": "https://github.com/MeilCli/action-template",
            "template": [],
            "topics": [],
            "visibility": "public",
            "vulnerability_alerts": true
          },
          "sensitive_attributes": [],
          "private": "eyJzY2hlbWFfdmVyc2lvbiI6IjAifQ=="
        }
      ]
    },
    {
      "mode": "managed",
      "type": "github_repository",
      "name": "aws-sam-typescript-template",
      "provider": "provider[\"registry.terraform.io/integrations/github\"]",
      "instances": [
        {
          "schema_version": 0,
          "attributes": {
            "allow_merge_commit": true,
            "allow_rebase_merge": false,
            "allow_squash_merge": true,
            "archive_on_destroy": null,
            "archived": false,
            "auto_init": false,
            "default_branch": "master",
            "delete_branch_on_merge": true,
            "description": "This repository is my AWS SAM TypeScript Repository template",
            "etag": "W/\"0e4bc0b3b457a774eaaeabe0d32e18c7b1bdf4859597d027862e60f38d1b74e6\"",
            "full_name": "MeilCli/aws-sam-typescript-template",
            "git_clone_url": "git://github.com/MeilCli/aws-sam-typescript-template.git",
            "gitignore_template": null,
            "has_downloads": true,
            "has_issues": true,
            "has_projects": false,
            "has_wiki": false,
            "homepage_url": "",
            "html_url": "https://github.com/MeilCli/aws-sam-typescript-template",
            "http_clone_url": "https://github.com/MeilCli/aws-sam-typescript-template.git",
            "id": "aws-sam-typescript-template",
            "is_template": true,
            "license_template": null,
            "name": "aws-sam-typescript-template",
            "node_id": "R_kgDOGGxH9g",
            "pages": [],
            "private": false,
            "repo_id": 409749494,
            "ssh_clone_url": "git@github.com:MeilCli/aws-sam-typescript-template.git",
            "svn_url": "https://github.com/MeilCli/aws-sam-typescript-template",
            "template": [],
            "topics": [],
            "visibility": "public",
            "vulnerability_alerts": true
          },
          "sensitive_attributes": [],
          "private": "eyJzY2hlbWFfdmVyc2lvbiI6IjAifQ=="
        }
      ]
    },
    {
      "mode": "managed",
      "type": "github_repository",
      "name": "bibliothekar",
      "provider": "provider[\"registry.terraform.io/integrations/github\"]",
      "instances": [
        {
          "schema_version": 0,
          "attributes": {
            "allow_merge_commit": true,
            "allow_rebase_merge": false,
            "allow_squash_merge": true,
            "archive_on_destroy": null,
            "archived": false,
            "auto_init": null,
            "default_branch": "master",
            "delete_branch_on_merge": true,
            "description": "Licenses of dependencies tool",
            "etag": "W/\"7d80e283b57d9c58900e61d047a8d7a15d91efd343e352ab81a6af2dc213224f\"",
            "full_name": "MeilCli/Bibliothekar",
            "git_clone_url": "git://github.com/MeilCli/Bibliothekar.git",
            "gitignore_template": null,
            "has_downloads": true,
            "has_issues": true,
            "has_projects": false,
            "has_wiki": false,
            "homepage_url": "",
            "html_url": "https://github.com/MeilCli/Bibliothekar",
            "http_clone_url": "https://github.com/MeilCli/Bibliothekar.git",
            "id": "Bibliothekar",
            "is_template": false,
            "license_template": null,
            "name": "Bibliothekar",
            "node_id": "R_kgDOImtt4Q",
            "pages": [],
            "private": false,
            "repo_id": 577465825,
            "ssh_clone_url": "git@github.com:MeilCli/Bibliothekar.git",
            "svn_url": "https://github.com/MeilCli/Bibliothekar",
            "template": [],
            "topics": null,
            "visibility": "public",
            "vulnerability_alerts": true
          },
          "sensitive_attributes": [],
          "private": "bnVsbA=="
        }
      ]
    },
    {
      "mode": "managed",
      "type": "github_repository",
      "name": "notion-db-notification",
      "provider": "provider[\"registry.terraform.io/integrations/github\"]",
      "instances": [
        {
          "schema_version": 0,
          "attributes": {
            "allow_merge_commit": true,
            "allow_rebase_merge": false,
            "allow_squash_merge": true,
            "archive_on_destroy": null,
            "archived": false,
            "auto_init": false,
            "default_branch": "master",
            "delete_branch_on_merge": true,
            "description": "This cli tool is that notify created or updated page of notion database",
            "etag": "W/\"1eab8bf7da3ed916a4bb7ea60bd7da96561e31cabc974b770c502a64ba965989\"",
            "full_name": "MeilCli/notion-db-notification",
            "git_clone_url": "git://github.com/MeilCli/notion-db-notification.git",
            "gitignore_template": null,
            "has_downloads": true,
            "has_issues": true,
            "has_projects": false,
            "has_wiki": false,
            "homepage_url": "",
            "html_url": "https://github.com/MeilCli/notion-db-notification",
            "http_clone_url": "https://github.com/MeilCli/notion-db-notification.git",
            "id": "notion-db-notification",
            "is_template": false,
            "license_template": null,
            "name": "notion-db-notification",
            "node_id": "R_kgDOG1lCbw",
            "pages": [],
            "private": false,
            "repo_id": 458834543,
            "ssh_clone_url": "git@github.com:MeilCli/notion-db-notification.git",
            "svn_url": "https://github.com/MeilCli/notion-db-notification",
            "template": [],
            "topics": [],
            "visibility": "public",
            "vulnerability_alerts": true
          },
          "sensitive_attributes": [],
          "private": "eyJzY2hlbWFfdmVyc2lvbiI6IjAifQ=="
        }
      ]
    },
    {
      "mode": "managed",
      "type": "github_repository",
      "name": "old-action",
      "provider": "provider[\"registry.terraform.io/integrations/github\"]",
      "instances": [
        {
          "index_key": "android-lint-statistics",
          "schema_version": 0,
          "attributes": {
            "allow_merge_commit": true,
            "allow_rebase_merge": false,
            "allow_squash_merge": true,
            "archive_on_destroy": null,
            "archived": false,
            "auto_init": false,
            "default_branch": "master",
            "delete_branch_on_merge": true,
            "description": "Generate android lint statistics action",
            "etag": "W/\"746acfb733ecd04697de056de4ee07607ff8e29a10e46d22a5f36ae4c95b1638\"",
            "full_name": "MeilCli/android-lint-statistics",
            "git_clone_url": "git://github.com/MeilCli/android-lint-statistics.git",
            "gitignore_template": null,
            "has_downloads": true,
            "has_issues": true,
            "has_projects": false,
            "has_wiki": false,
            "homepage_url": "https://github.com/MeilCli/actions",
            "html_url": "https://github.com/MeilCli/android-lint-statistics",
            "http_clone_url": "https://github.com/MeilCli/android-lint-statistics.git",
            "id": "android-lint-statistics",
            "is_template": false,
            "license_template": null,
            "name": "android-lint-statistics",
            "node_id": "MDEwOlJlcG9zaXRvcnkyODA1ODU0MjY=",
            "pages": [],
            "private": false,
            "repo_id": 280585426,
            "ssh_clone_url": "git@github.com:MeilCli/android-lint-statistics.git",
            "svn_url": "https://github.com/MeilCli/android-lint-statistics",
            "template": [],
            "topics": [
              "android",
              "android-lint",
              "github-actions"
            ],
            "visibility": "public",
            "vulnerability_alerts": true
          },
          "sensitive_attributes": [],
          "private": "eyJzY2hlbWFfdmVyc2lvbiI6IjAifQ=="
        },
        {
          "index_key": "bump-release-action",
          "schema_version": 0,
          "attributes": {
            "allow_merge_commit": true,
            "allow_rebase_merge": false,
            "allow_squash_merge": true,
            "archive_on_destroy": null,
            "archived": false,
            "auto_init": false,
            "default_branch": "master",
            "delete_branch_on_merge": true,
            "description": "Bump version and publish release action",
            "etag": "W/\"e47c1e4101024e8716a6de18af11c8a2840bf4717dbf65907ce9aa8dc4893bf2\"",
            "full_name": "MeilCli/bump-release-action",
            "git_clone_url": "git://github.com/MeilCli/bump-release-action.git",
            "gitignore_template": null,
            "has_downloads": true,
            "has_issues": true,
            "has_projects": false,
            "has_wiki": false,
            "homepage_url": "https://github.com/MeilCli/actions",
            "html_url": "https://github.com/MeilCli/bump-release-action",
            "http_clone_url": "https://github.com/MeilCli/bump-release-action.git",
            "id": "bump-release-action",
            "is_template": false,
            "license_template": null,
            "name": "bump-release-action",
            "node_id": "MDEwOlJlcG9zaXRvcnkyODIwMTMxNjg=",
            "pages": [],
            "private": false,
            "repo_id": 282013168,
            "ssh_clone_url": "git@github.com:MeilCli/bump-release-action.git",
            "svn_url": "https://github.com/MeilCli/bump-release-action",
            "template": [],
            "topics": [
              "bump-version",
              "github-actions",
              "release-notes",
              "tag-manager"
            ],
            "visibility": "public",
            "vulnerability_alerts": true
          },
          "sensitive_attributes": [],
          "private": "eyJzY2hlbWFfdmVyc2lvbiI6IjAifQ=="
        },
        {
          "index_key": "carthage-update-check-action",
          "schema_version": 0,
          "attributes": {
            "allow_merge_commit": true,
            "allow_rebase_merge": false,
            "allow_squash_merge": true,
            "archive_on_destroy": null,
            "archived": false,
            "auto_init": false,
            "default_branch": "master",
            "delete_branch_on_merge": true,
            "description": "Carthage new package version check action for GitHub Actions.",
            "etag": "W/\"7c700966f8eaa044f2d89a1c67f1259838951890622e6e91721c4bc9b29390ee\"",
            "full_name": "MeilCli/carthage-update-check-action",
            "git_clone_url": "git://github.com/MeilCli/carthage-update-check-action.git",
            "gitignore_template": null,
            "has_downloads": true,
            "has_issues": true,
            "has_projects": false,
            "has_wiki": false,
            "homepage_url": "https://github.com/MeilCli/actions",
            "html_url": "https://github.com/MeilCli/carthage-update-check-action",
            "http_clone_url": "https://github.com/MeilCli/carthage-update-check-action.git",
            "id": "carthage-update-check-action",
            "is_template": false,
            "license_template": null,
            "name": "carthage-update-check-action",
            "node_id": "MDEwOlJlcG9zaXRvcnkyMTIyMzcyOTM=",
            "pages": [],
            "private": false,
            "repo_id": 212237293,
            "ssh_clone_url": "git@github.com:MeilCli/carthage-update-check-action.git",
            "svn_url": "https://github.com/MeilCli/carthage-update-check-action",
            "template": [],
            "topics": [
              "actions",
              "carthage",
              "github-actions"
            ],
            "visibility": "public",
            "vulnerability_alerts": true
          },
          "sensitive_attributes": [],
          "private": "eyJzY2hlbWFfdmVyc2lvbiI6IjAifQ=="
        },
        {
          "index_key": "cocoapods-update-check-action",
          "schema_version": 0,
          "attributes": {
            "allow_merge_commit": true,
            "allow_rebase_merge": false,
            "allow_squash_merge": true,
            "archive_on_destroy": null,
            "archived": false,
            "auto_init": false,
            "default_branch": "master",
            "delete_branch_on_merge": true,
            "description": "CocoaPods new package version check action for GitHub Actions.",
            "etag": "W/\"c30ef50b86b61d7978d1508e21a1409b2247674511868b0a09c19fcf84da3297\"",
            "full_name": "MeilCli/cocoapods-update-check-action",
            "git_clone_url": "git://github.com/MeilCli/cocoapods-update-check-action.git",
            "gitignore_template": null,
            "has_downloads": true,
            "has_issues": true,
            "has_projects": false,
            "has_wiki": false,
            "homepage_url": "https://github.com/MeilCli/actions",
            "html_url": "https://github.com/MeilCli/cocoapods-update-check-action",
            "http_clone_url": "https://github.com/MeilCli/cocoapods-update-check-action.git",
            "id": "cocoapods-update-check-action",
            "is_template": false,
            "license_template": null,
            "name": "cocoapods-update-check-action",
            "node_id": "MDEwOlJlcG9zaXRvcnkyMTE4NTQzODg=",
            "pages": [],
            "private": false,
            "repo_id": 211854388,
            "ssh_clone_url": "git@github.com:MeilCli/cocoapods-update-check-action.git",
            "svn_url": "https://github.com/MeilCli/cocoapods-update-check-action",
            "template": [],
            "topics": [
              "actions",
              "cocoapods",
              "github-actions"
            ],
            "visibility": "public",
            "vulnerability_alerts": true
          },
          "sensitive_attributes": [],
          "private": "eyJzY2hlbWFfdmVyc2lvbiI6IjAifQ=="
        },
        {
          "index_key": "danger-action",
          "schema_version": 0,
          "attributes": {
            "allow_merge_commit": true,
            "allow_rebase_merge": false,
            "allow_squash_merge": true,
            "archive_on_destroy": null,
            "archived": false,
            "auto_init": false,
            "default_branch": "master",
            "delete_branch_on_merge": true,
            "description": "Execute danger action for GitHub Actions.",
            "etag": "W/\"eb6287cf7104a46a40c524fec0aa19eef113d9e8536277caa5cc0bcc779dcc1f\"",
            "full_name": "MeilCli/danger-action",
            "git_clone_url": "git://github.com/MeilCli/danger-action.git",
            "gitignore_template": null,
            "has_downloads": true,
            "has_issues": true,
            "has_projects": false,
            "has_wiki": false,
            "homepage_url": "https://github.com/MeilCli/actions",
            "html_url": "https://github.com/MeilCli/danger-action",
            "http_clone_url": "https://github.com/MeilCli/danger-action.git",
            "id": "danger-action",
            "is_template": false,
            "license_template": null,
            "name": "danger-action",
            "node_id": "MDEwOlJlcG9zaXRvcnkyMDg0NzA0MTk=",
            "pages": [],
            "private": false,
            "repo_id": 208470419,
            "ssh_clone_url": "git@github.com:MeilCli/danger-action.git",
            "svn_url": "https://github.com/MeilCli/danger-action",
            "template": [],
            "topics": [
              "actions",
              "danger",
              "github-actions"
            ],
            "visibility": "public",
            "vulnerability_alerts": true
          },
          "sensitive_attributes": [],
          "private": "bnVsbA=="
        },
        {
          "index_key": "detekt-statistics",
          "schema_version": 0,
          "attributes": {
            "allow_merge_commit": true,
            "allow_rebase_merge": false,
            "allow_squash_merge": true,
            "archive_on_destroy": null,
            "archived": false,
            "auto_init": false,
            "default_branch": "master",
            "delete_branch_on_merge": true,
            "description": "Generate detekt statistics action",
            "etag": "W/\"b43844fe638b6ca1822515e4cf44a68b77e11ccbc548e95dc9f84090e85318ea\"",
            "full_name": "MeilCli/detekt-statistics",
            "git_clone_url": "git://github.com/MeilCli/detekt-statistics.git",
            "gitignore_template": null,
            "has_downloads": true,
            "has_issues": true,
            "has_projects": false,
            "has_wiki": false,
            "homepage_url": "https://github.com/MeilCli/actions",
            "html_url": "https://github.com/MeilCli/detekt-statistics",
            "http_clone_url": "https://github.com/MeilCli/detekt-statistics.git",
            "id": "detekt-statistics",
            "is_template": false,
            "license_template": null,
            "name": "detekt-statistics",
            "node_id": "MDEwOlJlcG9zaXRvcnkyODA4Mjc1ODM=",
            "pages": [],
            "private": false,
            "repo_id": 280827583,
            "ssh_clone_url": "git@github.com:MeilCli/detekt-statistics.git",
            "svn_url": "https://github.com/MeilCli/detekt-statistics",
            "template": [],
            "topics": [
              "detekt",
              "github-actions"
            ],
            "visibility": "public",
            "vulnerability_alerts": true
          },
          "sensitive_attributes": [],
          "private": "eyJzY2hlbWFfdmVyc2lvbiI6IjAifQ=="
        },
        {
          "index_key": "gradle-update-check-action",
          "schema_version": 0,
          "attributes": {
            "allow_merge_commit": true,
            "allow_rebase_merge": false,
            "allow_squash_merge": true,
            "archive_on_destroy": null,
            "archived": false,
            "auto_init": false,
            "default_branch": "master",
            "delete_branch_on_merge": true,
            "description": "gradle maven new package version check action for GitHub Actions.",
            "etag": "W/\"37525f5dac37fae92cd980746c18c32b850df7e2344494fc427053b42decbd28\"",
            "full_name": "MeilCli/gradle-update-check-action",
            "git_clone_url": "git://github.com/MeilCli/gradle-update-check-action.git",
            "gitignore_template": null,
            "has_downloads": true,
            "has_issues": true,
            "has_projects": false,
            "has_wiki": false,
            "homepage_url": "https://github.com/MeilCli/actions",
            "html_url": "https://github.com/MeilCli/gradle-update-check-action",
            "http_clone_url": "https://github.com/MeilCli/gradle-update-check-action.git",
            "id": "gradle-update-check-action",
            "is_template": false,
            "license_template": null,
            "name": "gradle-update-check-action",
            "node_id": "MDEwOlJlcG9zaXRvcnkyMTE2MDMyMzE=",
            "pages": [],
            "private": false,
            "repo_id": 211603231,
            "ssh_clone_url": "git@github.com:MeilCli/gradle-update-check-action.git",
            "svn_url": "https://github.com/MeilCli/gradle-update-check-action",
            "template": [],
            "topics": [
              "actions",
              "github-actions",
              "gradle",
              "maven"
            ],
            "visibility": "public",
            "vulnerability_alerts": true
          },
          "sensitive_attributes": [],
          "private": "eyJzY2hlbWFfdmVyc2lvbiI6IjAifQ=="
        },
        {
          "index_key": "npm-update-check-action",
          "schema_version": 0,
          "attributes": {
            "allow_merge_commit": true,
            "allow_rebase_merge": false,
            "allow_squash_merge": true,
            "archive_on_destroy": null,
            "archived": false,
            "auto_init": false,
            "default_branch": "master",
            "delete_branch_on_merge": true,
            "description": "npm new package version check action for GitHub Actions.",
            "etag": "W/\"e79611a6da5db878e49f507a42809c2d95e99527cc4739093198485639d35e0f\"",
            "full_name": "MeilCli/npm-update-check-action",
            "git_clone_url": "git://github.com/MeilCli/npm-update-check-action.git",
            "gitignore_template": null,
            "has_downloads": true,
            "has_issues": true,
            "has_projects": false,
            "has_wiki": false,
            "homepage_url": "https://github.com/MeilCli/actions",
            "html_url": "https://github.com/MeilCli/npm-update-check-action",
            "http_clone_url": "https://github.com/MeilCli/npm-update-check-action.git",
            "id": "npm-update-check-action",
            "is_template": false,
            "license_template": null,
            "name": "npm-update-check-action",
            "node_id": "MDEwOlJlcG9zaXRvcnkyMTE0NDkwMDY=",
            "pages": [],
            "private": false,
            "repo_id": 211449006,
            "ssh_clone_url": "git@github.com:MeilCli/npm-update-check-action.git",
            "svn_url": "https://github.com/MeilCli/npm-update-check-action",
            "template": [],
            "topics": [
              "actions",
              "github-actions",
              "npm",
              "npm-package"
            ],
            "visibility": "public",
            "vulnerability_alerts": true
          },
          "sensitive_attributes": [],
          "private": "eyJzY2hlbWFfdmVyc2lvbiI6IjAifQ=="
        },
        {
          "index_key": "nuget-update-check-action",
          "schema_version": 0,
          "attributes": {
            "allow_merge_commit": true,
            "allow_rebase_merge": false,
            "allow_squash_merge": true,
            "archive_on_destroy": null,
            "archived": false,
            "auto_init": false,
            "default_branch": "master",
            "delete_branch_on_merge": true,
            "description": "nuget new package version check action for GitHub Actions.",
            "etag": "W/\"b68ec5f14e1f6ccde37bb51c67b1f3d6d5c2585b18ae751672d32eef5a309793\"",
            "full_name": "MeilCli/nuget-update-check-action",
            "git_clone_url": "git://github.com/MeilCli/nuget-update-check-action.git",
            "gitignore_template": null,
            "has_downloads": true,
            "has_issues": true,
            "has_projects": false,
            "has_wiki": false,
            "homepage_url": "https://github.com/MeilCli/actions",
            "html_url": "https://github.com/MeilCli/nuget-update-check-action",
            "http_clone_url": "https://github.com/MeilCli/nuget-update-check-action.git",
            "id": "nuget-update-check-action",
            "is_template": false,
            "license_template": null,
            "name": "nuget-update-check-action",
            "node_id": "MDEwOlJlcG9zaXRvcnkyMTE1MTgxMzM=",
            "pages": [],
            "private": false,
            "repo_id": 211518133,
            "ssh_clone_url": "git@github.com:MeilCli/nuget-update-check-action.git",
            "svn_url": "https://github.com/MeilCli/nuget-update-check-action",
            "template": [],
            "topics": [
              "actions",
              "github-actions",
              "nuget",
              "nuget-package"
            ],
            "visibility": "public",
            "vulnerability_alerts": true
          },
          "sensitive_attributes": [],
          "private": "eyJzY2hlbWFfdmVyc2lvbiI6IjAifQ=="
        },
        {
          "index_key": "setup-crystal-action",
          "schema_version": 0,
          "attributes": {
            "allow_merge_commit": true,
            "allow_rebase_merge": false,
            "allow_squash_merge": true,
            "archive_on_destroy": null,
            "archived": false,
            "auto_init": false,
            "default_branch": "master",
            "delete_branch_on_merge": true,
            "description": "setup Crystal action for GitHub Actions.",
            "etag": "W/\"46458f6c8fde40975e53cbfb19613780abe8a7286e54c0092b8605f4b40fa462\"",
            "full_name": "MeilCli/setup-crystal-action",
            "git_clone_url": "git://github.com/MeilCli/setup-crystal-action.git",
            "gitignore_template": null,
            "has_downloads": true,
            "has_issues": true,
            "has_projects": false,
            "has_wiki": false,
            "homepage_url": "https://github.com/MeilCli/actions",
            "html_url": "https://github.com/MeilCli/setup-crystal-action",
            "http_clone_url": "https://github.com/MeilCli/setup-crystal-action.git",
            "id": "setup-crystal-action",
            "is_template": false,
            "license_template": null,
            "name": "setup-crystal-action",
            "node_id": "MDEwOlJlcG9zaXRvcnkyMTI3MTA1Njg=",
            "pages": [],
            "private": false,
            "repo_id": 212710568,
            "ssh_clone_url": "git@github.com:MeilCli/setup-crystal-action.git",
            "svn_url": "https://github.com/MeilCli/setup-crystal-action",
            "template": [],
            "topics": [
              "actions",
              "crystal",
              "github-actions",
              "shards"
            ],
            "visibility": "public",
            "vulnerability_alerts": true
          },
          "sensitive_attributes": [],
          "private": "eyJzY2hlbWFfdmVyc2lvbiI6IjAifQ=="
        },
        {
          "index_key": "slack-upload-file",
          "schema_version": 0,
          "attributes": {
            "allow_merge_commit": true,
            "allow_rebase_merge": false,
            "allow_squash_merge": true,
            "archive_on_destroy": null,
            "archived": false,
            "auto_init": false,
            "default_branch": "master",
            "delete_branch_on_merge": true,
            "description": "upload file to slack action",
            "etag": "W/\"c0adbb42b2bbdbf7d6eb0b27f053c6f1a4399735cd47d4e2cf0e29c100020b45\"",
            "full_name": "MeilCli/slack-upload-file",
            "git_clone_url": "git://github.com/MeilCli/slack-upload-file.git",
            "gitignore_template": null,
            "has_downloads": true,
            "has_issues": true,
            "has_projects": false,
            "has_wiki": false,
            "homepage_url": "https://github.com/MeilCli/actions",
            "html_url": "https://github.com/MeilCli/slack-upload-file",
            "http_clone_url": "https://github.com/MeilCli/slack-upload-file.git",
            "id": "slack-upload-file",
            "is_template": false,
            "license_template": null,
            "name": "slack-upload-file",
            "node_id": "MDEwOlJlcG9zaXRvcnkyODA2ODY1Njg=",
            "pages": [],
            "private": false,
            "repo_id": 280686568,
            "ssh_clone_url": "git@github.com:MeilCli/slack-upload-file.git",
            "svn_url": "https://github.com/MeilCli/slack-upload-file",
            "template": [],
            "topics": [
              "github-actions",
              "slack",
              "slack-api"
            ],
            "visibility": "public",
            "vulnerability_alerts": true
          },
          "sensitive_attributes": [],
          "private": "eyJzY2hlbWFfdmVyc2lvbiI6IjAifQ=="
        },
        {
          "index_key": "swiftpm-update-check-action",
          "schema_version": 0,
          "attributes": {
            "allow_merge_commit": true,
            "allow_rebase_merge": false,
            "allow_squash_merge": true,
            "archive_on_destroy": null,
            "archived": false,
            "auto_init": false,
            "default_branch": "master",
            "delete_branch_on_merge": true,
            "description": "SwiftPM new package version check action for GitHub Actions.",
            "etag": "W/\"e4905d7c3fb612502d14b9389f8ce9bd0b0ad023a9f22ab8440118a78b8251cc\"",
            "full_name": "MeilCli/swiftpm-update-check-action",
            "git_clone_url": "git://github.com/MeilCli/swiftpm-update-check-action.git",
            "gitignore_template": null,
            "has_downloads": true,
            "has_issues": true,
            "has_projects": false,
            "has_wiki": false,
            "homepage_url": "https://github.com/MeilCli/actions",
            "html_url": "https://github.com/MeilCli/swiftpm-update-check-action",
            "http_clone_url": "https://github.com/MeilCli/swiftpm-update-check-action.git",
            "id": "swiftpm-update-check-action",
            "is_template": false,
            "license_template": null,
            "name": "swiftpm-update-check-action",
            "node_id": "MDEwOlJlcG9zaXRvcnkyMTE4NjgyNzg=",
            "pages": [],
            "private": false,
            "repo_id": 211868278,
            "ssh_clone_url": "git@github.com:MeilCli/swiftpm-update-check-action.git",
            "svn_url": "https://github.com/MeilCli/swiftpm-update-check-action",
            "template": [],
            "topics": [
              "actions",
              "github-actions",
              "swift-package-manager"
            ],
            "visibility": "public",
            "vulnerability_alerts": true
          },
          "sensitive_attributes": [],
          "private": "eyJzY2hlbWFfdmVyc2lvbiI6IjAifQ=="
        },
        {
          "index_key": "test-command-action",
          "schema_version": 0,
          "attributes": {
            "allow_merge_commit": true,
            "allow_rebase_merge": false,
            "allow_squash_merge": true,
            "archive_on_destroy": null,
            "archived": false,
            "auto_init": false,
            "default_branch": "master",
            "delete_branch_on_merge": true,
            "description": "testing command action for GitHub Actions.",
            "etag": "W/\"7ab0c175294b28fa6b0e2842477a9022b1b010407fa8d0a9beb26a555996d16c\"",
            "full_name": "MeilCli/test-command-action",
            "git_clone_url": "git://github.com/MeilCli/test-command-action.git",
            "gitignore_template": null,
            "has_downloads": true,
            "has_issues": true,
            "has_projects": false,
            "has_wiki": false,
            "homepage_url": "https://github.com/MeilCli/actions",
            "html_url": "https://github.com/MeilCli/test-command-action",
            "http_clone_url": "https://github.com/MeilCli/test-command-action.git",
            "id": "test-command-action",
            "is_template": false,
            "license_template": null,
            "name": "test-command-action",
            "node_id": "MDEwOlJlcG9zaXRvcnkyMTI4MzkwNDY=",
            "pages": [],
            "private": false,
            "repo_id": 212839046,
            "ssh_clone_url": "git@github.com:MeilCli/test-command-action.git",
            "svn_url": "https://github.com/MeilCli/test-command-action",
            "template": [],
            "topics": [
              "actions",
              "github-actions"
            ],
            "visibility": "public",
            "vulnerability_alerts": true
          },
          "sensitive_attributes": [],
          "private": "eyJzY2hlbWFfdmVyc2lvbiI6IjAifQ=="
        }
      ]
    },
    {
      "mode": "managed",
      "type": "github_repository",
      "name": "ripple-text",
      "provider": "provider[\"registry.terraform.io/integrations/github\"]",
      "instances": [
        {
          "schema_version": 0,
          "attributes": {
            "allow_merge_commit": true,
            "allow_rebase_merge": false,
            "allow_squash_merge": true,
            "archive_on_destroy": null,
            "archived": false,
            "auto_init": null,
            "default_branch": "master",
            "delete_branch_on_merge": true,
            "description": "Ripple effect for clickable text on android view and composable function",
            "etag": "W/\"e1b30a48d125c4f060946bc12b74f3218389c106527e8a419ca45c429df9ff22\"",
            "full_name": "MeilCli/RippleText",
            "git_clone_url": "git://github.com/MeilCli/RippleText.git",
            "gitignore_template": null,
            "has_downloads": true,
            "has_issues": true,
            "has_projects": false,
            "has_wiki": false,
            "homepage_url": "",
            "html_url": "https://github.com/MeilCli/RippleText",
            "http_clone_url": "https://github.com/MeilCli/RippleText.git",
            "id": "RippleText",
            "is_template": false,
            "license_template": null,
            "name": "RippleText",
            "node_id": "R_kgDOHmFQKg",
            "pages": [],
            "private": false,
            "repo_id": 509693994,
            "ssh_clone_url": "git@github.com:MeilCli/RippleText.git",
            "svn_url": "https://github.com/MeilCli/RippleText",
            "template": [],
            "topics": [],
            "visibility": "public",
            "vulnerability_alerts": true
          },
          "sensitive_attributes": [],
          "private": "bnVsbA=="
        }
      ]
    },
    {
      "mode": "managed",
      "type": "github_repository_collaborator",
      "name": "action",
      "provider": "provider[\"registry.terraform.io/integrations/github\"]",
      "instances": [
        {
          "index_key": "check-run-auto",
          "schema_version": 0,
          "attributes": {
            "id": "check-run-auto:MeilCli-bot",
            "invitation_id": null,
            "permission": "push",
            "permission_diff_suppression": null,
            "repository": "check-run-auto",
            "username": "MeilCli-bot"
          },
          "sensitive_attributes": [],
          "private": "eyJzY2hlbWFfdmVyc2lvbiI6IjAifQ==",
          "dependencies": [
            "github_repository.action"
          ]
        },
        {
          "index_key": "common-lint-reporter",
          "schema_version": 0,
          "attributes": {
            "id": "common-lint-reporter:MeilCli-bot",
            "invitation_id": null,
            "permission": "push",
            "permission_diff_suppression": null,
            "repository": "common-lint-reporter",
            "username": "MeilCli-bot"
          },
          "sensitive_attributes": [],
          "private": "eyJzY2hlbWFfdmVyc2lvbiI6IjAifQ==",
          "dependencies": [
            "github_repository.action"
          ]
        },
        {
          "index_key": "hidable-comment-action",
          "schema_version": 0,
          "attributes": {
            "id": "hidable-comment-action:MeilCli-bot",
            "invitation_id": null,
            "permission": "push",
            "permission_diff_suppression": null,
            "repository": "hidable-comment-action",
            "username": "MeilCli-bot"
          },
          "sensitive_attributes": [],
          "private": "eyJzY2hlbWFfdmVyc2lvbiI6IjAifQ==",
          "dependencies": [
            "github_repository.action"
          ]
        },
        {
          "index_key": "regex-match",
          "schema_version": 0,
          "attributes": {
            "id": "regex-match:MeilCli-bot",
            "invitation_id": null,
            "permission": "push",
            "permission_diff_suppression": null,
            "repository": "regex-match",
            "username": "MeilCli-bot"
          },
          "sensitive_attributes": [],
          "private": "eyJzY2hlbWFfdmVyc2lvbiI6IjAifQ==",
          "dependencies": [
            "github_repository.action"
          ]
        }
      ]
    },
    {
      "mode": "managed",
      "type": "github_repository_collaborator",
      "name": "action-template",
      "provider": "provider[\"registry.terraform.io/integrations/github\"]",
      "instances": [
        {
          "index_key": "MeilCli-bot",
          "schema_version": 0,
          "attributes": {
            "id": "action-template:MeilCli-bot",
            "invitation_id": null,
            "permission": "push",
            "permission_diff_suppression": null,
            "repository": "action-template",
            "username": "MeilCli-bot"
          },
          "sensitive_attributes": [],
          "private": "eyJzY2hlbWFfdmVyc2lvbiI6IjAifQ=="
        }
      ]
    },
    {
      "mode": "managed",
      "type": "github_repository_collaborator",
      "name": "aws-sam-typescript-template",
      "provider": "provider[\"registry.terraform.io/integrations/github\"]",
      "instances": [
        {
          "index_key": "MeilCli-bot",
          "schema_version": 0,
          "attributes": {
            "id": "aws-sam-typescript-template:MeilCli-bot",
            "invitation_id": "96070313",
            "permission": "push",
            "permission_diff_suppression": null,
            "repository": "aws-sam-typescript-template",
            "username": "MeilCli-bot"
          },
          "sensitive_attributes": [],
          "private": "eyJzY2hlbWFfdmVyc2lvbiI6IjAifQ=="
        }
      ]
    },
    {
      "mode": "managed",
      "type": "github_repository_collaborator",
      "name": "bibliothekar",
      "provider": "provider[\"registry.terraform.io/integrations/github\"]",
      "instances": [
        {
          "index_key": "MeilCli-bot",
          "schema_version": 0,
          "attributes": {
            "id": "Bibliothekar:MeilCli-bot",
            "invitation_id": "201846722",
            "permission": "push",
            "permission_diff_suppression": false,
            "repository": "Bibliothekar",
            "username": "MeilCli-bot"
          },
          "sensitive_attributes": [],
          "private": "bnVsbA==",
          "dependencies": [
            "github_repository.bibliothekar"
          ]
        }
      ]
    },
    {
      "mode": "managed",
      "type": "github_repository_collaborator",
      "name": "notion_db_notification",
      "provider": "provider[\"registry.terraform.io/integrations/github\"]",
      "instances": [
        {
          "index_key": "MeilCli-bot",
          "schema_version": 0,
          "attributes": {
            "id": "notion-db-notification:MeilCli-bot",
            "invitation_id": null,
            "permission": "push",
            "permission_diff_suppression": false,
            "repository": "notion-db-notification",
            "username": "MeilCli-bot"
          },
          "sensitive_attributes": [],
          "private": "bnVsbA==",
          "dependencies": [
            "github_repository.notion-db-notification"
          ]
        }
      ]
    },
    {
      "mode": "managed",
      "type": "github_repository_collaborator",
      "name": "old-action",
      "provider": "provider[\"registry.terraform.io/integrations/github\"]",
      "instances": [
        {
          "index_key": "android-lint-statistics",
          "schema_version": 0,
          "attributes": {
            "id": "android-lint-statistics:MeilCli-bot",
            "invitation_id": null,
            "permission": "push",
            "permission_diff_suppression": null,
            "repository": "android-lint-statistics",
            "username": "MeilCli-bot"
          },
          "sensitive_attributes": [],
          "private": "eyJzY2hlbWFfdmVyc2lvbiI6IjAifQ=="
        },
        {
          "index_key": "bump-release-action",
          "schema_version": 0,
          "attributes": {
            "id": "bump-release-action:MeilCli-bot",
            "invitation_id": null,
            "permission": "push",
            "permission_diff_suppression": null,
            "repository": "bump-release-action",
            "username": "MeilCli-bot"
          },
          "sensitive_attributes": [],
          "private": "eyJzY2hlbWFfdmVyc2lvbiI6IjAifQ=="
        },
        {
          "index_key": "carthage-update-check-action",
          "schema_version": 0,
          "attributes": {
            "id": "carthage-update-check-action:MeilCli-bot",
            "invitation_id": null,
            "permission": "push",
            "permission_diff_suppression": null,
            "repository": "carthage-update-check-action",
            "username": "MeilCli-bot"
          },
          "sensitive_attributes": [],
          "private": "eyJzY2hlbWFfdmVyc2lvbiI6IjAifQ=="
        },
        {
          "index_key": "cocoapods-update-check-action",
          "schema_version": 0,
          "attributes": {
            "id": "cocoapods-update-check-action:MeilCli-bot",
            "invitation_id": null,
            "permission": "push",
            "permission_diff_suppression": null,
            "repository": "cocoapods-update-check-action",
            "username": "MeilCli-bot"
          },
          "sensitive_attributes": [],
          "private": "eyJzY2hlbWFfdmVyc2lvbiI6IjAifQ=="
        },
        {
          "index_key": "danger-action",
          "schema_version": 0,
          "attributes": {
            "id": "danger-action:MeilCli-bot",
            "invitation_id": null,
            "permission": "push",
            "permission_diff_suppression": null,
            "repository": "danger-action",
            "username": "MeilCli-bot"
          },
          "sensitive_attributes": [],
          "private": "eyJzY2hlbWFfdmVyc2lvbiI6IjAifQ=="
        },
        {
          "index_key": "detekt-statistics",
          "schema_version": 0,
          "attributes": {
            "id": "detekt-statistics:MeilCli-bot",
            "invitation_id": null,
            "permission": "push",
            "permission_diff_suppression": null,
            "repository": "detekt-statistics",
            "username": "MeilCli-bot"
          },
          "sensitive_attributes": [],
          "private": "eyJzY2hlbWFfdmVyc2lvbiI6IjAifQ=="
        },
        {
          "index_key": "gradle-update-check-action",
          "schema_version": 0,
          "attributes": {
            "id": "gradle-update-check-action:MeilCli-bot",
            "invitation_id": null,
            "permission": "push",
            "permission_diff_suppression": null,
            "repository": "gradle-update-check-action",
            "username": "MeilCli-bot"
          },
          "sensitive_attributes": [],
          "private": "eyJzY2hlbWFfdmVyc2lvbiI6IjAifQ=="
        },
        {
          "index_key": "npm-update-check-action",
          "schema_version": 0,
          "attributes": {
            "id": "npm-update-check-action:MeilCli-bot",
            "invitation_id": null,
            "permission": "push",
            "permission_diff_suppression": null,
            "repository": "npm-update-check-action",
            "username": "MeilCli-bot"
          },
          "sensitive_attributes": [],
          "private": "eyJzY2hlbWFfdmVyc2lvbiI6IjAifQ=="
        },
        {
          "index_key": "nuget-update-check-action",
          "schema_version": 0,
          "attributes": {
            "id": "nuget-update-check-action:MeilCli-bot",
            "invitation_id": null,
            "permission": "push",
            "permission_diff_suppression": null,
            "repository": "nuget-update-check-action",
            "username": "MeilCli-bot"
          },
          "sensitive_attributes": [],
          "private": "eyJzY2hlbWFfdmVyc2lvbiI6IjAifQ=="
        },
        {
          "index_key": "setup-crystal-action",
          "schema_version": 0,
          "attributes": {
            "id": "setup-crystal-action:MeilCli-bot",
            "invitation_id": null,
            "permission": "push",
            "permission_diff_suppression": null,
            "repository": "setup-crystal-action",
            "username": "MeilCli-bot"
          },
          "sensitive_attributes": [],
          "private": "eyJzY2hlbWFfdmVyc2lvbiI6IjAifQ=="
        },
        {
          "index_key": "slack-upload-file",
          "schema_version": 0,
          "attributes": {
            "id": "slack-upload-file:MeilCli-bot",
            "invitation_id": null,
            "permission": "push",
            "permission_diff_suppression": null,
            "repository": "slack-upload-file",
            "username": "MeilCli-bot"
          },
          "sensitive_attributes": [],
          "private": "eyJzY2hlbWFfdmVyc2lvbiI6IjAifQ=="
        },
        {
          "index_key": "swiftpm-update-check-action",
          "schema_version": 0,
          "attributes": {
            "id": "swiftpm-update-check-action:MeilCli-bot",
            "invitation_id": null,
            "permission": "push",
            "permission_diff_suppression": null,
            "repository": "swiftpm-update-check-action",
            "username": "MeilCli-bot"
          },
          "sensitive_attributes": [],
          "private": "eyJzY2hlbWFfdmVyc2lvbiI6IjAifQ=="
        },
        {
          "index_key": "test-command-action",
          "schema_version": 0,
          "attributes": {
            "id": "test-command-action:MeilCli-bot",
            "invitation_id": null,
            "permission": "push",
            "permission_diff_suppression": null,
            "repository": "test-command-action",
            "username": "MeilCli-bot"
          },
          "sensitive_attributes": [],
          "private": "eyJzY2hlbWFfdmVyc2lvbiI6IjAifQ=="
        }
      ]
    },
    {
      "mode": "managed",
      "type": "github_repository_collaborator",
      "name": "ripple_text",
      "provider": "provider[\"registry.terraform.io/integrations/github\"]",
      "instances": [
        {
          "index_key": "MeilCli-bot",
          "schema_version": 0,
          "attributes": {
            "id": "RippleText:MeilCli-bot",
            "invitation_id": "159045488",
            "permission": "push",
            "permission_diff_suppression": false,
            "repository": "RippleText",
            "username": "MeilCli-bot"
          },
          "sensitive_attributes": [],
          "private": "bnVsbA==",
          "dependencies": [
            "github_repository.ripple-text"
          ]
        }
      ]
    }
  ]
}
